PODS:
  - naveridlogin-sdk-ios (4.1.5)
  - shared (1.0)
  - SVProgressHUD (2.2.5)

DEPENDENCIES:
  - naveridlogin-sdk-ios (= 4.1.5)
  - shared (from `./shared`)
  - SVProgressHUD

SPEC REPOS:
  trunk:
    - naveridlogin-sdk-ios
    - SVProgressHUD

EXTERNAL SOURCES:
  shared:
    :path: "./shared"

SPEC CHECKSUMS:
  naveridlogin-sdk-ios: 4351fe7162cd6b8b6dbb37bd7cc205304fa1d889
  shared: 39716697cdb03064a2a5d4da9d9d75c8ca73d2e7
  SVProgressHUD: 1428aafac632c1f86f62aa4243ec12008d7a51d6

PODFILE CHECKSUM: 456879c94d21b5a2bd30acc55dc45dfd791b510b

COCOAPODS: 1.12.0
