// !$*UTF8*$!
{
	archiveVersion = 1;
	classes = {
	};
	objectVersion = 56;
	objects = {

/* Begin PBXBuildFile section */
		7647F56A2DB765C44F009B8C /* Pods_Noljanolja_NoljanoljaUITests.framework in Frameworks */ = {isa = PBXBuildFile; fileRef = 264F630FC4DDFC0E9074F9D2 /* Pods_Noljanolja_NoljanoljaUITests.framework */; };
		8353A88CBCF1CAFD239985BE /* Pods_NoljanoljaTests.framework in Frameworks */ = {isa = PBXBuildFile; fileRef = AD0295CC3C0D04548A9867CB /* Pods_NoljanoljaTests.framework */; };
		AEDBBDE12EEA3CADCA87D4F2 /* Pods_Noljanolja.framework in Frameworks */ = {isa = PBXBuildFile; fileRef = FAB5BA5AC93BBFAA68677C79 /* Pods_Noljanolja.framework */; };
		CF0E8845298D4E09000DAE4A /* FirebaseCrashlytics in Frameworks */ = {isa = PBXBuildFile; productRef = CF0E8844298D4E09000DAE4A /* FirebaseCrashlytics */; };
		CF14F230298C05F900BC2066 /* MainView.swift in Sources */ = {isa = PBXBuildFile; fileRef = CF14F22F298C05F900BC2066 /* MainView.swift */; };
		CF14F235298C07B500BC2066 /* TabItemsView.swift in Sources */ = {isa = PBXBuildFile; fileRef = CF14F234298C07B500BC2066 /* TabItemsView.swift */; };
		CF14F237298C0BAE00BC2066 /* TabItem.swift in Sources */ = {isa = PBXBuildFile; fileRef = CF14F236298C0BAE00BC2066 /* TabItem.swift */; };
		CF14F23A298C123300BC2066 /* UIApplication+KeyWindow.swift in Sources */ = {isa = PBXBuildFile; fileRef = CF14F239298C123300BC2066 /* UIApplication+KeyWindow.swift */; };
		CF14F243298C31C200BC2066 /* swiftgen.yml in Resources */ = {isa = PBXBuildFile; fileRef = CF14F241298C31C200BC2066 /* swiftgen.yml */; };
		CF14F244298C31C200BC2066 /* .swiftformat in Resources */ = {isa = PBXBuildFile; fileRef = CF14F242298C31C200BC2066 /* .swiftformat */; };
		CF14F248298C331C00BC2066 /* ImageAssets.swift in Sources */ = {isa = PBXBuildFile; fileRef = CF14F245298C331C00BC2066 /* ImageAssets.swift */; };
		CF14F249298C331C00BC2066 /* Localizable.swift in Sources */ = {isa = PBXBuildFile; fileRef = CF14F246298C331C00BC2066 /* Localizable.swift */; };
		CF14F24A298C331D00BC2066 /* ColorAssets.swift in Sources */ = {isa = PBXBuildFile; fileRef = CF14F247298C331C00BC2066 /* ColorAssets.swift */; };
		CF14F24D298CC11700BC2066 /* FirebaseAnalytics in Frameworks */ = {isa = PBXBuildFile; productRef = CF14F24C298CC11700BC2066 /* FirebaseAnalytics */; };
		CF14F24F298CC11700BC2066 /* FirebaseAuthCombine-Community in Frameworks */ = {isa = PBXBuildFile; productRef = CF14F24E298CC11700BC2066 /* FirebaseAuthCombine-Community */; };
		CF14F25E298CE68600BC2066 /* GoogleService-Info.plist in Resources */ = {isa = PBXBuildFile; fileRef = CF14F25D298CE68600BC2066 /* GoogleService-Info.plist */; };
		CF14F266298CF4E700BC2066 /* AppConfigs.swift in Sources */ = {isa = PBXBuildFile; fileRef = CF14F265298CF4E700BC2066 /* AppConfigs.swift */; };
		CF14F268298CF87E00BC2066 /* AuthorizationServices.swift in Sources */ = {isa = PBXBuildFile; fileRef = CF14F267298CF87E00BC2066 /* AuthorizationServices.swift */; };
		CF14F26B298CFA4400BC2066 /* LoginView.swift in Sources */ = {isa = PBXBuildFile; fileRef = CF14F26A298CFA4400BC2066 /* LoginView.swift */; };
		CF14F26D298CFA6B00BC2066 /* LoginViewModel.swift in Sources */ = {isa = PBXBuildFile; fileRef = CF14F26C298CFA6B00BC2066 /* LoginViewModel.swift */; };
		CFE9D2DD298D66F700D936DA /* GoogleSignIn in Frameworks */ = {isa = PBXBuildFile; productRef = CFE9D2DC298D66F700D936DA /* GoogleSignIn */; };
		CFE9D2E0298D6C1500D936DA /* KakaoSDKAuth in Frameworks */ = {isa = PBXBuildFile; productRef = CFE9D2DF298D6C1500D936DA /* KakaoSDKAuth */; };
		CFE9D2E2298D6C1500D936DA /* KakaoSDKUser in Frameworks */ = {isa = PBXBuildFile; productRef = CFE9D2E1298D6C1500D936DA /* KakaoSDKUser */; };
		CFFD7082298AB9FF00D4F5A2 /* NoljanoljaApp.swift in Sources */ = {isa = PBXBuildFile; fileRef = CFFD7081298AB9FF00D4F5A2 /* NoljanoljaApp.swift */; };
		CFFD7086298ABA0100D4F5A2 /* ImageAssets.xcassets in Resources */ = {isa = PBXBuildFile; fileRef = CFFD7085298ABA0100D4F5A2 /* ImageAssets.xcassets */; };
		CFFD7089298ABA0100D4F5A2 /* Preview Assets.xcassets in Resources */ = {isa = PBXBuildFile; fileRef = CFFD7088298ABA0100D4F5A2 /* Preview Assets.xcassets */; };
		CFFD7093298ABA0100D4F5A2 /* NoljanoljaTests.swift in Sources */ = {isa = PBXBuildFile; fileRef = CFFD7092298ABA0100D4F5A2 /* NoljanoljaTests.swift */; };
		CFFD709D298ABA0100D4F5A2 /* NoljanoljaUITests.swift in Sources */ = {isa = PBXBuildFile; fileRef = CFFD709C298ABA0100D4F5A2 /* NoljanoljaUITests.swift */; };
		CFFD709F298ABA0100D4F5A2 /* NoljanoljaUITestsLaunchTests.swift in Sources */ = {isa = PBXBuildFile; fileRef = CFFD709E298ABA0100D4F5A2 /* NoljanoljaUITestsLaunchTests.swift */; };
		CFFD70B3298AC38000D4F5A2 /* Localizable.strings in Resources */ = {isa = PBXBuildFile; fileRef = CFFD70B2298AC38000D4F5A2 /* Localizable.strings */; };
		CFFD70C4298AC5F800D4F5A2 /* NetworkLoggerPluggin.swift in Sources */ = {isa = PBXBuildFile; fileRef = CFFD70B9298AC5F800D4F5A2 /* NetworkLoggerPluggin.swift */; };
		CFFD70C5298AC5F800D4F5A2 /* RequestTimeoutPlugin.swift in Sources */ = {isa = PBXBuildFile; fileRef = CFFD70BA298AC5F800D4F5A2 /* RequestTimeoutPlugin.swift */; };
		CFFD70C6298AC5F800D4F5A2 /* AuthorizationPluggin.swift in Sources */ = {isa = PBXBuildFile; fileRef = CFFD70BB298AC5F800D4F5A2 /* AuthorizationPluggin.swift */; };
		CFFD70C7298AC5F800D4F5A2 /* DisableLocalCachePlugin.swift in Sources */ = {isa = PBXBuildFile; fileRef = CFFD70BC298AC5F800D4F5A2 /* DisableLocalCachePlugin.swift */; };
		CFFD70C8298AC5F800D4F5A2 /* BaseAuthTargetType.swift in Sources */ = {isa = PBXBuildFile; fileRef = CFFD70BE298AC5F800D4F5A2 /* BaseAuthTargetType.swift */; };
		CFFD70C9298AC5F800D4F5A2 /* TargetType+RawTarget.swift in Sources */ = {isa = PBXBuildFile; fileRef = CFFD70BF298AC5F800D4F5A2 /* TargetType+RawTarget.swift */; };
		CFFD70CA298AC5F800D4F5A2 /* TargetType+Default.swift in Sources */ = {isa = PBXBuildFile; fileRef = CFFD70C0298AC5F800D4F5A2 /* TargetType+Default.swift */; };
		CFFD70CB298AC5F800D4F5A2 /* ApiProvider.swift in Sources */ = {isa = PBXBuildFile; fileRef = CFFD70C2298AC5F800D4F5A2 /* ApiProvider.swift */; };
		CFFD70CC298AC5F800D4F5A2 /* Api.swift in Sources */ = {isa = PBXBuildFile; fileRef = CFFD70C3298AC5F800D4F5A2 /* Api.swift */; };
		CFFD70D0298AC7A900D4F5A2 /* CombineMoya in Frameworks */ = {isa = PBXBuildFile; productRef = CFFD70CF298AC7A900D4F5A2 /* CombineMoya */; };
		CFFD70D3298AC89000D4F5A2 /* NetworkConfigs.swift in Sources */ = {isa = PBXBuildFile; fileRef = CFFD70D2298AC89000D4F5A2 /* NetworkConfigs.swift */; };
		CFFD70D5298AC92500D4F5A2 /* AuthorizationAPI.swift in Sources */ = {isa = PBXBuildFile; fileRef = CFFD70D4298AC92500D4F5A2 /* AuthorizationAPI.swift */; };
		CFFD70D7298ACA8700D4F5A2 /* AuthorizationModel.swift in Sources */ = {isa = PBXBuildFile; fileRef = CFFD70D6298ACA8700D4F5A2 /* AuthorizationModel.swift */; };
		CFFD70D9298ACAF600D4F5A2 /* BaseTargetType.swift in Sources */ = {isa = PBXBuildFile; fileRef = CFFD70D8298ACAF600D4F5A2 /* BaseTargetType.swift */; };
		CFFD718D298AD38C00D4F5A2 /* ColorAssets.xcassets in Resources */ = {isa = PBXBuildFile; fileRef = CFFD718C298AD38C00D4F5A2 /* ColorAssets.xcassets */; };
/* End PBXBuildFile section */

/* Begin PBXContainerItemProxy section */
		CFFD708F298ABA0100D4F5A2 /* PBXContainerItemProxy */ = {
			isa = PBXContainerItemProxy;
			containerPortal = CFFD7076298AB9FF00D4F5A2 /* Project object */;
			proxyType = 1;
			remoteGlobalIDString = CFFD707D298AB9FF00D4F5A2;
			remoteInfo = Noljanolja;
		};
		CFFD7099298ABA0100D4F5A2 /* PBXContainerItemProxy */ = {
			isa = PBXContainerItemProxy;
			containerPortal = CFFD7076298AB9FF00D4F5A2 /* Project object */;
			proxyType = 1;
			remoteGlobalIDString = CFFD707D298AB9FF00D4F5A2;
			remoteInfo = Noljanolja;
		};
/* End PBXContainerItemProxy section */

/* Begin PBXFileReference section */
		0DBF76FA6A01D9DCD69E6220 /* Pods-Noljanolja.release.xcconfig */ = {isa = PBXFileReference; includeInIndex = 1; lastKnownFileType = text.xcconfig; name = "Pods-Noljanolja.release.xcconfig"; path = "Target Support Files/Pods-Noljanolja/Pods-Noljanolja.release.xcconfig"; sourceTree = "<group>"; };
		216373F9231F3C6A300BE8C9 /* Pods-Noljanolja-NoljanoljaUITests.release.xcconfig */ = {isa = PBXFileReference; includeInIndex = 1; lastKnownFileType = text.xcconfig; name = "Pods-Noljanolja-NoljanoljaUITests.release.xcconfig"; path = "Target Support Files/Pods-Noljanolja-NoljanoljaUITests/Pods-Noljanolja-NoljanoljaUITests.release.xcconfig"; sourceTree = "<group>"; };
		264F630FC4DDFC0E9074F9D2 /* Pods_Noljanolja_NoljanoljaUITests.framework */ = {isa = PBXFileReference; explicitFileType = wrapper.framework; includeInIndex = 0; path = Pods_Noljanolja_NoljanoljaUITests.framework; sourceTree = BUILT_PRODUCTS_DIR; };
		67F6E05E9B2EC43CAF12E51A /* Pods-Noljanolja.debug.xcconfig */ = {isa = PBXFileReference; includeInIndex = 1; lastKnownFileType = text.xcconfig; name = "Pods-Noljanolja.debug.xcconfig"; path = "Target Support Files/Pods-Noljanolja/Pods-Noljanolja.debug.xcconfig"; sourceTree = "<group>"; };
		73EF59F50B2CC10F71D05CCA /* Pods-NoljanoljaTests.debug.xcconfig */ = {isa = PBXFileReference; includeInIndex = 1; lastKnownFileType = text.xcconfig; name = "Pods-NoljanoljaTests.debug.xcconfig"; path = "Target Support Files/Pods-NoljanoljaTests/Pods-NoljanoljaTests.debug.xcconfig"; sourceTree = "<group>"; };
		9437E8407EBB11681966323A /* Pods-Noljanolja-NoljanoljaUITests.debug.xcconfig */ = {isa = PBXFileReference; includeInIndex = 1; lastKnownFileType = text.xcconfig; name = "Pods-Noljanolja-NoljanoljaUITests.debug.xcconfig"; path = "Target Support Files/Pods-Noljanolja-NoljanoljaUITests/Pods-Noljanolja-NoljanoljaUITests.debug.xcconfig"; sourceTree = "<group>"; };
		AD0295CC3C0D04548A9867CB /* Pods_NoljanoljaTests.framework */ = {isa = PBXFileReference; explicitFileType = wrapper.framework; includeInIndex = 0; path = Pods_NoljanoljaTests.framework; sourceTree = BUILT_PRODUCTS_DIR; };
		CF14F22F298C05F900BC2066 /* MainView.swift */ = {isa = PBXFileReference; lastKnownFileType = sourcecode.swift; path = MainView.swift; sourceTree = "<group>"; };
		CF14F234298C07B500BC2066 /* TabItemsView.swift */ = {isa = PBXFileReference; lastKnownFileType = sourcecode.swift; path = TabItemsView.swift; sourceTree = "<group>"; };
		CF14F236298C0BAE00BC2066 /* TabItem.swift */ = {isa = PBXFileReference; lastKnownFileType = sourcecode.swift; path = TabItem.swift; sourceTree = "<group>"; };
		CF14F239298C123300BC2066 /* UIApplication+KeyWindow.swift */ = {isa = PBXFileReference; lastKnownFileType = sourcecode.swift; path = "UIApplication+KeyWindow.swift"; sourceTree = "<group>"; };
		CF14F23C298C30B600BC2066 /* Package.swift */ = {isa = PBXFileReference; lastKnownFileType = sourcecode.swift; path = Package.swift; sourceTree = "<group>"; };
		CF14F241298C31C200BC2066 /* swiftgen.yml */ = {isa = PBXFileReference; fileEncoding = 4; lastKnownFileType = text.yaml; path = swiftgen.yml; sourceTree = "<group>"; };
		CF14F242298C31C200BC2066 /* .swiftformat */ = {isa = PBXFileReference; fileEncoding = 4; lastKnownFileType = text; path = .swiftformat; sourceTree = "<group>"; };
		CF14F245298C331C00BC2066 /* ImageAssets.swift */ = {isa = PBXFileReference; fileEncoding = 4; lastKnownFileType = sourcecode.swift; path = ImageAssets.swift; sourceTree = "<group>"; };
		CF14F246298C331C00BC2066 /* Localizable.swift */ = {isa = PBXFileReference; fileEncoding = 4; lastKnownFileType = sourcecode.swift; path = Localizable.swift; sourceTree = "<group>"; };
		CF14F247298C331C00BC2066 /* ColorAssets.swift */ = {isa = PBXFileReference; fileEncoding = 4; lastKnownFileType = sourcecode.swift; path = ColorAssets.swift; sourceTree = "<group>"; };
		CF14F25A298CE46100BC2066 /* Info.plist */ = {isa = PBXFileReference; lastKnownFileType = text.plist.xml; path = Info.plist; sourceTree = "<group>"; };
		CF14F25D298CE68600BC2066 /* GoogleService-Info.plist */ = {isa = PBXFileReference; fileEncoding = 4; lastKnownFileType = text.plist.xml; path = "GoogleService-Info.plist"; sourceTree = "<group>"; };
		CF14F265298CF4E700BC2066 /* AppConfigs.swift */ = {isa = PBXFileReference; lastKnownFileType = sourcecode.swift; path = AppConfigs.swift; sourceTree = "<group>"; };
		CF14F267298CF87E00BC2066 /* AuthorizationServices.swift */ = {isa = PBXFileReference; lastKnownFileType = sourcecode.swift; path = AuthorizationServices.swift; sourceTree = "<group>"; };
		CF14F26A298CFA4400BC2066 /* LoginView.swift */ = {isa = PBXFileReference; lastKnownFileType = sourcecode.swift; path = LoginView.swift; sourceTree = "<group>"; };
		CF14F26C298CFA6B00BC2066 /* LoginViewModel.swift */ = {isa = PBXFileReference; lastKnownFileType = sourcecode.swift; path = LoginViewModel.swift; sourceTree = "<group>"; };
		CFFD707E298AB9FF00D4F5A2 /* Noljanolja.app */ = {isa = PBXFileReference; explicitFileType = wrapper.application; includeInIndex = 0; path = Noljanolja.app; sourceTree = BUILT_PRODUCTS_DIR; };
		CFFD7081298AB9FF00D4F5A2 /* NoljanoljaApp.swift */ = {isa = PBXFileReference; lastKnownFileType = sourcecode.swift; path = NoljanoljaApp.swift; sourceTree = "<group>"; };
		CFFD7085298ABA0100D4F5A2 /* ImageAssets.xcassets */ = {isa = PBXFileReference; lastKnownFileType = folder.assetcatalog; path = ImageAssets.xcassets; sourceTree = "<group>"; };
		CFFD7088298ABA0100D4F5A2 /* Preview Assets.xcassets */ = {isa = PBXFileReference; lastKnownFileType = folder.assetcatalog; path = "Preview Assets.xcassets"; sourceTree = "<group>"; };
		CFFD708E298ABA0100D4F5A2 /* NoljanoljaTests.xctest */ = {isa = PBXFileReference; explicitFileType = wrapper.cfbundle; includeInIndex = 0; path = NoljanoljaTests.xctest; sourceTree = BUILT_PRODUCTS_DIR; };
		CFFD7092298ABA0100D4F5A2 /* NoljanoljaTests.swift */ = {isa = PBXFileReference; lastKnownFileType = sourcecode.swift; path = NoljanoljaTests.swift; sourceTree = "<group>"; };
		CFFD7098298ABA0100D4F5A2 /* NoljanoljaUITests.xctest */ = {isa = PBXFileReference; explicitFileType = wrapper.cfbundle; includeInIndex = 0; path = NoljanoljaUITests.xctest; sourceTree = BUILT_PRODUCTS_DIR; };
		CFFD709C298ABA0100D4F5A2 /* NoljanoljaUITests.swift */ = {isa = PBXFileReference; lastKnownFileType = sourcecode.swift; path = NoljanoljaUITests.swift; sourceTree = "<group>"; };
		CFFD709E298ABA0100D4F5A2 /* NoljanoljaUITestsLaunchTests.swift */ = {isa = PBXFileReference; lastKnownFileType = sourcecode.swift; path = NoljanoljaUITestsLaunchTests.swift; sourceTree = "<group>"; };
		CFFD70B2298AC38000D4F5A2 /* Localizable.strings */ = {isa = PBXFileReference; lastKnownFileType = text.plist.strings; path = Localizable.strings; sourceTree = "<group>"; };
		CFFD70B9298AC5F800D4F5A2 /* NetworkLoggerPluggin.swift */ = {isa = PBXFileReference; fileEncoding = 4; lastKnownFileType = sourcecode.swift; path = NetworkLoggerPluggin.swift; sourceTree = "<group>"; };
		CFFD70BA298AC5F800D4F5A2 /* RequestTimeoutPlugin.swift */ = {isa = PBXFileReference; fileEncoding = 4; lastKnownFileType = sourcecode.swift; path = RequestTimeoutPlugin.swift; sourceTree = "<group>"; };
		CFFD70BB298AC5F800D4F5A2 /* AuthorizationPluggin.swift */ = {isa = PBXFileReference; fileEncoding = 4; lastKnownFileType = sourcecode.swift; path = AuthorizationPluggin.swift; sourceTree = "<group>"; };
		CFFD70BC298AC5F800D4F5A2 /* DisableLocalCachePlugin.swift */ = {isa = PBXFileReference; fileEncoding = 4; lastKnownFileType = sourcecode.swift; path = DisableLocalCachePlugin.swift; sourceTree = "<group>"; };
		CFFD70BE298AC5F800D4F5A2 /* BaseAuthTargetType.swift */ = {isa = PBXFileReference; fileEncoding = 4; lastKnownFileType = sourcecode.swift; path = BaseAuthTargetType.swift; sourceTree = "<group>"; };
		CFFD70BF298AC5F800D4F5A2 /* TargetType+RawTarget.swift */ = {isa = PBXFileReference; fileEncoding = 4; lastKnownFileType = sourcecode.swift; path = "TargetType+RawTarget.swift"; sourceTree = "<group>"; };
		CFFD70C0298AC5F800D4F5A2 /* TargetType+Default.swift */ = {isa = PBXFileReference; fileEncoding = 4; lastKnownFileType = sourcecode.swift; path = "TargetType+Default.swift"; sourceTree = "<group>"; };
		CFFD70C2298AC5F800D4F5A2 /* ApiProvider.swift */ = {isa = PBXFileReference; fileEncoding = 4; lastKnownFileType = sourcecode.swift; path = ApiProvider.swift; sourceTree = "<group>"; };
		CFFD70C3298AC5F800D4F5A2 /* Api.swift */ = {isa = PBXFileReference; fileEncoding = 4; lastKnownFileType = sourcecode.swift; path = Api.swift; sourceTree = "<group>"; };
		CFFD70D2298AC89000D4F5A2 /* NetworkConfigs.swift */ = {isa = PBXFileReference; lastKnownFileType = sourcecode.swift; path = NetworkConfigs.swift; sourceTree = "<group>"; };
		CFFD70D4298AC92500D4F5A2 /* AuthorizationAPI.swift */ = {isa = PBXFileReference; lastKnownFileType = sourcecode.swift; path = AuthorizationAPI.swift; sourceTree = "<group>"; };
		CFFD70D6298ACA8700D4F5A2 /* AuthorizationModel.swift */ = {isa = PBXFileReference; lastKnownFileType = sourcecode.swift; path = AuthorizationModel.swift; sourceTree = "<group>"; };
		CFFD70D8298ACAF600D4F5A2 /* BaseTargetType.swift */ = {isa = PBXFileReference; lastKnownFileType = sourcecode.swift; path = BaseTargetType.swift; sourceTree = "<group>"; };
		CFFD718C298AD38C00D4F5A2 /* ColorAssets.xcassets */ = {isa = PBXFileReference; lastKnownFileType = folder.assetcatalog; path = ColorAssets.xcassets; sourceTree = "<group>"; };
		F53231636127B61B7E5B0B97 /* Pods-NoljanoljaTests.release.xcconfig */ = {isa = PBXFileReference; includeInIndex = 1; lastKnownFileType = text.xcconfig; name = "Pods-NoljanoljaTests.release.xcconfig"; path = "Target Support Files/Pods-NoljanoljaTests/Pods-NoljanoljaTests.release.xcconfig"; sourceTree = "<group>"; };
		FAB5BA5AC93BBFAA68677C79 /* Pods_Noljanolja.framework */ = {isa = PBXFileReference; explicitFileType = wrapper.framework; includeInIndex = 0; path = Pods_Noljanolja.framework; sourceTree = BUILT_PRODUCTS_DIR; };
/* End PBXFileReference section */

/* Begin PBXFrameworksBuildPhase section */
		CFFD707B298AB9FF00D4F5A2 /* Frameworks */ = {
			isa = PBXFrameworksBuildPhase;
			buildActionMask = 2147483647;
			files = (
				CFE9D2E0298D6C1500D936DA /* KakaoSDKAuth in Frameworks */,
				CF14F24D298CC11700BC2066 /* FirebaseAnalytics in Frameworks */,
				CFE9D2DD298D66F700D936DA /* GoogleSignIn in Frameworks */,
				CF0E8845298D4E09000DAE4A /* FirebaseCrashlytics in Frameworks */,
				CFE9D2E2298D6C1500D936DA /* KakaoSDKUser in Frameworks */,
				CF14F24F298CC11700BC2066 /* FirebaseAuthCombine-Community in Frameworks */,
				CFFD70D0298AC7A900D4F5A2 /* CombineMoya in Frameworks */,
				AEDBBDE12EEA3CADCA87D4F2 /* Pods_Noljanolja.framework in Frameworks */,
			);
			runOnlyForDeploymentPostprocessing = 0;
		};
		CFFD708B298ABA0100D4F5A2 /* Frameworks */ = {
			isa = PBXFrameworksBuildPhase;
			buildActionMask = 2147483647;
			files = (
				8353A88CBCF1CAFD239985BE /* Pods_NoljanoljaTests.framework in Frameworks */,
			);
			runOnlyForDeploymentPostprocessing = 0;
		};
		CFFD7095298ABA0100D4F5A2 /* Frameworks */ = {
			isa = PBXFrameworksBuildPhase;
			buildActionMask = 2147483647;
			files = (
				7647F56A2DB765C44F009B8C /* Pods_Noljanolja_NoljanoljaUITests.framework in Frameworks */,
			);
			runOnlyForDeploymentPostprocessing = 0;
		};
/* End PBXFrameworksBuildPhase section */

/* Begin PBXGroup section */
		7EDA28669CED10C0C42B836E /* Pods */ = {
			isa = PBXGroup;
			children = (
				67F6E05E9B2EC43CAF12E51A /* Pods-Noljanolja.debug.xcconfig */,
				0DBF76FA6A01D9DCD69E6220 /* Pods-Noljanolja.release.xcconfig */,
				9437E8407EBB11681966323A /* Pods-Noljanolja-NoljanoljaUITests.debug.xcconfig */,
				216373F9231F3C6A300BE8C9 /* Pods-Noljanolja-NoljanoljaUITests.release.xcconfig */,
				73EF59F50B2CC10F71D05CCA /* Pods-NoljanoljaTests.debug.xcconfig */,
				F53231636127B61B7E5B0B97 /* Pods-NoljanoljaTests.release.xcconfig */,
			);
			path = Pods;
			sourceTree = "<group>";
		};
		CF0E8843298D4E09000DAE4A /* Frameworks */ = {
			isa = PBXGroup;
			children = (
				FAB5BA5AC93BBFAA68677C79 /* Pods_Noljanolja.framework */,
				264F630FC4DDFC0E9074F9D2 /* Pods_Noljanolja_NoljanoljaUITests.framework */,
				AD0295CC3C0D04548A9867CB /* Pods_NoljanoljaTests.framework */,
			);
			name = Frameworks;
			sourceTree = "<group>";
		};
		CF14F22C298C05CC00BC2066 /* Main */ = {
			isa = PBXGroup;
			children = (
				CF14F231298C060300BC2066 /* CustomTabView */,
				CF14F22F298C05F900BC2066 /* MainView.swift */,
			);
			path = Main;
			sourceTree = "<group>";
		};
		CF14F231298C060300BC2066 /* CustomTabView */ = {
			isa = PBXGroup;
			children = (
				CF14F234298C07B500BC2066 /* TabItemsView.swift */,
				CF14F236298C0BAE00BC2066 /* TabItem.swift */,
			);
			path = CustomTabView;
			sourceTree = "<group>";
		};
		CF14F238298C122100BC2066 /* Extensions */ = {
			isa = PBXGroup;
			children = (
				CF14F239298C123300BC2066 /* UIApplication+KeyWindow.swift */,
			);
			path = Extensions;
			sourceTree = "<group>";
		};
		CF14F23B298C309600BC2066 /* BuildTools */ = {
			isa = PBXGroup;
			children = (
				CF14F23F298C313A00BC2066 /* Scripts */,
				CF14F23C298C30B600BC2066 /* Package.swift */,
			);
			path = BuildTools;
			sourceTree = "<group>";
		};
		CF14F23F298C313A00BC2066 /* Scripts */ = {
			isa = PBXGroup;
			children = (
				CF14F242298C31C200BC2066 /* .swiftformat */,
				CF14F241298C31C200BC2066 /* swiftgen.yml */,
			);
			path = Scripts;
			sourceTree = "<group>";
		};
		CF14F25B298CE68600BC2066 /* Configs */ = {
			isa = PBXGroup;
			children = (
				CF14F264298CF4C300BC2066 /* App */,
				CF14F25C298CE68600BC2066 /* Firebases */,
			);
			path = Configs;
			sourceTree = "<group>";
		};
		CF14F25C298CE68600BC2066 /* Firebases */ = {
			isa = PBXGroup;
			children = (
				CF14F25D298CE68600BC2066 /* GoogleService-Info.plist */,
			);
			path = Firebases;
			sourceTree = "<group>";
		};
		CF14F264298CF4C300BC2066 /* App */ = {
			isa = PBXGroup;
			children = (
				CF14F265298CF4E700BC2066 /* AppConfigs.swift */,
			);
			path = App;
			sourceTree = "<group>";
		};
		CF14F269298CFA1200BC2066 /* Login */ = {
			isa = PBXGroup;
			children = (
				CF14F26A298CFA4400BC2066 /* LoginView.swift */,
				CF14F26C298CFA6B00BC2066 /* LoginViewModel.swift */,
			);
			path = Login;
			sourceTree = "<group>";
		};
		CFFD7075298AB9FF00D4F5A2 = {
			isa = PBXGroup;
			children = (
				CFFD7080298AB9FF00D4F5A2 /* Noljanolja */,
				CFFD7091298ABA0100D4F5A2 /* NoljanoljaTests */,
				CFFD709B298ABA0100D4F5A2 /* NoljanoljaUITests */,
				CFFD707F298AB9FF00D4F5A2 /* Products */,
				CF0E8843298D4E09000DAE4A /* Frameworks */,
				7EDA28669CED10C0C42B836E /* Pods */,
			);
			sourceTree = "<group>";
		};
		CFFD707F298AB9FF00D4F5A2 /* Products */ = {
			isa = PBXGroup;
			children = (
				CFFD707E298AB9FF00D4F5A2 /* Noljanolja.app */,
				CFFD708E298ABA0100D4F5A2 /* NoljanoljaTests.xctest */,
				CFFD7098298ABA0100D4F5A2 /* NoljanoljaUITests.xctest */,
			);
			name = Products;
			sourceTree = "<group>";
		};
		CFFD7080298AB9FF00D4F5A2 /* Noljanolja */ = {
			isa = PBXGroup;
			children = (
				CF14F23B298C309600BC2066 /* BuildTools */,
				CF14F25B298CE68600BC2066 /* Configs */,
				CFFD70AB298AC19400D4F5A2 /* Sources */,
				CFFD70AC298AC19F00D4F5A2 /* Resources */,
				CFFD7087298ABA0100D4F5A2 /* Preview Content */,
			);
			path = Noljanolja;
			sourceTree = "<group>";
		};
		CFFD7087298ABA0100D4F5A2 /* Preview Content */ = {
			isa = PBXGroup;
			children = (
				CFFD7088298ABA0100D4F5A2 /* Preview Assets.xcassets */,
			);
			path = "Preview Content";
			sourceTree = "<group>";
		};
		CFFD7091298ABA0100D4F5A2 /* NoljanoljaTests */ = {
			isa = PBXGroup;
			children = (
				CFFD7092298ABA0100D4F5A2 /* NoljanoljaTests.swift */,
			);
			path = NoljanoljaTests;
			sourceTree = "<group>";
		};
		CFFD709B298ABA0100D4F5A2 /* NoljanoljaUITests */ = {
			isa = PBXGroup;
			children = (
				CFFD709C298ABA0100D4F5A2 /* NoljanoljaUITests.swift */,
				CFFD709E298ABA0100D4F5A2 /* NoljanoljaUITestsLaunchTests.swift */,
			);
			path = NoljanoljaUITests;
			sourceTree = "<group>";
		};
		CFFD70AB298AC19400D4F5A2 /* Sources */ = {
			isa = PBXGroup;
			children = (
				CFFD70B4298AC42800D4F5A2 /* Application */,
				CFFD70AF298AC21000D4F5A2 /* Services */,
			);
			path = Sources;
			sourceTree = "<group>";
		};
		CFFD70AC298AC19F00D4F5A2 /* Resources */ = {
			isa = PBXGroup;
			children = (
				CFFD70B1298AC34200D4F5A2 /* Generated */,
				CFFD70B0298AC33C00D4F5A2 /* Sources */,
			);
			path = Resources;
			sourceTree = "<group>";
		};
		CFFD70AD298AC1B400D4F5A2 /* Models */ = {
			isa = PBXGroup;
			children = (
				CFFD70D6298ACA8700D4F5A2 /* AuthorizationModel.swift */,
			);
			path = Models;
			sourceTree = "<group>";
		};
		CFFD70AE298AC1CE00D4F5A2 /* Services */ = {
			isa = PBXGroup;
			children = (
				CF14F267298CF87E00BC2066 /* AuthorizationServices.swift */,
			);
			path = Services;
			sourceTree = "<group>";
		};
		CFFD70AF298AC21000D4F5A2 /* Services */ = {
			isa = PBXGroup;
			children = (
				CFFD70CD298AC5FD00D4F5A2 /* APIs */,
				CFFD70AD298AC1B400D4F5A2 /* Models */,
				CFFD70B7298AC55600D4F5A2 /* Network */,
				CFFD70AE298AC1CE00D4F5A2 /* Services */,
			);
			path = Services;
			sourceTree = "<group>";
		};
		CFFD70B0298AC33C00D4F5A2 /* Sources */ = {
			isa = PBXGroup;
			children = (
				CFFD718C298AD38C00D4F5A2 /* ColorAssets.xcassets */,
				CFFD7085298ABA0100D4F5A2 /* ImageAssets.xcassets */,
				CFFD70B2298AC38000D4F5A2 /* Localizable.strings */,
			);
			path = Sources;
			sourceTree = "<group>";
		};
		CFFD70B1298AC34200D4F5A2 /* Generated */ = {
			isa = PBXGroup;
			children = (
				CF14F247298C331C00BC2066 /* ColorAssets.swift */,
				CF14F245298C331C00BC2066 /* ImageAssets.swift */,
				CF14F246298C331C00BC2066 /* Localizable.swift */,
			);
			path = Generated;
			sourceTree = "<group>";
		};
		CFFD70B4298AC42800D4F5A2 /* Application */ = {
			isa = PBXGroup;
			children = (
				CF14F238298C122100BC2066 /* Extensions */,
				CFFD70B6298AC43B00D4F5A2 /* App */,
				CFFD70B5298AC43200D4F5A2 /* Screens */,
			);
			path = Application;
			sourceTree = "<group>";
		};
		CFFD70B5298AC43200D4F5A2 /* Screens */ = {
			isa = PBXGroup;
			children = (
				CF14F269298CFA1200BC2066 /* Login */,
				CF14F22C298C05CC00BC2066 /* Main */,
			);
			path = Screens;
			sourceTree = "<group>";
		};
		CFFD70B6298AC43B00D4F5A2 /* App */ = {
			isa = PBXGroup;
			children = (
				CF14F25A298CE46100BC2066 /* Info.plist */,
				CFFD7081298AB9FF00D4F5A2 /* NoljanoljaApp.swift */,
			);
			path = App;
			sourceTree = "<group>";
		};
		CFFD70B7298AC55600D4F5A2 /* Network */ = {
			isa = PBXGroup;
			children = (
				CFFD70D1298AC87800D4F5A2 /* Configs */,
				CFFD70C1298AC5F800D4F5A2 /* API */,
				CFFD70B8298AC5F800D4F5A2 /* Plugins */,
				CFFD70BD298AC5F800D4F5A2 /* Targets */,
			);
			path = Network;
			sourceTree = "<group>";
		};
		CFFD70B8298AC5F800D4F5A2 /* Plugins */ = {
			isa = PBXGroup;
			children = (
				CFFD70B9298AC5F800D4F5A2 /* NetworkLoggerPluggin.swift */,
				CFFD70BA298AC5F800D4F5A2 /* RequestTimeoutPlugin.swift */,
				CFFD70BB298AC5F800D4F5A2 /* AuthorizationPluggin.swift */,
				CFFD70BC298AC5F800D4F5A2 /* DisableLocalCachePlugin.swift */,
			);
			path = Plugins;
			sourceTree = "<group>";
		};
		CFFD70BD298AC5F800D4F5A2 /* Targets */ = {
			isa = PBXGroup;
			children = (
				CFFD70BE298AC5F800D4F5A2 /* BaseAuthTargetType.swift */,
				CFFD70D8298ACAF600D4F5A2 /* BaseTargetType.swift */,
				CFFD70BF298AC5F800D4F5A2 /* TargetType+RawTarget.swift */,
				CFFD70C0298AC5F800D4F5A2 /* TargetType+Default.swift */,
			);
			path = Targets;
			sourceTree = "<group>";
		};
		CFFD70C1298AC5F800D4F5A2 /* API */ = {
			isa = PBXGroup;
			children = (
				CFFD70C2298AC5F800D4F5A2 /* ApiProvider.swift */,
				CFFD70C3298AC5F800D4F5A2 /* Api.swift */,
			);
			path = API;
			sourceTree = "<group>";
		};
		CFFD70CD298AC5FD00D4F5A2 /* APIs */ = {
			isa = PBXGroup;
			children = (
				CFFD70D4298AC92500D4F5A2 /* AuthorizationAPI.swift */,
			);
			path = APIs;
			sourceTree = "<group>";
		};
		CFFD70D1298AC87800D4F5A2 /* Configs */ = {
			isa = PBXGroup;
			children = (
				CFFD70D2298AC89000D4F5A2 /* NetworkConfigs.swift */,
			);
			path = Configs;
			sourceTree = "<group>";
		};
/* End PBXGroup section */

/* Begin PBXNativeTarget section */
		CFFD707D298AB9FF00D4F5A2 /* Noljanolja */ = {
			isa = PBXNativeTarget;
			buildConfigurationList = CFFD70A2298ABA0100D4F5A2 /* Build configuration list for PBXNativeTarget "Noljanolja" */;
			buildPhases = (
				BEC4C7E6D3B93AE685205DFD /* [CP] Check Pods Manifest.lock */,
				CF14F240298C317E00BC2066 /* SwiftGen */,
				CF14F23E298C30EB00BC2066 /* SwiftFormat */,
				CFFD707A298AB9FF00D4F5A2 /* Sources */,
				CFFD707B298AB9FF00D4F5A2 /* Frameworks */,
				CFFD707C298AB9FF00D4F5A2 /* Resources */,
				51F25C28F75DE5BDD1BEDF70 /* [CP] Embed Pods Frameworks */,
				CF0E8846298D4E50000DAE4A /* Crashlytics */,
			);
			buildRules = (
			);
			dependencies = (
			);
			name = Noljanolja;
			packageProductDependencies = (
				CFFD70CF298AC7A900D4F5A2 /* CombineMoya */,
				CF14F24C298CC11700BC2066 /* FirebaseAnalytics */,
				CF14F24E298CC11700BC2066 /* FirebaseAuthCombine-Community */,
				CF0E8844298D4E09000DAE4A /* FirebaseCrashlytics */,
				CFE9D2DC298D66F700D936DA /* GoogleSignIn */,
				CFE9D2DF298D6C1500D936DA /* KakaoSDKAuth */,
				CFE9D2E1298D6C1500D936DA /* KakaoSDKUser */,
			);
			productName = Noljanolja;
			productReference = CFFD707E298AB9FF00D4F5A2 /* Noljanolja.app */;
			productType = "com.apple.product-type.application";
		};
		CFFD708D298ABA0100D4F5A2 /* NoljanoljaTests */ = {
			isa = PBXNativeTarget;
			buildConfigurationList = CFFD70A5298ABA0100D4F5A2 /* Build configuration list for PBXNativeTarget "NoljanoljaTests" */;
			buildPhases = (
				E6DDCA06F15064E6E7F40ABF /* [CP] Check Pods Manifest.lock */,
				CFFD708A298ABA0100D4F5A2 /* Sources */,
				CFFD708B298ABA0100D4F5A2 /* Frameworks */,
				CFFD708C298ABA0100D4F5A2 /* Resources */,
			);
			buildRules = (
			);
			dependencies = (
				CFFD7090298ABA0100D4F5A2 /* PBXTargetDependency */,
			);
			name = NoljanoljaTests;
			productName = NoljanoljaTests;
			productReference = CFFD708E298ABA0100D4F5A2 /* NoljanoljaTests.xctest */;
			productType = "com.apple.product-type.bundle.unit-test";
		};
		CFFD7097298ABA0100D4F5A2 /* NoljanoljaUITests */ = {
			isa = PBXNativeTarget;
			buildConfigurationList = CFFD70A8298ABA0100D4F5A2 /* Build configuration list for PBXNativeTarget "NoljanoljaUITests" */;
			buildPhases = (
				7A342D1BD644929A68C3046B /* [CP] Check Pods Manifest.lock */,
				CFFD7094298ABA0100D4F5A2 /* Sources */,
				CFFD7095298ABA0100D4F5A2 /* Frameworks */,
				CFFD7096298ABA0100D4F5A2 /* Resources */,
				27934394C515CB0DC1EB374F /* [CP] Embed Pods Frameworks */,
			);
			buildRules = (
			);
			dependencies = (
				CFFD709A298ABA0100D4F5A2 /* PBXTargetDependency */,
			);
			name = NoljanoljaUITests;
			productName = NoljanoljaUITests;
			productReference = CFFD7098298ABA0100D4F5A2 /* NoljanoljaUITests.xctest */;
			productType = "com.apple.product-type.bundle.ui-testing";
		};
/* End PBXNativeTarget section */

/* Begin PBXProject section */
		CFFD7076298AB9FF00D4F5A2 /* Project object */ = {
			isa = PBXProject;
			attributes = {
				BuildIndependentTargetsInParallel = 1;
				LastSwiftUpdateCheck = 1420;
				LastUpgradeCheck = 1420;
				TargetAttributes = {
					CFFD707D298AB9FF00D4F5A2 = {
						CreatedOnToolsVersion = 14.2;
					};
					CFFD708D298ABA0100D4F5A2 = {
						CreatedOnToolsVersion = 14.2;
						TestTargetID = CFFD707D298AB9FF00D4F5A2;
					};
					CFFD7097298ABA0100D4F5A2 = {
						CreatedOnToolsVersion = 14.2;
						TestTargetID = CFFD707D298AB9FF00D4F5A2;
					};
				};
			};
			buildConfigurationList = CFFD7079298AB9FF00D4F5A2 /* Build configuration list for PBXProject "Noljanolja" */;
			compatibilityVersion = "Xcode 14.0";
			developmentRegion = en;
			hasScannedForEncodings = 0;
			knownRegions = (
				en,
				Base,
			);
			mainGroup = CFFD7075298AB9FF00D4F5A2;
			packageReferences = (
				CFFD70CE298AC7A900D4F5A2 /* XCRemoteSwiftPackageReference "Moya" */,
				CF14F24B298CC11600BC2066 /* XCRemoteSwiftPackageReference "firebase-ios-sdk" */,
				CFE9D2DB298D66F700D936DA /* XCRemoteSwiftPackageReference "GoogleSignIn-iOS" */,
				CFE9D2DE298D6C1500D936DA /* XCRemoteSwiftPackageReference "kakao-ios-sdk" */,
			);
			productRefGroup = CFFD707F298AB9FF00D4F5A2 /* Products */;
			projectDirPath = "";
			projectRoot = "";
			targets = (
				CFFD707D298AB9FF00D4F5A2 /* Noljanolja */,
				CFFD708D298ABA0100D4F5A2 /* NoljanoljaTests */,
				CFFD7097298ABA0100D4F5A2 /* NoljanoljaUITests */,
			);
		};
/* End PBXProject section */

/* Begin PBXResourcesBuildPhase section */
		CFFD707C298AB9FF00D4F5A2 /* Resources */ = {
			isa = PBXResourcesBuildPhase;
			buildActionMask = 2147483647;
			files = (
				CFFD7089298ABA0100D4F5A2 /* Preview Assets.xcassets in Resources */,
				CF14F243298C31C200BC2066 /* swiftgen.yml in Resources */,
				CF14F244298C31C200BC2066 /* .swiftformat in Resources */,
				CFFD70B3298AC38000D4F5A2 /* Localizable.strings in Resources */,
				CFFD718D298AD38C00D4F5A2 /* ColorAssets.xcassets in Resources */,
				CFFD7086298ABA0100D4F5A2 /* ImageAssets.xcassets in Resources */,
				CF14F25E298CE68600BC2066 /* GoogleService-Info.plist in Resources */,
			);
			runOnlyForDeploymentPostprocessing = 0;
		};
		CFFD708C298ABA0100D4F5A2 /* Resources */ = {
			isa = PBXResourcesBuildPhase;
			buildActionMask = 2147483647;
			files = (
			);
			runOnlyForDeploymentPostprocessing = 0;
		};
		CFFD7096298ABA0100D4F5A2 /* Resources */ = {
			isa = PBXResourcesBuildPhase;
			buildActionMask = 2147483647;
			files = (
			);
			runOnlyForDeploymentPostprocessing = 0;
		};
/* End PBXResourcesBuildPhase section */

/* Begin PBXShellScriptBuildPhase section */
		27934394C515CB0DC1EB374F /* [CP] Embed Pods Frameworks */ = {
			isa = PBXShellScriptBuildPhase;
			buildActionMask = 2147483647;
			files = (
			);
			inputFileListPaths = (
				"${PODS_ROOT}/Target Support Files/Pods-Noljanolja-NoljanoljaUITests/Pods-Noljanolja-NoljanoljaUITests-frameworks-${CONFIGURATION}-input-files.xcfilelist",
			);
			name = "[CP] Embed Pods Frameworks";
			outputFileListPaths = (
				"${PODS_ROOT}/Target Support Files/Pods-Noljanolja-NoljanoljaUITests/Pods-Noljanolja-NoljanoljaUITests-frameworks-${CONFIGURATION}-output-files.xcfilelist",
			);
			runOnlyForDeploymentPostprocessing = 0;
			shellPath = /bin/sh;
			shellScript = "\"${PODS_ROOT}/Target Support Files/Pods-Noljanolja-NoljanoljaUITests/Pods-Noljanolja-NoljanoljaUITests-frameworks.sh\"\n";
			showEnvVarsInLog = 0;
		};
		51F25C28F75DE5BDD1BEDF70 /* [CP] Embed Pods Frameworks */ = {
			isa = PBXShellScriptBuildPhase;
			buildActionMask = 2147483647;
			files = (
			);
			inputFileListPaths = (
				"${PODS_ROOT}/Target Support Files/Pods-Noljanolja/Pods-Noljanolja-frameworks-${CONFIGURATION}-input-files.xcfilelist",
			);
			name = "[CP] Embed Pods Frameworks";
			outputFileListPaths = (
				"${PODS_ROOT}/Target Support Files/Pods-Noljanolja/Pods-Noljanolja-frameworks-${CONFIGURATION}-output-files.xcfilelist",
			);
			runOnlyForDeploymentPostprocessing = 0;
			shellPath = /bin/sh;
			shellScript = "\"${PODS_ROOT}/Target Support Files/Pods-Noljanolja/Pods-Noljanolja-frameworks.sh\"\n";
			showEnvVarsInLog = 0;
		};
		7A342D1BD644929A68C3046B /* [CP] Check Pods Manifest.lock */ = {
			isa = PBXShellScriptBuildPhase;
			buildActionMask = 2147483647;
			files = (
			);
			inputFileListPaths = (
			);
			inputPaths = (
				"${PODS_PODFILE_DIR_PATH}/Podfile.lock",
				"${PODS_ROOT}/Manifest.lock",
			);
			name = "[CP] Check Pods Manifest.lock";
			outputFileListPaths = (
			);
			outputPaths = (
				"$(DERIVED_FILE_DIR)/Pods-Noljanolja-NoljanoljaUITests-checkManifestLockResult.txt",
			);
			runOnlyForDeploymentPostprocessing = 0;
			shellPath = /bin/sh;
			shellScript = "diff \"${PODS_PODFILE_DIR_PATH}/Podfile.lock\" \"${PODS_ROOT}/Manifest.lock\" > /dev/null\nif [ $? != 0 ] ; then\n    # print error to STDERR\n    echo \"error: The sandbox is not in sync with the Podfile.lock. Run 'pod install' or update your CocoaPods installation.\" >&2\n    exit 1\nfi\n# This output is used by Xcode 'outputs' to avoid re-running this script phase.\necho \"SUCCESS\" > \"${SCRIPT_OUTPUT_FILE_0}\"\n";
			showEnvVarsInLog = 0;
		};
		BEC4C7E6D3B93AE685205DFD /* [CP] Check Pods Manifest.lock */ = {
			isa = PBXShellScriptBuildPhase;
			buildActionMask = 2147483647;
			files = (
			);
			inputFileListPaths = (
			);
			inputPaths = (
				"${PODS_PODFILE_DIR_PATH}/Podfile.lock",
				"${PODS_ROOT}/Manifest.lock",
			);
			name = "[CP] Check Pods Manifest.lock";
			outputFileListPaths = (
			);
			outputPaths = (
				"$(DERIVED_FILE_DIR)/Pods-Noljanolja-checkManifestLockResult.txt",
			);
			runOnlyForDeploymentPostprocessing = 0;
			shellPath = /bin/sh;
			shellScript = "diff \"${PODS_PODFILE_DIR_PATH}/Podfile.lock\" \"${PODS_ROOT}/Manifest.lock\" > /dev/null\nif [ $? != 0 ] ; then\n    # print error to STDERR\n    echo \"error: The sandbox is not in sync with the Podfile.lock. Run 'pod install' or update your CocoaPods installation.\" >&2\n    exit 1\nfi\n# This output is used by Xcode 'outputs' to avoid re-running this script phase.\necho \"SUCCESS\" > \"${SCRIPT_OUTPUT_FILE_0}\"\n";
			showEnvVarsInLog = 0;
		};
		CF0E8846298D4E50000DAE4A /* Crashlytics */ = {
			isa = PBXShellScriptBuildPhase;
			buildActionMask = 2147483647;
			files = (
			);
			inputFileListPaths = (
			);
			inputPaths = (
				"${DWARF_DSYM_FOLDER_PATH}/${DWARF_DSYM_FILE_NAME}/Contents/Resources/DWARF/${TARGET_NAME}",
				"$(SRCROOT)/$(BUILT_PRODUCTS_DIR)/$(INFOPLIST_PATH)",
			);
			name = Crashlytics;
			outputFileListPaths = (
			);
			outputPaths = (
			);
			runOnlyForDeploymentPostprocessing = 0;
			shellPath = /bin/sh;
			shellScript = "\"${BUILD_DIR%/Build/*}/SourcePackages/checkouts/firebase-ios-sdk/Crashlytics/run\"\n";
		};
		CF14F23E298C30EB00BC2066 /* SwiftFormat */ = {
			isa = PBXShellScriptBuildPhase;
			buildActionMask = 2147483647;
			files = (
			);
			inputFileListPaths = (
			);
			inputPaths = (
			);
			name = SwiftFormat;
			outputFileListPaths = (
			);
			outputPaths = (
			);
			runOnlyForDeploymentPostprocessing = 0;
			shellPath = /bin/sh;
			shellScript = "cd Noljanolja/BuildTools\nSDKROOT=(xcrun --sdk macosx --show-sdk-path)\nswift run -c release swiftformat \"$SRCROOT\" --config \"$SRCROOT/Noljanolja/BuildTools/Scripts/.swiftformat\"\n";
		};
		CF14F240298C317E00BC2066 /* SwiftGen */ = {
			isa = PBXShellScriptBuildPhase;
			buildActionMask = 2147483647;
			files = (
			);
			inputFileListPaths = (
			);
			inputPaths = (
			);
			name = SwiftGen;
			outputFileListPaths = (
			);
			outputPaths = (
			);
			runOnlyForDeploymentPostprocessing = 0;
			shellPath = /bin/sh;
			shellScript = "cd Noljanolja/BuildTools\nSDKROOT=(xcrun --sdk macosx --show-sdk-path)\nswift run -c release swiftgen config run --config \"$SRCROOT/Noljanolja/BuildTools/Scripts/swiftgen.yml\"\n";
		};
		E6DDCA06F15064E6E7F40ABF /* [CP] Check Pods Manifest.lock */ = {
			isa = PBXShellScriptBuildPhase;
			buildActionMask = 2147483647;
			files = (
			);
			inputFileListPaths = (
			);
			inputPaths = (
				"${PODS_PODFILE_DIR_PATH}/Podfile.lock",
				"${PODS_ROOT}/Manifest.lock",
			);
			name = "[CP] Check Pods Manifest.lock";
			outputFileListPaths = (
			);
			outputPaths = (
				"$(DERIVED_FILE_DIR)/Pods-NoljanoljaTests-checkManifestLockResult.txt",
			);
			runOnlyForDeploymentPostprocessing = 0;
			shellPath = /bin/sh;
			shellScript = "diff \"${PODS_PODFILE_DIR_PATH}/Podfile.lock\" \"${PODS_ROOT}/Manifest.lock\" > /dev/null\nif [ $? != 0 ] ; then\n    # print error to STDERR\n    echo \"error: The sandbox is not in sync with the Podfile.lock. Run 'pod install' or update your CocoaPods installation.\" >&2\n    exit 1\nfi\n# This output is used by Xcode 'outputs' to avoid re-running this script phase.\necho \"SUCCESS\" > \"${SCRIPT_OUTPUT_FILE_0}\"\n";
			showEnvVarsInLog = 0;
		};
/* End PBXShellScriptBuildPhase section */

/* Begin PBXSourcesBuildPhase section */
		CFFD707A298AB9FF00D4F5A2 /* Sources */ = {
			isa = PBXSourcesBuildPhase;
			buildActionMask = 2147483647;
			files = (
				CFFD70C5298AC5F800D4F5A2 /* RequestTimeoutPlugin.swift in Sources */,
				CFFD70D3298AC89000D4F5A2 /* NetworkConfigs.swift in Sources */,
				CF14F249298C331C00BC2066 /* Localizable.swift in Sources */,
				CF14F268298CF87E00BC2066 /* AuthorizationServices.swift in Sources */,
				CFFD70C9298AC5F800D4F5A2 /* TargetType+RawTarget.swift in Sources */,
				CFFD70C8298AC5F800D4F5A2 /* BaseAuthTargetType.swift in Sources */,
				CF14F26B298CFA4400BC2066 /* LoginView.swift in Sources */,
				CFFD70D9298ACAF600D4F5A2 /* BaseTargetType.swift in Sources */,
				CFFD70C6298AC5F800D4F5A2 /* AuthorizationPluggin.swift in Sources */,
				CFFD70CC298AC5F800D4F5A2 /* Api.swift in Sources */,
				CF14F237298C0BAE00BC2066 /* TabItem.swift in Sources */,
				CF14F24A298C331D00BC2066 /* ColorAssets.swift in Sources */,
				CFFD70D5298AC92500D4F5A2 /* AuthorizationAPI.swift in Sources */,
				CF14F26D298CFA6B00BC2066 /* LoginViewModel.swift in Sources */,
				CF14F266298CF4E700BC2066 /* AppConfigs.swift in Sources */,
				CF14F230298C05F900BC2066 /* MainView.swift in Sources */,
				CF14F235298C07B500BC2066 /* TabItemsView.swift in Sources */,
				CFFD7082298AB9FF00D4F5A2 /* NoljanoljaApp.swift in Sources */,
				CFFD70C7298AC5F800D4F5A2 /* DisableLocalCachePlugin.swift in Sources */,
				CFFD70CB298AC5F800D4F5A2 /* ApiProvider.swift in Sources */,
				CF14F23A298C123300BC2066 /* UIApplication+KeyWindow.swift in Sources */,
				CFFD70C4298AC5F800D4F5A2 /* NetworkLoggerPluggin.swift in Sources */,
				CFFD70CA298AC5F800D4F5A2 /* TargetType+Default.swift in Sources */,
				CF14F248298C331C00BC2066 /* ImageAssets.swift in Sources */,
				CFFD70D7298ACA8700D4F5A2 /* AuthorizationModel.swift in Sources */,
			);
			runOnlyForDeploymentPostprocessing = 0;
		};
		CFFD708A298ABA0100D4F5A2 /* Sources */ = {
			isa = PBXSourcesBuildPhase;
			buildActionMask = 2147483647;
			files = (
				CFFD7093298ABA0100D4F5A2 /* NoljanoljaTests.swift in Sources */,
			);
			runOnlyForDeploymentPostprocessing = 0;
		};
		CFFD7094298ABA0100D4F5A2 /* Sources */ = {
			isa = PBXSourcesBuildPhase;
			buildActionMask = 2147483647;
			files = (
				CFFD709F298ABA0100D4F5A2 /* NoljanoljaUITestsLaunchTests.swift in Sources */,
				CFFD709D298ABA0100D4F5A2 /* NoljanoljaUITests.swift in Sources */,
			);
			runOnlyForDeploymentPostprocessing = 0;
		};
/* End PBXSourcesBuildPhase section */

/* Begin PBXTargetDependency section */
		CFFD7090298ABA0100D4F5A2 /* PBXTargetDependency */ = {
			isa = PBXTargetDependency;
			target = CFFD707D298AB9FF00D4F5A2 /* Noljanolja */;
			targetProxy = CFFD708F298ABA0100D4F5A2 /* PBXContainerItemProxy */;
		};
		CFFD709A298ABA0100D4F5A2 /* PBXTargetDependency */ = {
			isa = PBXTargetDependency;
			target = CFFD707D298AB9FF00D4F5A2 /* Noljanolja */;
			targetProxy = CFFD7099298ABA0100D4F5A2 /* PBXContainerItemProxy */;
		};
/* End PBXTargetDependency section */

/* Begin XCBuildConfiguration section */
		CFFD70A0298ABA0100D4F5A2 /* Debug */ = {
			isa = XCBuildConfiguration;
			buildSettings = {
				ALWAYS_SEARCH_USER_PATHS = NO;
				CLANG_ANALYZER_NONNULL = YES;
				CLANG_ANALYZER_NUMBER_OBJECT_CONVERSION = YES_AGGRESSIVE;
				CLANG_CXX_LANGUAGE_STANDARD = "gnu++20";
				CLANG_ENABLE_MODULES = YES;
				CLANG_ENABLE_OBJC_ARC = YES;
				CLANG_ENABLE_OBJC_WEAK = YES;
				CLANG_WARN_BLOCK_CAPTURE_AUTORELEASING = YES;
				CLANG_WARN_BOOL_CONVERSION = YES;
				CLANG_WARN_COMMA = YES;
				CLANG_WARN_CONSTANT_CONVERSION = YES;
				CLANG_WARN_DEPRECATED_OBJC_IMPLEMENTATIONS = YES;
				CLANG_WARN_DIRECT_OBJC_ISA_USAGE = YES_ERROR;
				CLANG_WARN_DOCUMENTATION_COMMENTS = YES;
				CLANG_WARN_EMPTY_BODY = YES;
				CLANG_WARN_ENUM_CONVERSION = YES;
				CLANG_WARN_INFINITE_RECURSION = YES;
				CLANG_WARN_INT_CONVERSION = YES;
				CLANG_WARN_NON_LITERAL_NULL_CONVERSION = YES;
				CLANG_WARN_OBJC_IMPLICIT_RETAIN_SELF = YES;
				CLANG_WARN_OBJC_LITERAL_CONVERSION = YES;
				CLANG_WARN_OBJC_ROOT_CLASS = YES_ERROR;
				CLANG_WARN_QUOTED_INCLUDE_IN_FRAMEWORK_HEADER = YES;
				CLANG_WARN_RANGE_LOOP_ANALYSIS = YES;
				CLANG_WARN_STRICT_PROTOTYPES = YES;
				CLANG_WARN_SUSPICIOUS_MOVE = YES;
				CLANG_WARN_UNGUARDED_AVAILABILITY = YES_AGGRESSIVE;
				CLANG_WARN_UNREACHABLE_CODE = YES;
				CLANG_WARN__DUPLICATE_METHOD_MATCH = YES;
				COPY_PHASE_STRIP = NO;
				DEBUG_INFORMATION_FORMAT = "dwarf-with-dsym";
				ENABLE_STRICT_OBJC_MSGSEND = YES;
				ENABLE_TESTABILITY = YES;
				GCC_C_LANGUAGE_STANDARD = gnu11;
				GCC_DYNAMIC_NO_PIC = NO;
				GCC_NO_COMMON_BLOCKS = YES;
				GCC_OPTIMIZATION_LEVEL = 0;
				GCC_PREPROCESSOR_DEFINITIONS = (
					"DEBUG=1",
					"$(inherited)",
				);
				GCC_WARN_64_TO_32_BIT_CONVERSION = YES;
				GCC_WARN_ABOUT_RETURN_TYPE = YES_ERROR;
				GCC_WARN_UNDECLARED_SELECTOR = YES;
				GCC_WARN_UNINITIALIZED_AUTOS = YES_AGGRESSIVE;
				GCC_WARN_UNUSED_FUNCTION = YES;
				GCC_WARN_UNUSED_VARIABLE = YES;
				IPHONEOS_DEPLOYMENT_TARGET = 14.0;
				MTL_ENABLE_DEBUG_INFO = INCLUDE_SOURCE;
				MTL_FAST_MATH = YES;
				ONLY_ACTIVE_ARCH = YES;
				SDKROOT = iphoneos;
				SWIFT_ACTIVE_COMPILATION_CONDITIONS = DEBUG;
				SWIFT_OPTIMIZATION_LEVEL = "-Onone";
			};
			name = Debug;
		};
		CFFD70A1298ABA0100D4F5A2 /* Release */ = {
			isa = XCBuildConfiguration;
			buildSettings = {
				ALWAYS_SEARCH_USER_PATHS = NO;
				CLANG_ANALYZER_NONNULL = YES;
				CLANG_ANALYZER_NUMBER_OBJECT_CONVERSION = YES_AGGRESSIVE;
				CLANG_CXX_LANGUAGE_STANDARD = "gnu++20";
				CLANG_ENABLE_MODULES = YES;
				CLANG_ENABLE_OBJC_ARC = YES;
				CLANG_ENABLE_OBJC_WEAK = YES;
				CLANG_WARN_BLOCK_CAPTURE_AUTORELEASING = YES;
				CLANG_WARN_BOOL_CONVERSION = YES;
				CLANG_WARN_COMMA = YES;
				CLANG_WARN_CONSTANT_CONVERSION = YES;
				CLANG_WARN_DEPRECATED_OBJC_IMPLEMENTATIONS = YES;
				CLANG_WARN_DIRECT_OBJC_ISA_USAGE = YES_ERROR;
				CLANG_WARN_DOCUMENTATION_COMMENTS = YES;
				CLANG_WARN_EMPTY_BODY = YES;
				CLANG_WARN_ENUM_CONVERSION = YES;
				CLANG_WARN_INFINITE_RECURSION = YES;
				CLANG_WARN_INT_CONVERSION = YES;
				CLANG_WARN_NON_LITERAL_NULL_CONVERSION = YES;
				CLANG_WARN_OBJC_IMPLICIT_RETAIN_SELF = YES;
				CLANG_WARN_OBJC_LITERAL_CONVERSION = YES;
				CLANG_WARN_OBJC_ROOT_CLASS = YES_ERROR;
				CLANG_WARN_QUOTED_INCLUDE_IN_FRAMEWORK_HEADER = YES;
				CLANG_WARN_RANGE_LOOP_ANALYSIS = YES;
				CLANG_WARN_STRICT_PROTOTYPES = YES;
				CLANG_WARN_SUSPICIOUS_MOVE = YES;
				CLANG_WARN_UNGUARDED_AVAILABILITY = YES_AGGRESSIVE;
				CLANG_WARN_UNREACHABLE_CODE = YES;
				CLANG_WARN__DUPLICATE_METHOD_MATCH = YES;
				COPY_PHASE_STRIP = NO;
				DEBUG_INFORMATION_FORMAT = "dwarf-with-dsym";
				ENABLE_NS_ASSERTIONS = NO;
				ENABLE_STRICT_OBJC_MSGSEND = YES;
				GCC_C_LANGUAGE_STANDARD = gnu11;
				GCC_NO_COMMON_BLOCKS = YES;
				GCC_WARN_64_TO_32_BIT_CONVERSION = YES;
				GCC_WARN_ABOUT_RETURN_TYPE = YES_ERROR;
				GCC_WARN_UNDECLARED_SELECTOR = YES;
				GCC_WARN_UNINITIALIZED_AUTOS = YES_AGGRESSIVE;
				GCC_WARN_UNUSED_FUNCTION = YES;
				GCC_WARN_UNUSED_VARIABLE = YES;
				IPHONEOS_DEPLOYMENT_TARGET = 14.0;
				MTL_ENABLE_DEBUG_INFO = NO;
				MTL_FAST_MATH = YES;
				SDKROOT = iphoneos;
				SWIFT_COMPILATION_MODE = wholemodule;
				SWIFT_OPTIMIZATION_LEVEL = "-O";
				VALIDATE_PRODUCT = YES;
			};
			name = Release;
		};
		CFFD70A3298ABA0100D4F5A2 /* Debug */ = {
			isa = XCBuildConfiguration;
			baseConfigurationReference = 67F6E05E9B2EC43CAF12E51A /* Pods-Noljanolja.debug.xcconfig */;
			buildSettings = {
				ASSETCATALOG_COMPILER_APPICON_NAME = AppIcon;
				ASSETCATALOG_COMPILER_GLOBAL_ACCENT_COLOR_NAME = AccentColor;
				CODE_SIGN_STYLE = Automatic;
				CURRENT_PROJECT_VERSION = 1;
				DEVELOPMENT_ASSET_PATHS = "\"Noljanolja/Preview Content\"";
				ENABLE_PREVIEWS = YES;
				GENERATE_INFOPLIST_FILE = YES;
				INFOPLIST_FILE = Noljanolja/Sources/Application/App/Info.plist;
				INFOPLIST_KEY_UIApplicationSupportsIndirectInputEvents = YES;
				INFOPLIST_KEY_UILaunchScreen_Generation = YES;
				INFOPLIST_KEY_UISupportedInterfaceOrientations_iPad = "UIInterfaceOrientationPortrait UIInterfaceOrientationPortraitUpsideDown UIInterfaceOrientationLandscapeLeft UIInterfaceOrientationLandscapeRight";
				INFOPLIST_KEY_UISupportedInterfaceOrientations_iPhone = "UIInterfaceOrientationPortrait UIInterfaceOrientationLandscapeLeft UIInterfaceOrientationLandscapeRight";
				LD_RUNPATH_SEARCH_PATHS = (
					"$(inherited)",
					"@executable_path/Frameworks",
				);
				MARKETING_VERSION = 1.0;
				PRODUCT_BUNDLE_IDENTIFIER = com.noljanolja.app.ios;
				PRODUCT_NAME = "$(TARGET_NAME)";
				SWIFT_EMIT_LOC_STRINGS = YES;
				SWIFT_VERSION = 5.0;
				TARGETED_DEVICE_FAMILY = "1,2";
			};
			name = Debug;
		};
		CFFD70A4298ABA0100D4F5A2 /* Release */ = {
			isa = XCBuildConfiguration;
			baseConfigurationReference = 0DBF76FA6A01D9DCD69E6220 /* Pods-Noljanolja.release.xcconfig */;
			buildSettings = {
				ASSETCATALOG_COMPILER_APPICON_NAME = AppIcon;
				ASSETCATALOG_COMPILER_GLOBAL_ACCENT_COLOR_NAME = AccentColor;
				CODE_SIGN_STYLE = Automatic;
				CURRENT_PROJECT_VERSION = 1;
				DEVELOPMENT_ASSET_PATHS = "\"Noljanolja/Preview Content\"";
				ENABLE_PREVIEWS = YES;
				GENERATE_INFOPLIST_FILE = YES;
				INFOPLIST_FILE = Noljanolja/Sources/Application/App/Info.plist;
				INFOPLIST_KEY_UIApplicationSupportsIndirectInputEvents = YES;
				INFOPLIST_KEY_UILaunchScreen_Generation = YES;
				INFOPLIST_KEY_UISupportedInterfaceOrientations_iPad = "UIInterfaceOrientationPortrait UIInterfaceOrientationPortraitUpsideDown UIInterfaceOrientationLandscapeLeft UIInterfaceOrientationLandscapeRight";
				INFOPLIST_KEY_UISupportedInterfaceOrientations_iPhone = "UIInterfaceOrientationPortrait UIInterfaceOrientationLandscapeLeft UIInterfaceOrientationLandscapeRight";
				LD_RUNPATH_SEARCH_PATHS = (
					"$(inherited)",
					"@executable_path/Frameworks",
				);
				MARKETING_VERSION = 1.0;
				PRODUCT_BUNDLE_IDENTIFIER = com.noljanolja.app.ios;
				PRODUCT_NAME = "$(TARGET_NAME)";
				SWIFT_EMIT_LOC_STRINGS = YES;
				SWIFT_VERSION = 5.0;
				TARGETED_DEVICE_FAMILY = "1,2";
			};
			name = Release;
		};
		CFFD70A6298ABA0100D4F5A2 /* Debug */ = {
			isa = XCBuildConfiguration;
			baseConfigurationReference = 73EF59F50B2CC10F71D05CCA /* Pods-NoljanoljaTests.debug.xcconfig */;
			buildSettings = {
				ALWAYS_EMBED_SWIFT_STANDARD_LIBRARIES = YES;
				BUNDLE_LOADER = "$(TEST_HOST)";
				CODE_SIGN_STYLE = Automatic;
				CURRENT_PROJECT_VERSION = 1;
				GENERATE_INFOPLIST_FILE = YES;
				IPHONEOS_DEPLOYMENT_TARGET = 16.2;
				MARKETING_VERSION = 1.0;
				PRODUCT_BUNDLE_IDENTIFIER = com.NoljanoljaTests;
				PRODUCT_NAME = "$(TARGET_NAME)";
				SWIFT_EMIT_LOC_STRINGS = NO;
				SWIFT_VERSION = 5.0;
				TARGETED_DEVICE_FAMILY = "1,2";
				TEST_HOST = "$(BUILT_PRODUCTS_DIR)/Noljanolja.app/$(BUNDLE_EXECUTABLE_FOLDER_PATH)/Noljanolja";
			};
			name = Debug;
		};
		CFFD70A7298ABA0100D4F5A2 /* Release */ = {
			isa = XCBuildConfiguration;
			baseConfigurationReference = F53231636127B61B7E5B0B97 /* Pods-NoljanoljaTests.release.xcconfig */;
			buildSettings = {
				ALWAYS_EMBED_SWIFT_STANDARD_LIBRARIES = YES;
				BUNDLE_LOADER = "$(TEST_HOST)";
				CODE_SIGN_STYLE = Automatic;
				CURRENT_PROJECT_VERSION = 1;
				GENERATE_INFOPLIST_FILE = YES;
				IPHONEOS_DEPLOYMENT_TARGET = 16.2;
				MARKETING_VERSION = 1.0;
				PRODUCT_BUNDLE_IDENTIFIER = com.NoljanoljaTests;
				PRODUCT_NAME = "$(TARGET_NAME)";
				SWIFT_EMIT_LOC_STRINGS = NO;
				SWIFT_VERSION = 5.0;
				TARGETED_DEVICE_FAMILY = "1,2";
				TEST_HOST = "$(BUILT_PRODUCTS_DIR)/Noljanolja.app/$(BUNDLE_EXECUTABLE_FOLDER_PATH)/Noljanolja";
			};
			name = Release;
		};
		CFFD70A9298ABA0100D4F5A2 /* Debug */ = {
			isa = XCBuildConfiguration;
			baseConfigurationReference = 9437E8407EBB11681966323A /* Pods-Noljanolja-NoljanoljaUITests.debug.xcconfig */;
			buildSettings = {
				ALWAYS_EMBED_SWIFT_STANDARD_LIBRARIES = YES;
				CODE_SIGN_STYLE = Automatic;
				CURRENT_PROJECT_VERSION = 1;
				GENERATE_INFOPLIST_FILE = YES;
				MARKETING_VERSION = 1.0;
				PRODUCT_BUNDLE_IDENTIFIER = com.NoljanoljaUITests;
				PRODUCT_NAME = "$(TARGET_NAME)";
				SWIFT_EMIT_LOC_STRINGS = NO;
				SWIFT_VERSION = 5.0;
				TARGETED_DEVICE_FAMILY = "1,2";
				TEST_TARGET_NAME = Noljanolja;
			};
			name = Debug;
		};
		CFFD70AA298ABA0100D4F5A2 /* Release */ = {
			isa = XCBuildConfiguration;
			baseConfigurationReference = 216373F9231F3C6A300BE8C9 /* Pods-Noljanolja-NoljanoljaUITests.release.xcconfig */;
			buildSettings = {
				ALWAYS_EMBED_SWIFT_STANDARD_LIBRARIES = YES;
				CODE_SIGN_STYLE = Automatic;
				CURRENT_PROJECT_VERSION = 1;
				GENERATE_INFOPLIST_FILE = YES;
				MARKETING_VERSION = 1.0;
				PRODUCT_BUNDLE_IDENTIFIER = com.NoljanoljaUITests;
				PRODUCT_NAME = "$(TARGET_NAME)";
				SWIFT_EMIT_LOC_STRINGS = NO;
				SWIFT_VERSION = 5.0;
				TARGETED_DEVICE_FAMILY = "1,2";
				TEST_TARGET_NAME = Noljanolja;
			};
			name = Release;
		};
/* End XCBuildConfiguration section */

/* Begin XCConfigurationList section */
		CFFD7079298AB9FF00D4F5A2 /* Build configuration list for PBXProject "Noljanolja" */ = {
			isa = XCConfigurationList;
			buildConfigurations = (
				CFFD70A0298ABA0100D4F5A2 /* Debug */,
				CFFD70A1298ABA0100D4F5A2 /* Release */,
			);
			defaultConfigurationIsVisible = 0;
			defaultConfigurationName = Release;
		};
		CFFD70A2298ABA0100D4F5A2 /* Build configuration list for PBXNativeTarget "Noljanolja" */ = {
			isa = XCConfigurationList;
			buildConfigurations = (
				CFFD70A3298ABA0100D4F5A2 /* Debug */,
				CFFD70A4298ABA0100D4F5A2 /* Release */,
			);
			defaultConfigurationIsVisible = 0;
			defaultConfigurationName = Release;
		};
		CFFD70A5298ABA0100D4F5A2 /* Build configuration list for PBXNativeTarget "NoljanoljaTests" */ = {
			isa = XCConfigurationList;
			buildConfigurations = (
				CFFD70A6298ABA0100D4F5A2 /* Debug */,
				CFFD70A7298ABA0100D4F5A2 /* Release */,
			);
			defaultConfigurationIsVisible = 0;
			defaultConfigurationName = Release;
		};
		CFFD70A8298ABA0100D4F5A2 /* Build configuration list for PBXNativeTarget "NoljanoljaUITests" */ = {
			isa = XCConfigurationList;
			buildConfigurations = (
				CFFD70A9298ABA0100D4F5A2 /* Debug */,
				CFFD70AA298ABA0100D4F5A2 /* Release */,
			);
			defaultConfigurationIsVisible = 0;
			defaultConfigurationName = Release;
		};
/* End XCConfigurationList section */

/* Begin XCRemoteSwiftPackageReference section */
		CF14F24B298CC11600BC2066 /* XCRemoteSwiftPackageReference "firebase-ios-sdk" */ = {
			isa = XCRemoteSwiftPackageReference;
			repositoryURL = "https://github.com/firebase/firebase-ios-sdk";
			requirement = {
				kind = exactVersion;
				version = 10.4.0;
			};
		};
		CFE9D2DB298D66F700D936DA /* XCRemoteSwiftPackageReference "GoogleSignIn-iOS" */ = {
			isa = XCRemoteSwiftPackageReference;
			repositoryURL = "https://github.com/google/GoogleSignIn-iOS";
			requirement = {
				kind = exactVersion;
				version = 7.0.0;
			};
		};
		CFE9D2DE298D6C1500D936DA /* XCRemoteSwiftPackageReference "kakao-ios-sdk" */ = {
			isa = XCRemoteSwiftPackageReference;
			repositoryURL = "https://github.com/kakao/kakao-ios-sdk.git";
			requirement = {
				kind = exactVersion;
				version = 2.13.1;
			};
		};
		CFFD70CE298AC7A900D4F5A2 /* XCRemoteSwiftPackageReference "Moya" */ = {
			isa = XCRemoteSwiftPackageReference;
			repositoryURL = "https://github.com/Moya/Moya";
			requirement = {
				kind = exactVersion;
				version = 15.0.3;
			};
		};
/* End XCRemoteSwiftPackageReference section */

/* Begin XCSwiftPackageProductDependency section */
		CF0E8844298D4E09000DAE4A /* FirebaseCrashlytics */ = {
			isa = XCSwiftPackageProductDependency;
			package = CF14F24B298CC11600BC2066 /* XCRemoteSwiftPackageReference "firebase-ios-sdk" */;
			productName = FirebaseCrashlytics;
		};
		CF14F24C298CC11700BC2066 /* FirebaseAnalytics */ = {
			isa = XCSwiftPackageProductDependency;
			package = CF14F24B298CC11600BC2066 /* XCRemoteSwiftPackageReference "firebase-ios-sdk" */;
			productName = FirebaseAnalytics;
		};
		CF14F24E298CC11700BC2066 /* FirebaseAuthCombine-Community */ = {
			isa = XCSwiftPackageProductDependency;
			package = CF14F24B298CC11600BC2066 /* XCRemoteSwiftPackageReference "firebase-ios-sdk" */;
			productName = "FirebaseAuthCombine-Community";
		};
		CFE9D2DC298D66F700D936DA /* GoogleSignIn */ = {
			isa = XCSwiftPackageProductDependency;
			package = CFE9D2DB298D66F700D936DA /* XCRemoteSwiftPackageReference "GoogleSignIn-iOS" */;
			productName = GoogleSignIn;
		};
		CFE9D2DF298D6C1500D936DA /* KakaoSDKAuth */ = {
			isa = XCSwiftPackageProductDependency;
			package = CFE9D2DE298D6C1500D936DA /* XCRemoteSwiftPackageReference "kakao-ios-sdk" */;
			productName = KakaoSDKAuth;
		};
		CFE9D2E1298D6C1500D936DA /* KakaoSDKUser */ = {
			isa = XCSwiftPackageProductDependency;
			package = CFE9D2DE298D6C1500D936DA /* XCRemoteSwiftPackageReference "kakao-ios-sdk" */;
			productName = KakaoSDKUser;
		};
		CFFD70CF298AC7A900D4F5A2 /* CombineMoya */ = {
			isa = XCSwiftPackageProductDependency;
			package = CFFD70CE298AC7A900D4F5A2 /* XCRemoteSwiftPackageReference "Moya" */;
			productName = CombineMoya;
		};
/* End XCSwiftPackageProductDependency section */
	};
	rootObject = CFFD7076298AB9FF00D4F5A2 /* Project object */;
}
