// !$*UTF8*$!
{
	archiveVersion = 1;
	classes = {
	};
	objectVersion = 56;
	objects = {

/* Begin PBXBuildFile section */
		7647F56A2DB765C44F009B8C /* Pods_Noljanolja_NoljanoljaUITests.framework in Frameworks */ = {isa = PBXBuildFile; fileRef = 264F630FC4DDFC0E9074F9D2 /* Pods_Noljanolja_NoljanoljaUITests.framework */; };
		8353A88CBCF1CAFD239985BE /* Pods_NoljanoljaTests.framework in Frameworks */ = {isa = PBXBuildFile; fileRef = AD0295CC3C0D04548A9867CB /* Pods_NoljanoljaTests.framework */; };
		AEDBBDE12EEA3CADCA87D4F2 /* Pods_Noljanolja.framework in Frameworks */ = {isa = PBXBuildFile; fileRef = FAB5BA5AC93BBFAA68677C79 /* Pods_Noljanolja.framework */; };
		CF00D14E299407EB00505702 /* Localizable.strings in Resources */ = {isa = PBXBuildFile; fileRef = CF00D150299407EB00505702 /* Localizable.strings */; };
		CF00D1572994174600505702 /* FontAssets.swift in Sources */ = {isa = PBXBuildFile; fileRef = CF00D1562994174600505702 /* FontAssets.swift */; };
		CF00D15C29941DF700505702 /* NotoSans-Regular.ttf in Resources */ = {isa = PBXBuildFile; fileRef = CF00D15B29941DF700505702 /* NotoSans-Regular.ttf */; };
		CF00D15F2994208000505702 /* NotoSans-Medium.ttf in Resources */ = {isa = PBXBuildFile; fileRef = CF00D15E29941ECB00505702 /* NotoSans-Medium.ttf */; };
		CF00D1602994208200505702 /* NotoSans-Bold.ttf in Resources */ = {isa = PBXBuildFile; fileRef = CF00D15D29941ECB00505702 /* NotoSans-Bold.ttf */; };
		CF00D163299423FB00505702 /* View+EdgeCornerRadius.swift in Sources */ = {isa = PBXBuildFile; fileRef = CF00D162299423FB00505702 /* View+EdgeCornerRadius.swift */; };
		CF00D1692994E0A700505702 /* TextField+ErrorMessage.swift in Sources */ = {isa = PBXBuildFile; fileRef = CF00D1682994E0A700505702 /* TextField+ErrorMessage.swift */; };
		CF00D16F2994FC9E00505702 /* String+Validation.swift in Sources */ = {isa = PBXBuildFile; fileRef = CF00D16E2994FC9E00505702 /* String+Validation.swift */; };
		CF00D1732995457600505702 /* ProgressHUDView.swift in Sources */ = {isa = PBXBuildFile; fileRef = CF00D1722995457600505702 /* ProgressHUDView.swift */; };
		CF0E8845298D4E09000DAE4A /* FirebaseCrashlytics in Frameworks */ = {isa = PBXBuildFile; productRef = CF0E8844298D4E09000DAE4A /* FirebaseCrashlytics */; };
		CF14F248298C331C00BC2066 /* ImageAssets.swift in Sources */ = {isa = PBXBuildFile; fileRef = CF14F245298C331C00BC2066 /* ImageAssets.swift */; };
		CF14F249298C331C00BC2066 /* Localizable.swift in Sources */ = {isa = PBXBuildFile; fileRef = CF14F246298C331C00BC2066 /* Localizable.swift */; };
		CF14F24A298C331D00BC2066 /* ColorAssets.swift in Sources */ = {isa = PBXBuildFile; fileRef = CF14F247298C331C00BC2066 /* ColorAssets.swift */; };
		CF14F24D298CC11700BC2066 /* FirebaseAnalytics in Frameworks */ = {isa = PBXBuildFile; productRef = CF14F24C298CC11700BC2066 /* FirebaseAnalytics */; };
		CF14F24F298CC11700BC2066 /* FirebaseAuthCombine-Community in Frameworks */ = {isa = PBXBuildFile; productRef = CF14F24E298CC11700BC2066 /* FirebaseAuthCombine-Community */; };
		CF14F25E298CE68600BC2066 /* GoogleService-Info.plist in Resources */ = {isa = PBXBuildFile; fileRef = CF14F25D298CE68600BC2066 /* GoogleService-Info.plist */; };
		CF14F266298CF4E700BC2066 /* AppConfigs.swift in Sources */ = {isa = PBXBuildFile; fileRef = CF14F265298CF4E700BC2066 /* AppConfigs.swift */; };
		CF14F268298CF87E00BC2066 /* AuthServices.swift in Sources */ = {isa = PBXBuildFile; fileRef = CF14F267298CF87E00BC2066 /* AuthServices.swift */; };
		CF15501029939A350053E86D /* TabLayout.swift in Sources */ = {isa = PBXBuildFile; fileRef = CF15500F29939A350053E86D /* TabLayout.swift */; };
		CF1550182993B55F0053E86D /* ForgotPasswordView.swift in Sources */ = {isa = PBXBuildFile; fileRef = CF1550162993B55F0053E86D /* ForgotPasswordView.swift */; };
		CF1550192993B55F0053E86D /* ForgotPasswordViewModel.swift in Sources */ = {isa = PBXBuildFile; fileRef = CF1550172993B55F0053E86D /* ForgotPasswordViewModel.swift */; };
		CF1550232993B5C90053E86D /* TabBarView.swift in Sources */ = {isa = PBXBuildFile; fileRef = CF1550212993B5C90053E86D /* TabBarView.swift */; };
		CF1550242993B5C90053E86D /* TabBarItem.swift in Sources */ = {isa = PBXBuildFile; fileRef = CF1550222993B5C90053E86D /* TabBarItem.swift */; };
		CF174716299CB72C001B93E8 /* TermsView.swift in Sources */ = {isa = PBXBuildFile; fileRef = CF174714299CB72C001B93E8 /* TermsView.swift */; };
		CF174717299CB72C001B93E8 /* TermsViewModel.swift in Sources */ = {isa = PBXBuildFile; fileRef = CF174715299CB72C001B93E8 /* TermsViewModel.swift */; };
		CF17471B299CBCB1001B93E8 /* TermDetailView.swift in Sources */ = {isa = PBXBuildFile; fileRef = CF174719299CBCB1001B93E8 /* TermDetailView.swift */; };
		CF17471C299CBCB1001B93E8 /* TermDetailViewModel.swift in Sources */ = {isa = PBXBuildFile; fileRef = CF17471A299CBCB1001B93E8 /* TermDetailViewModel.swift */; };
		CF174720299CBFDE001B93E8 /* EmailVerificationView.swift in Sources */ = {isa = PBXBuildFile; fileRef = CF17471E299CBFDE001B93E8 /* EmailVerificationView.swift */; };
		CF174721299CBFDE001B93E8 /* EmailVerificationViewModel.swift in Sources */ = {isa = PBXBuildFile; fileRef = CF17471F299CBFDE001B93E8 /* EmailVerificationViewModel.swift */; };
		CF2FB264299E25D200756553 /* MainView.swift in Sources */ = {isa = PBXBuildFile; fileRef = CF2FB262299E25D200756553 /* MainView.swift */; };
		CF2FB265299E25D300756553 /* MainViewModel.swift in Sources */ = {isa = PBXBuildFile; fileRef = CF2FB263299E25D200756553 /* MainViewModel.swift */; };
		CF3282ED299E3758006A459B /* UIApplication+Extension.swift in Sources */ = {isa = PBXBuildFile; fileRef = CF3282EC299E3758006A459B /* UIApplication+Extension.swift */; };
		CF43BF73299274D900FD3180 /* FirebaseAuth+Combine.swift in Sources */ = {isa = PBXBuildFile; fileRef = CF43BF72299274D900FD3180 /* FirebaseAuth+Combine.swift */; };
		CF6ABC1329935C2D00D78213 /* SignUpViewModel.swift in Sources */ = {isa = PBXBuildFile; fileRef = CF6ABC0C29935C2D00D78213 /* SignUpViewModel.swift */; };
		CF6ABC1429935C2D00D78213 /* SignUpView.swift in Sources */ = {isa = PBXBuildFile; fileRef = CF6ABC0D29935C2D00D78213 /* SignUpView.swift */; };
		CF6ABC1529935C2D00D78213 /* AuthViewModel.swift in Sources */ = {isa = PBXBuildFile; fileRef = CF6ABC0E29935C2D00D78213 /* AuthViewModel.swift */; };
		CF6ABC1629935C2D00D78213 /* AuthView.swift in Sources */ = {isa = PBXBuildFile; fileRef = CF6ABC0F29935C2D00D78213 /* AuthView.swift */; };
		CF6ABC1729935C2D00D78213 /* SignInView.swift in Sources */ = {isa = PBXBuildFile; fileRef = CF6ABC1129935C2D00D78213 /* SignInView.swift */; };
		CF6ABC1829935C2D00D78213 /* SignInViewModel.swift in Sources */ = {isa = PBXBuildFile; fileRef = CF6ABC1229935C2D00D78213 /* SignInViewModel.swift */; };
		CF6ABC1F29935D7B00D78213 /* RootView.swift in Sources */ = {isa = PBXBuildFile; fileRef = CF6ABC1D29935D7B00D78213 /* RootView.swift */; };
		CF6ABC2029935D7B00D78213 /* RootViewModel.swift in Sources */ = {isa = PBXBuildFile; fileRef = CF6ABC1E29935D7B00D78213 /* RootViewModel.swift */; };
		CF6ABC232993618000D78213 /* Introspect in Frameworks */ = {isa = PBXBuildFile; productRef = CF6ABC222993618000D78213 /* Introspect */; };
		CF745A5A2998E5EA008177E5 /* FullSizeTappableTextFieldStyle.swift in Sources */ = {isa = PBXBuildFile; fileRef = CF745A592998E5EA008177E5 /* FullSizeTappableTextFieldStyle.swift */; };
		CF745A5C2998E5F2008177E5 /* AuthTextFieldStyle.swift in Sources */ = {isa = PBXBuildFile; fileRef = CF745A5B2998E5F2008177E5 /* AuthTextFieldStyle.swift */; };
		CF88ABCD299F2E7400D8AB67 /* SwiftUINavigation in Frameworks */ = {isa = PBXBuildFile; productRef = CF88ABCC299F2E7400D8AB67 /* SwiftUINavigation */; };
		CFC5AC5929A603A10028BEC4 /* MyPageView.swift in Sources */ = {isa = PBXBuildFile; fileRef = CFC5AC5729A603A10028BEC4 /* MyPageView.swift */; };
		CFC5AC5A29A603A10028BEC4 /* MyPageViewModel.swift in Sources */ = {isa = PBXBuildFile; fileRef = CFC5AC5829A603A10028BEC4 /* MyPageViewModel.swift */; };
		CFC5AC5E29A604600028BEC4 /* MyPageItemView.swift in Sources */ = {isa = PBXBuildFile; fileRef = CFC5AC5D29A604600028BEC4 /* MyPageItemView.swift */; };
		CFC709E02996051800B64216 /* View+Progress.swift in Sources */ = {isa = PBXBuildFile; fileRef = CFC709DF2996051800B64216 /* View+Progress.swift */; };
		CFC709E32996276C00B64216 /* RoundedLinearProgressViewStyle.swift in Sources */ = {isa = PBXBuildFile; fileRef = CFC709E22996276C00B64216 /* RoundedLinearProgressViewStyle.swift */; };
		CFC709E729962CD100B64216 /* SignUpNavigationView.swift in Sources */ = {isa = PBXBuildFile; fileRef = CFC709E529962CD100B64216 /* SignUpNavigationView.swift */; };
		CFC709E829962CD100B64216 /* SignUpNavigationViewModel.swift in Sources */ = {isa = PBXBuildFile; fileRef = CFC709E629962CD100B64216 /* SignUpNavigationViewModel.swift */; };
		CFC709F029962F9200B64216 /* TermItemView.swift in Sources */ = {isa = PBXBuildFile; fileRef = CFC709EF29962F9200B64216 /* TermItemView.swift */; };
		CFD83DBF29967A2E00B9A6BB /* SignUpStepView.swift in Sources */ = {isa = PBXBuildFile; fileRef = CFD83DBE29967A2E00B9A6BB /* SignUpStepView.swift */; };
		CFD83DC22996812B00B9A6BB /* TermItemType.swift in Sources */ = {isa = PBXBuildFile; fileRef = CFD83DC12996812B00B9A6BB /* TermItemType.swift */; };
		CFD83DC52996A07700B9A6BB /* SignUpStep.swift in Sources */ = {isa = PBXBuildFile; fileRef = CFD83DC42996A07700B9A6BB /* SignUpStep.swift */; };
		CFD83DCD29973A5F00B9A6BB /* AuthNavigationView.swift in Sources */ = {isa = PBXBuildFile; fileRef = CFD83DCB29973A5F00B9A6BB /* AuthNavigationView.swift */; };
		CFD83DCE29973A5F00B9A6BB /* AuthNavigationViewModel.swift in Sources */ = {isa = PBXBuildFile; fileRef = CFD83DCC29973A5F00B9A6BB /* AuthNavigationViewModel.swift */; };
		CFD83DD029974E4E00B9A6BB /* Navigation+Extension.swift in Sources */ = {isa = PBXBuildFile; fileRef = CFD83DCF29974E4E00B9A6BB /* Navigation+Extension.swift */; };
		CFDCA37929964501003C2C77 /* ButtonStyle.swift in Sources */ = {isa = PBXBuildFile; fileRef = CFDCA37829964501003C2C77 /* ButtonStyle.swift */; };
		CFE09254298DF69600F197F0 /* NaverAuthAPI.swift in Sources */ = {isa = PBXBuildFile; fileRef = CFE09253298DF69600F197F0 /* NaverAuthAPI.swift */; };
		CFE09257298DF78700F197F0 /* SwiftyBeaver in Frameworks */ = {isa = PBXBuildFile; productRef = CFE09256298DF78700F197F0 /* SwiftyBeaver */; };
		CFE0925B298DF7AF00F197F0 /* Logger+SwiftyBeaver.swift in Sources */ = {isa = PBXBuildFile; fileRef = CFE0925A298DF7AF00F197F0 /* Logger+SwiftyBeaver.swift */; };
		CFE0925D298DFDCB00F197F0 /* KakaoAuthAPI.swift in Sources */ = {isa = PBXBuildFile; fileRef = CFE0925C298DFDCB00F197F0 /* KakaoAuthAPI.swift */; };
		CFE0925F298EACF200F197F0 /* GoogleAuthAPI.swift in Sources */ = {isa = PBXBuildFile; fileRef = CFE0925E298EACF200F197F0 /* GoogleAuthAPI.swift */; };
		CFE09263298EB69700F197F0 /* FirebaseUser+Combine.swift in Sources */ = {isa = PBXBuildFile; fileRef = CFE09262298EB69700F197F0 /* FirebaseUser+Combine.swift */; };
		CFE09265298EB92D00F197F0 /* AppleAuthAPI.swift in Sources */ = {isa = PBXBuildFile; fileRef = CFE09264298EB92D00F197F0 /* AppleAuthAPI.swift */; };
		CFE0926B298FE73000F197F0 /* CloudFunctionAuthAPI.swift in Sources */ = {isa = PBXBuildFile; fileRef = CFE0926A298FE73000F197F0 /* CloudFunctionAuthAPI.swift */; };
		CFE0926D298FE75500F197F0 /* FirebaseFunctionsCombine-Community in Frameworks */ = {isa = PBXBuildFile; productRef = CFE0926C298FE75500F197F0 /* FirebaseFunctionsCombine-Community */; };
		CFE09272298FEACD00F197F0 /* SwifterSwift in Frameworks */ = {isa = PBXBuildFile; productRef = CFE09271298FEACD00F197F0 /* SwifterSwift */; };
		CFE0933E298FFC5B00F197F0 /* AuthError.swift in Sources */ = {isa = PBXBuildFile; fileRef = CFE0933D298FFC5B00F197F0 /* AuthError.swift */; };
		CFE09341299007E400F197F0 /* Publisher+FlatMapTranforming.swift in Sources */ = {isa = PBXBuildFile; fileRef = CFE09340299007E400F197F0 /* Publisher+FlatMapTranforming.swift */; };
		CFE0A390299E79EF00E904B0 /* AuthPopupView.swift in Sources */ = {isa = PBXBuildFile; fileRef = CFE0A38E299E79EF00E904B0 /* AuthPopupView.swift */; };
		CFE0A391299E79EF00E904B0 /* AuthPopupViewModel.swift in Sources */ = {isa = PBXBuildFile; fileRef = CFE0A38F299E79EF00E904B0 /* AuthPopupViewModel.swift */; };
		CFE0A394299E90BA00E904B0 /* MainNavigationType.swift in Sources */ = {isa = PBXBuildFile; fileRef = CFE0A393299E90BA00E904B0 /* MainNavigationType.swift */; };
		CFE48BC1299206830062C903 /* KeychainAccess in Frameworks */ = {isa = PBXBuildFile; productRef = CFE48BC0299206830062C903 /* KeychainAccess */; };
		CFE48BC3299207DA0062C903 /* AuthStore.swift in Sources */ = {isa = PBXBuildFile; fileRef = CFE48BC2299207DA0062C903 /* AuthStore.swift */; };
		CFE978712998876B00A50083 /* Launch Screen.storyboard in Resources */ = {isa = PBXBuildFile; fileRef = CFE978702998876B00A50083 /* Launch Screen.storyboard */; };
		CFE9D2DD298D66F700D936DA /* GoogleSignIn in Frameworks */ = {isa = PBXBuildFile; productRef = CFE9D2DC298D66F700D936DA /* GoogleSignIn */; };
		CFE9D2E0298D6C1500D936DA /* KakaoSDKAuth in Frameworks */ = {isa = PBXBuildFile; productRef = CFE9D2DF298D6C1500D936DA /* KakaoSDKAuth */; };
		CFE9D2E2298D6C1500D936DA /* KakaoSDKUser in Frameworks */ = {isa = PBXBuildFile; productRef = CFE9D2E1298D6C1500D936DA /* KakaoSDKUser */; };
		CFFD7082298AB9FF00D4F5A2 /* NoljanoljaApp.swift in Sources */ = {isa = PBXBuildFile; fileRef = CFFD7081298AB9FF00D4F5A2 /* NoljanoljaApp.swift */; };
		CFFD7086298ABA0100D4F5A2 /* ImageAssets.xcassets in Resources */ = {isa = PBXBuildFile; fileRef = CFFD7085298ABA0100D4F5A2 /* ImageAssets.xcassets */; };
		CFFD7089298ABA0100D4F5A2 /* Preview Assets.xcassets in Resources */ = {isa = PBXBuildFile; fileRef = CFFD7088298ABA0100D4F5A2 /* Preview Assets.xcassets */; };
		CFFD7093298ABA0100D4F5A2 /* NoljanoljaTests.swift in Sources */ = {isa = PBXBuildFile; fileRef = CFFD7092298ABA0100D4F5A2 /* NoljanoljaTests.swift */; };
		CFFD709D298ABA0100D4F5A2 /* NoljanoljaUITests.swift in Sources */ = {isa = PBXBuildFile; fileRef = CFFD709C298ABA0100D4F5A2 /* NoljanoljaUITests.swift */; };
		CFFD709F298ABA0100D4F5A2 /* NoljanoljaUITestsLaunchTests.swift in Sources */ = {isa = PBXBuildFile; fileRef = CFFD709E298ABA0100D4F5A2 /* NoljanoljaUITestsLaunchTests.swift */; };
		CFFD70C4298AC5F800D4F5A2 /* NetworkLoggerPluggin.swift in Sources */ = {isa = PBXBuildFile; fileRef = CFFD70B9298AC5F800D4F5A2 /* NetworkLoggerPluggin.swift */; };
		CFFD70C5298AC5F800D4F5A2 /* RequestTimeoutPlugin.swift in Sources */ = {isa = PBXBuildFile; fileRef = CFFD70BA298AC5F800D4F5A2 /* RequestTimeoutPlugin.swift */; };
		CFFD70C6298AC5F800D4F5A2 /* AuthPluggin.swift in Sources */ = {isa = PBXBuildFile; fileRef = CFFD70BB298AC5F800D4F5A2 /* AuthPluggin.swift */; };
		CFFD70C7298AC5F800D4F5A2 /* DisableLocalCachePlugin.swift in Sources */ = {isa = PBXBuildFile; fileRef = CFFD70BC298AC5F800D4F5A2 /* DisableLocalCachePlugin.swift */; };
		CFFD70C8298AC5F800D4F5A2 /* BaseAuthTargetType.swift in Sources */ = {isa = PBXBuildFile; fileRef = CFFD70BE298AC5F800D4F5A2 /* BaseAuthTargetType.swift */; };
		CFFD70C9298AC5F800D4F5A2 /* TargetType+RawTarget.swift in Sources */ = {isa = PBXBuildFile; fileRef = CFFD70BF298AC5F800D4F5A2 /* TargetType+RawTarget.swift */; };
		CFFD70CA298AC5F800D4F5A2 /* TargetType+Default.swift in Sources */ = {isa = PBXBuildFile; fileRef = CFFD70C0298AC5F800D4F5A2 /* TargetType+Default.swift */; };
		CFFD70CB298AC5F800D4F5A2 /* ApiProvider.swift in Sources */ = {isa = PBXBuildFile; fileRef = CFFD70C2298AC5F800D4F5A2 /* ApiProvider.swift */; };
		CFFD70CC298AC5F800D4F5A2 /* Api.swift in Sources */ = {isa = PBXBuildFile; fileRef = CFFD70C3298AC5F800D4F5A2 /* Api.swift */; };
		CFFD70D0298AC7A900D4F5A2 /* CombineMoya in Frameworks */ = {isa = PBXBuildFile; productRef = CFFD70CF298AC7A900D4F5A2 /* CombineMoya */; };
		CFFD70D3298AC89000D4F5A2 /* NetworkConfigs.swift in Sources */ = {isa = PBXBuildFile; fileRef = CFFD70D2298AC89000D4F5A2 /* NetworkConfigs.swift */; };
		CFFD70D5298AC92500D4F5A2 /* HomeAPI.swift in Sources */ = {isa = PBXBuildFile; fileRef = CFFD70D4298AC92500D4F5A2 /* HomeAPI.swift */; };
		CFFD70D7298ACA8700D4F5A2 /* HomeModel.swift in Sources */ = {isa = PBXBuildFile; fileRef = CFFD70D6298ACA8700D4F5A2 /* HomeModel.swift */; };
		CFFD70D9298ACAF600D4F5A2 /* BaseTargetType.swift in Sources */ = {isa = PBXBuildFile; fileRef = CFFD70D8298ACAF600D4F5A2 /* BaseTargetType.swift */; };
		CFFD718D298AD38C00D4F5A2 /* ColorAssets.xcassets in Resources */ = {isa = PBXBuildFile; fileRef = CFFD718C298AD38C00D4F5A2 /* ColorAssets.xcassets */; };
/* End PBXBuildFile section */

/* Begin PBXContainerItemProxy section */
		CFFD708F298ABA0100D4F5A2 /* PBXContainerItemProxy */ = {
			isa = PBXContainerItemProxy;
			containerPortal = CFFD7076298AB9FF00D4F5A2 /* Project object */;
			proxyType = 1;
			remoteGlobalIDString = CFFD707D298AB9FF00D4F5A2;
			remoteInfo = Noljanolja;
		};
		CFFD7099298ABA0100D4F5A2 /* PBXContainerItemProxy */ = {
			isa = PBXContainerItemProxy;
			containerPortal = CFFD7076298AB9FF00D4F5A2 /* Project object */;
			proxyType = 1;
			remoteGlobalIDString = CFFD707D298AB9FF00D4F5A2;
			remoteInfo = Noljanolja;
		};
/* End PBXContainerItemProxy section */

/* Begin PBXFileReference section */
		0DBF76FA6A01D9DCD69E6220 /* Pods-Noljanolja.release.xcconfig */ = {isa = PBXFileReference; includeInIndex = 1; lastKnownFileType = text.xcconfig; name = "Pods-Noljanolja.release.xcconfig"; path = "Target Support Files/Pods-Noljanolja/Pods-Noljanolja.release.xcconfig"; sourceTree = "<group>"; };
		216373F9231F3C6A300BE8C9 /* Pods-Noljanolja-NoljanoljaUITests.release.xcconfig */ = {isa = PBXFileReference; includeInIndex = 1; lastKnownFileType = text.xcconfig; name = "Pods-Noljanolja-NoljanoljaUITests.release.xcconfig"; path = "Target Support Files/Pods-Noljanolja-NoljanoljaUITests/Pods-Noljanolja-NoljanoljaUITests.release.xcconfig"; sourceTree = "<group>"; };
		264F630FC4DDFC0E9074F9D2 /* Pods_Noljanolja_NoljanoljaUITests.framework */ = {isa = PBXFileReference; explicitFileType = wrapper.framework; includeInIndex = 0; path = Pods_Noljanolja_NoljanoljaUITests.framework; sourceTree = BUILT_PRODUCTS_DIR; };
		67F6E05E9B2EC43CAF12E51A /* Pods-Noljanolja.debug.xcconfig */ = {isa = PBXFileReference; includeInIndex = 1; lastKnownFileType = text.xcconfig; name = "Pods-Noljanolja.debug.xcconfig"; path = "Target Support Files/Pods-Noljanolja/Pods-Noljanolja.debug.xcconfig"; sourceTree = "<group>"; };
		73EF59F50B2CC10F71D05CCA /* Pods-NoljanoljaTests.debug.xcconfig */ = {isa = PBXFileReference; includeInIndex = 1; lastKnownFileType = text.xcconfig; name = "Pods-NoljanoljaTests.debug.xcconfig"; path = "Target Support Files/Pods-NoljanoljaTests/Pods-NoljanoljaTests.debug.xcconfig"; sourceTree = "<group>"; };
		9437E8407EBB11681966323A /* Pods-Noljanolja-NoljanoljaUITests.debug.xcconfig */ = {isa = PBXFileReference; includeInIndex = 1; lastKnownFileType = text.xcconfig; name = "Pods-Noljanolja-NoljanoljaUITests.debug.xcconfig"; path = "Target Support Files/Pods-Noljanolja-NoljanoljaUITests/Pods-Noljanolja-NoljanoljaUITests.debug.xcconfig"; sourceTree = "<group>"; };
		AD0295CC3C0D04548A9867CB /* Pods_NoljanoljaTests.framework */ = {isa = PBXFileReference; explicitFileType = wrapper.framework; includeInIndex = 0; path = Pods_NoljanoljaTests.framework; sourceTree = BUILT_PRODUCTS_DIR; };
		CF00D14F299407EB00505702 /* en */ = {isa = PBXFileReference; lastKnownFileType = text.plist.strings; name = en; path = en.lproj/Localizable.strings; sourceTree = "<group>"; };
		CF00D151299407EF00505702 /* ko */ = {isa = PBXFileReference; lastKnownFileType = text.plist.strings; name = ko; path = ko.lproj/Localizable.strings; sourceTree = "<group>"; };
		CF00D1562994174600505702 /* FontAssets.swift */ = {isa = PBXFileReference; lastKnownFileType = sourcecode.swift; path = FontAssets.swift; sourceTree = "<group>"; };
		CF00D15B29941DF700505702 /* NotoSans-Regular.ttf */ = {isa = PBXFileReference; lastKnownFileType = file; path = "NotoSans-Regular.ttf"; sourceTree = "<group>"; };
		CF00D15D29941ECB00505702 /* NotoSans-Bold.ttf */ = {isa = PBXFileReference; lastKnownFileType = file; path = "NotoSans-Bold.ttf"; sourceTree = "<group>"; };
		CF00D15E29941ECB00505702 /* NotoSans-Medium.ttf */ = {isa = PBXFileReference; lastKnownFileType = file; path = "NotoSans-Medium.ttf"; sourceTree = "<group>"; };
		CF00D162299423FB00505702 /* View+EdgeCornerRadius.swift */ = {isa = PBXFileReference; lastKnownFileType = sourcecode.swift; path = "View+EdgeCornerRadius.swift"; sourceTree = "<group>"; };
		CF00D1682994E0A700505702 /* TextField+ErrorMessage.swift */ = {isa = PBXFileReference; lastKnownFileType = sourcecode.swift; path = "TextField+ErrorMessage.swift"; sourceTree = "<group>"; };
		CF00D16E2994FC9E00505702 /* String+Validation.swift */ = {isa = PBXFileReference; lastKnownFileType = sourcecode.swift; path = "String+Validation.swift"; sourceTree = "<group>"; };
		CF00D1722995457600505702 /* ProgressHUDView.swift */ = {isa = PBXFileReference; lastKnownFileType = sourcecode.swift; path = ProgressHUDView.swift; sourceTree = "<group>"; };
		CF14F23C298C30B600BC2066 /* Package.swift */ = {isa = PBXFileReference; lastKnownFileType = sourcecode.swift; path = Package.swift; sourceTree = "<group>"; };
		CF14F241298C31C200BC2066 /* swiftgen.yml */ = {isa = PBXFileReference; fileEncoding = 4; lastKnownFileType = text.yaml; path = swiftgen.yml; sourceTree = "<group>"; };
		CF14F242298C31C200BC2066 /* .swiftformat */ = {isa = PBXFileReference; fileEncoding = 4; lastKnownFileType = text; path = .swiftformat; sourceTree = "<group>"; };
		CF14F245298C331C00BC2066 /* ImageAssets.swift */ = {isa = PBXFileReference; fileEncoding = 4; lastKnownFileType = sourcecode.swift; path = ImageAssets.swift; sourceTree = "<group>"; };
		CF14F246298C331C00BC2066 /* Localizable.swift */ = {isa = PBXFileReference; fileEncoding = 4; lastKnownFileType = sourcecode.swift; path = Localizable.swift; sourceTree = "<group>"; };
		CF14F247298C331C00BC2066 /* ColorAssets.swift */ = {isa = PBXFileReference; fileEncoding = 4; lastKnownFileType = sourcecode.swift; path = ColorAssets.swift; sourceTree = "<group>"; };
		CF14F25A298CE46100BC2066 /* Info.plist */ = {isa = PBXFileReference; lastKnownFileType = text.plist.xml; path = Info.plist; sourceTree = "<group>"; };
		CF14F25D298CE68600BC2066 /* GoogleService-Info.plist */ = {isa = PBXFileReference; fileEncoding = 4; lastKnownFileType = text.plist.xml; path = "GoogleService-Info.plist"; sourceTree = "<group>"; };
		CF14F265298CF4E700BC2066 /* AppConfigs.swift */ = {isa = PBXFileReference; lastKnownFileType = sourcecode.swift; path = AppConfigs.swift; sourceTree = "<group>"; };
		CF14F267298CF87E00BC2066 /* AuthServices.swift */ = {isa = PBXFileReference; lastKnownFileType = sourcecode.swift; path = AuthServices.swift; sourceTree = "<group>"; };
		CF15500F29939A350053E86D /* TabLayout.swift */ = {isa = PBXFileReference; lastKnownFileType = sourcecode.swift; path = TabLayout.swift; sourceTree = "<group>"; };
		CF1550162993B55F0053E86D /* ForgotPasswordView.swift */ = {isa = PBXFileReference; lastKnownFileType = sourcecode.swift; path = ForgotPasswordView.swift; sourceTree = "<group>"; };
		CF1550172993B55F0053E86D /* ForgotPasswordViewModel.swift */ = {isa = PBXFileReference; lastKnownFileType = sourcecode.swift; path = ForgotPasswordViewModel.swift; sourceTree = "<group>"; };
		CF1550212993B5C90053E86D /* TabBarView.swift */ = {isa = PBXFileReference; fileEncoding = 4; lastKnownFileType = sourcecode.swift; path = TabBarView.swift; sourceTree = "<group>"; };
		CF1550222993B5C90053E86D /* TabBarItem.swift */ = {isa = PBXFileReference; fileEncoding = 4; lastKnownFileType = sourcecode.swift; path = TabBarItem.swift; sourceTree = "<group>"; };
		CF174714299CB72C001B93E8 /* TermsView.swift */ = {isa = PBXFileReference; lastKnownFileType = sourcecode.swift; path = TermsView.swift; sourceTree = "<group>"; };
		CF174715299CB72C001B93E8 /* TermsViewModel.swift */ = {isa = PBXFileReference; lastKnownFileType = sourcecode.swift; path = TermsViewModel.swift; sourceTree = "<group>"; };
		CF174719299CBCB1001B93E8 /* TermDetailView.swift */ = {isa = PBXFileReference; lastKnownFileType = sourcecode.swift; path = TermDetailView.swift; sourceTree = "<group>"; };
		CF17471A299CBCB1001B93E8 /* TermDetailViewModel.swift */ = {isa = PBXFileReference; lastKnownFileType = sourcecode.swift; path = TermDetailViewModel.swift; sourceTree = "<group>"; };
		CF17471E299CBFDE001B93E8 /* EmailVerificationView.swift */ = {isa = PBXFileReference; lastKnownFileType = sourcecode.swift; path = EmailVerificationView.swift; sourceTree = "<group>"; };
		CF17471F299CBFDE001B93E8 /* EmailVerificationViewModel.swift */ = {isa = PBXFileReference; lastKnownFileType = sourcecode.swift; path = EmailVerificationViewModel.swift; sourceTree = "<group>"; };
		CF2FB262299E25D200756553 /* MainView.swift */ = {isa = PBXFileReference; lastKnownFileType = sourcecode.swift; path = MainView.swift; sourceTree = "<group>"; };
		CF2FB263299E25D200756553 /* MainViewModel.swift */ = {isa = PBXFileReference; lastKnownFileType = sourcecode.swift; path = MainViewModel.swift; sourceTree = "<group>"; };
		CF3282EC299E3758006A459B /* UIApplication+Extension.swift */ = {isa = PBXFileReference; lastKnownFileType = sourcecode.swift; path = "UIApplication+Extension.swift"; sourceTree = "<group>"; };
		CF43BF72299274D900FD3180 /* FirebaseAuth+Combine.swift */ = {isa = PBXFileReference; lastKnownFileType = sourcecode.swift; path = "FirebaseAuth+Combine.swift"; sourceTree = "<group>"; };
		CF6ABC0C29935C2D00D78213 /* SignUpViewModel.swift */ = {isa = PBXFileReference; fileEncoding = 4; lastKnownFileType = sourcecode.swift; path = SignUpViewModel.swift; sourceTree = "<group>"; };
		CF6ABC0D29935C2D00D78213 /* SignUpView.swift */ = {isa = PBXFileReference; fileEncoding = 4; lastKnownFileType = sourcecode.swift; path = SignUpView.swift; sourceTree = "<group>"; };
		CF6ABC0E29935C2D00D78213 /* AuthViewModel.swift */ = {isa = PBXFileReference; fileEncoding = 4; lastKnownFileType = sourcecode.swift; path = AuthViewModel.swift; sourceTree = "<group>"; };
		CF6ABC0F29935C2D00D78213 /* AuthView.swift */ = {isa = PBXFileReference; fileEncoding = 4; lastKnownFileType = sourcecode.swift; path = AuthView.swift; sourceTree = "<group>"; };
		CF6ABC1129935C2D00D78213 /* SignInView.swift */ = {isa = PBXFileReference; fileEncoding = 4; lastKnownFileType = sourcecode.swift; path = SignInView.swift; sourceTree = "<group>"; };
		CF6ABC1229935C2D00D78213 /* SignInViewModel.swift */ = {isa = PBXFileReference; fileEncoding = 4; lastKnownFileType = sourcecode.swift; path = SignInViewModel.swift; sourceTree = "<group>"; };
		CF6ABC1D29935D7B00D78213 /* RootView.swift */ = {isa = PBXFileReference; lastKnownFileType = sourcecode.swift; path = RootView.swift; sourceTree = "<group>"; };
		CF6ABC1E29935D7B00D78213 /* RootViewModel.swift */ = {isa = PBXFileReference; lastKnownFileType = sourcecode.swift; path = RootViewModel.swift; sourceTree = "<group>"; };
		CF745A592998E5EA008177E5 /* FullSizeTappableTextFieldStyle.swift */ = {isa = PBXFileReference; lastKnownFileType = sourcecode.swift; path = FullSizeTappableTextFieldStyle.swift; sourceTree = "<group>"; };
		CF745A5B2998E5F2008177E5 /* AuthTextFieldStyle.swift */ = {isa = PBXFileReference; lastKnownFileType = sourcecode.swift; path = AuthTextFieldStyle.swift; sourceTree = "<group>"; };
		CFC5AC5729A603A10028BEC4 /* MyPageView.swift */ = {isa = PBXFileReference; lastKnownFileType = sourcecode.swift; path = MyPageView.swift; sourceTree = "<group>"; };
		CFC5AC5829A603A10028BEC4 /* MyPageViewModel.swift */ = {isa = PBXFileReference; lastKnownFileType = sourcecode.swift; path = MyPageViewModel.swift; sourceTree = "<group>"; };
		CFC5AC5D29A604600028BEC4 /* MyPageItemView.swift */ = {isa = PBXFileReference; lastKnownFileType = sourcecode.swift; path = MyPageItemView.swift; sourceTree = "<group>"; };
		CFC709DF2996051800B64216 /* View+Progress.swift */ = {isa = PBXFileReference; lastKnownFileType = sourcecode.swift; path = "View+Progress.swift"; sourceTree = "<group>"; };
		CFC709E22996276C00B64216 /* RoundedLinearProgressViewStyle.swift */ = {isa = PBXFileReference; lastKnownFileType = sourcecode.swift; path = RoundedLinearProgressViewStyle.swift; sourceTree = "<group>"; };
		CFC709E529962CD100B64216 /* SignUpNavigationView.swift */ = {isa = PBXFileReference; lastKnownFileType = sourcecode.swift; path = SignUpNavigationView.swift; sourceTree = "<group>"; };
		CFC709E629962CD100B64216 /* SignUpNavigationViewModel.swift */ = {isa = PBXFileReference; lastKnownFileType = sourcecode.swift; path = SignUpNavigationViewModel.swift; sourceTree = "<group>"; };
		CFC709EF29962F9200B64216 /* TermItemView.swift */ = {isa = PBXFileReference; lastKnownFileType = sourcecode.swift; path = TermItemView.swift; sourceTree = "<group>"; };
		CFD83DBE29967A2E00B9A6BB /* SignUpStepView.swift */ = {isa = PBXFileReference; lastKnownFileType = sourcecode.swift; path = SignUpStepView.swift; sourceTree = "<group>"; };
		CFD83DC12996812B00B9A6BB /* TermItemType.swift */ = {isa = PBXFileReference; lastKnownFileType = sourcecode.swift; path = TermItemType.swift; sourceTree = "<group>"; };
		CFD83DC42996A07700B9A6BB /* SignUpStep.swift */ = {isa = PBXFileReference; lastKnownFileType = sourcecode.swift; path = SignUpStep.swift; sourceTree = "<group>"; };
		CFD83DCB29973A5F00B9A6BB /* AuthNavigationView.swift */ = {isa = PBXFileReference; lastKnownFileType = sourcecode.swift; path = AuthNavigationView.swift; sourceTree = "<group>"; };
		CFD83DCC29973A5F00B9A6BB /* AuthNavigationViewModel.swift */ = {isa = PBXFileReference; lastKnownFileType = sourcecode.swift; path = AuthNavigationViewModel.swift; sourceTree = "<group>"; };
		CFD83DCF29974E4E00B9A6BB /* Navigation+Extension.swift */ = {isa = PBXFileReference; lastKnownFileType = sourcecode.swift; path = "Navigation+Extension.swift"; sourceTree = "<group>"; };
		CFDCA37829964501003C2C77 /* ButtonStyle.swift */ = {isa = PBXFileReference; lastKnownFileType = sourcecode.swift; path = ButtonStyle.swift; sourceTree = "<group>"; };
		CFE09253298DF69600F197F0 /* NaverAuthAPI.swift */ = {isa = PBXFileReference; lastKnownFileType = sourcecode.swift; path = NaverAuthAPI.swift; sourceTree = "<group>"; };
		CFE0925A298DF7AF00F197F0 /* Logger+SwiftyBeaver.swift */ = {isa = PBXFileReference; lastKnownFileType = sourcecode.swift; path = "Logger+SwiftyBeaver.swift"; sourceTree = "<group>"; };
		CFE0925C298DFDCB00F197F0 /* KakaoAuthAPI.swift */ = {isa = PBXFileReference; lastKnownFileType = sourcecode.swift; path = KakaoAuthAPI.swift; sourceTree = "<group>"; };
		CFE0925E298EACF200F197F0 /* GoogleAuthAPI.swift */ = {isa = PBXFileReference; lastKnownFileType = sourcecode.swift; path = GoogleAuthAPI.swift; sourceTree = "<group>"; };
		CFE09262298EB69700F197F0 /* FirebaseUser+Combine.swift */ = {isa = PBXFileReference; lastKnownFileType = sourcecode.swift; path = "FirebaseUser+Combine.swift"; sourceTree = "<group>"; };
		CFE09264298EB92D00F197F0 /* AppleAuthAPI.swift */ = {isa = PBXFileReference; lastKnownFileType = sourcecode.swift; path = AppleAuthAPI.swift; sourceTree = "<group>"; };
		CFE09269298FC6DB00F197F0 /* Noljanolja.entitlements */ = {isa = PBXFileReference; lastKnownFileType = text.plist.entitlements; path = Noljanolja.entitlements; sourceTree = "<group>"; };
		CFE0926A298FE73000F197F0 /* CloudFunctionAuthAPI.swift */ = {isa = PBXFileReference; lastKnownFileType = sourcecode.swift; path = CloudFunctionAuthAPI.swift; sourceTree = "<group>"; };
		CFE0933D298FFC5B00F197F0 /* AuthError.swift */ = {isa = PBXFileReference; lastKnownFileType = sourcecode.swift; path = AuthError.swift; sourceTree = "<group>"; };
		CFE09340299007E400F197F0 /* Publisher+FlatMapTranforming.swift */ = {isa = PBXFileReference; lastKnownFileType = sourcecode.swift; path = "Publisher+FlatMapTranforming.swift"; sourceTree = "<group>"; };
		CFE0A38E299E79EF00E904B0 /* AuthPopupView.swift */ = {isa = PBXFileReference; lastKnownFileType = sourcecode.swift; path = AuthPopupView.swift; sourceTree = "<group>"; };
		CFE0A38F299E79EF00E904B0 /* AuthPopupViewModel.swift */ = {isa = PBXFileReference; lastKnownFileType = sourcecode.swift; path = AuthPopupViewModel.swift; sourceTree = "<group>"; };
		CFE0A393299E90BA00E904B0 /* MainNavigationType.swift */ = {isa = PBXFileReference; lastKnownFileType = sourcecode.swift; path = MainNavigationType.swift; sourceTree = "<group>"; };
		CFE48BC2299207DA0062C903 /* AuthStore.swift */ = {isa = PBXFileReference; lastKnownFileType = sourcecode.swift; path = AuthStore.swift; sourceTree = "<group>"; };
		CFE978702998876B00A50083 /* Launch Screen.storyboard */ = {isa = PBXFileReference; lastKnownFileType = file.storyboard; path = "Launch Screen.storyboard"; sourceTree = "<group>"; };
		CFFD707E298AB9FF00D4F5A2 /* Noljanolja.app */ = {isa = PBXFileReference; explicitFileType = wrapper.application; includeInIndex = 0; path = Noljanolja.app; sourceTree = BUILT_PRODUCTS_DIR; };
		CFFD7081298AB9FF00D4F5A2 /* NoljanoljaApp.swift */ = {isa = PBXFileReference; lastKnownFileType = sourcecode.swift; path = NoljanoljaApp.swift; sourceTree = "<group>"; };
		CFFD7085298ABA0100D4F5A2 /* ImageAssets.xcassets */ = {isa = PBXFileReference; lastKnownFileType = folder.assetcatalog; path = ImageAssets.xcassets; sourceTree = "<group>"; };
		CFFD7088298ABA0100D4F5A2 /* Preview Assets.xcassets */ = {isa = PBXFileReference; lastKnownFileType = folder.assetcatalog; path = "Preview Assets.xcassets"; sourceTree = "<group>"; };
		CFFD708E298ABA0100D4F5A2 /* NoljanoljaTests.xctest */ = {isa = PBXFileReference; explicitFileType = wrapper.cfbundle; includeInIndex = 0; path = NoljanoljaTests.xctest; sourceTree = BUILT_PRODUCTS_DIR; };
		CFFD7092298ABA0100D4F5A2 /* NoljanoljaTests.swift */ = {isa = PBXFileReference; lastKnownFileType = sourcecode.swift; path = NoljanoljaTests.swift; sourceTree = "<group>"; };
		CFFD7098298ABA0100D4F5A2 /* NoljanoljaUITests.xctest */ = {isa = PBXFileReference; explicitFileType = wrapper.cfbundle; includeInIndex = 0; path = NoljanoljaUITests.xctest; sourceTree = BUILT_PRODUCTS_DIR; };
		CFFD709C298ABA0100D4F5A2 /* NoljanoljaUITests.swift */ = {isa = PBXFileReference; lastKnownFileType = sourcecode.swift; path = NoljanoljaUITests.swift; sourceTree = "<group>"; };
		CFFD709E298ABA0100D4F5A2 /* NoljanoljaUITestsLaunchTests.swift */ = {isa = PBXFileReference; lastKnownFileType = sourcecode.swift; path = NoljanoljaUITestsLaunchTests.swift; sourceTree = "<group>"; };
		CFFD70B9298AC5F800D4F5A2 /* NetworkLoggerPluggin.swift */ = {isa = PBXFileReference; fileEncoding = 4; lastKnownFileType = sourcecode.swift; path = NetworkLoggerPluggin.swift; sourceTree = "<group>"; };
		CFFD70BA298AC5F800D4F5A2 /* RequestTimeoutPlugin.swift */ = {isa = PBXFileReference; fileEncoding = 4; lastKnownFileType = sourcecode.swift; path = RequestTimeoutPlugin.swift; sourceTree = "<group>"; };
		CFFD70BB298AC5F800D4F5A2 /* AuthPluggin.swift */ = {isa = PBXFileReference; fileEncoding = 4; lastKnownFileType = sourcecode.swift; path = AuthPluggin.swift; sourceTree = "<group>"; };
		CFFD70BC298AC5F800D4F5A2 /* DisableLocalCachePlugin.swift */ = {isa = PBXFileReference; fileEncoding = 4; lastKnownFileType = sourcecode.swift; path = DisableLocalCachePlugin.swift; sourceTree = "<group>"; };
		CFFD70BE298AC5F800D4F5A2 /* BaseAuthTargetType.swift */ = {isa = PBXFileReference; fileEncoding = 4; lastKnownFileType = sourcecode.swift; path = BaseAuthTargetType.swift; sourceTree = "<group>"; };
		CFFD70BF298AC5F800D4F5A2 /* TargetType+RawTarget.swift */ = {isa = PBXFileReference; fileEncoding = 4; lastKnownFileType = sourcecode.swift; path = "TargetType+RawTarget.swift"; sourceTree = "<group>"; };
		CFFD70C0298AC5F800D4F5A2 /* TargetType+Default.swift */ = {isa = PBXFileReference; fileEncoding = 4; lastKnownFileType = sourcecode.swift; path = "TargetType+Default.swift"; sourceTree = "<group>"; };
		CFFD70C2298AC5F800D4F5A2 /* ApiProvider.swift */ = {isa = PBXFileReference; fileEncoding = 4; lastKnownFileType = sourcecode.swift; path = ApiProvider.swift; sourceTree = "<group>"; };
		CFFD70C3298AC5F800D4F5A2 /* Api.swift */ = {isa = PBXFileReference; fileEncoding = 4; lastKnownFileType = sourcecode.swift; path = Api.swift; sourceTree = "<group>"; };
		CFFD70D2298AC89000D4F5A2 /* NetworkConfigs.swift */ = {isa = PBXFileReference; lastKnownFileType = sourcecode.swift; path = NetworkConfigs.swift; sourceTree = "<group>"; };
		CFFD70D4298AC92500D4F5A2 /* HomeAPI.swift */ = {isa = PBXFileReference; lastKnownFileType = sourcecode.swift; path = HomeAPI.swift; sourceTree = "<group>"; };
		CFFD70D6298ACA8700D4F5A2 /* HomeModel.swift */ = {isa = PBXFileReference; lastKnownFileType = sourcecode.swift; path = HomeModel.swift; sourceTree = "<group>"; };
		CFFD70D8298ACAF600D4F5A2 /* BaseTargetType.swift */ = {isa = PBXFileReference; lastKnownFileType = sourcecode.swift; path = BaseTargetType.swift; sourceTree = "<group>"; };
		CFFD718C298AD38C00D4F5A2 /* ColorAssets.xcassets */ = {isa = PBXFileReference; lastKnownFileType = folder.assetcatalog; path = ColorAssets.xcassets; sourceTree = "<group>"; };
		F53231636127B61B7E5B0B97 /* Pods-NoljanoljaTests.release.xcconfig */ = {isa = PBXFileReference; includeInIndex = 1; lastKnownFileType = text.xcconfig; name = "Pods-NoljanoljaTests.release.xcconfig"; path = "Target Support Files/Pods-NoljanoljaTests/Pods-NoljanoljaTests.release.xcconfig"; sourceTree = "<group>"; };
		FAB5BA5AC93BBFAA68677C79 /* Pods_Noljanolja.framework */ = {isa = PBXFileReference; explicitFileType = wrapper.framework; includeInIndex = 0; path = Pods_Noljanolja.framework; sourceTree = BUILT_PRODUCTS_DIR; };
/* End PBXFileReference section */

/* Begin PBXFrameworksBuildPhase section */
		CFFD707B298AB9FF00D4F5A2 /* Frameworks */ = {
			isa = PBXFrameworksBuildPhase;
			buildActionMask = 2147483647;
			files = (
				CFE9D2E0298D6C1500D936DA /* KakaoSDKAuth in Frameworks */,
				CF6ABC232993618000D78213 /* Introspect in Frameworks */,
				CF14F24D298CC11700BC2066 /* FirebaseAnalytics in Frameworks */,
				CFE09272298FEACD00F197F0 /* SwifterSwift in Frameworks */,
				CFE9D2DD298D66F700D936DA /* GoogleSignIn in Frameworks */,
				CFE0926D298FE75500F197F0 /* FirebaseFunctionsCombine-Community in Frameworks */,
				CF0E8845298D4E09000DAE4A /* FirebaseCrashlytics in Frameworks */,
				CFE9D2E2298D6C1500D936DA /* KakaoSDKUser in Frameworks */,
				CF14F24F298CC11700BC2066 /* FirebaseAuthCombine-Community in Frameworks */,
				CFE48BC1299206830062C903 /* KeychainAccess in Frameworks */,
				CFFD70D0298AC7A900D4F5A2 /* CombineMoya in Frameworks */,
				AEDBBDE12EEA3CADCA87D4F2 /* Pods_Noljanolja.framework in Frameworks */,
				CF88ABCD299F2E7400D8AB67 /* SwiftUINavigation in Frameworks */,
				CFE09257298DF78700F197F0 /* SwiftyBeaver in Frameworks */,
			);
			runOnlyForDeploymentPostprocessing = 0;
		};
		CFFD708B298ABA0100D4F5A2 /* Frameworks */ = {
			isa = PBXFrameworksBuildPhase;
			buildActionMask = 2147483647;
			files = (
				8353A88CBCF1CAFD239985BE /* Pods_NoljanoljaTests.framework in Frameworks */,
			);
			runOnlyForDeploymentPostprocessing = 0;
		};
		CFFD7095298ABA0100D4F5A2 /* Frameworks */ = {
			isa = PBXFrameworksBuildPhase;
			buildActionMask = 2147483647;
			files = (
				7647F56A2DB765C44F009B8C /* Pods_Noljanolja_NoljanoljaUITests.framework in Frameworks */,
			);
			runOnlyForDeploymentPostprocessing = 0;
		};
/* End PBXFrameworksBuildPhase section */

/* Begin PBXGroup section */
		7EDA28669CED10C0C42B836E /* Pods */ = {
			isa = PBXGroup;
			children = (
				67F6E05E9B2EC43CAF12E51A /* Pods-Noljanolja.debug.xcconfig */,
				0DBF76FA6A01D9DCD69E6220 /* Pods-Noljanolja.release.xcconfig */,
				9437E8407EBB11681966323A /* Pods-Noljanolja-NoljanoljaUITests.debug.xcconfig */,
				216373F9231F3C6A300BE8C9 /* Pods-Noljanolja-NoljanoljaUITests.release.xcconfig */,
				73EF59F50B2CC10F71D05CCA /* Pods-NoljanoljaTests.debug.xcconfig */,
				F53231636127B61B7E5B0B97 /* Pods-NoljanoljaTests.release.xcconfig */,
			);
			path = Pods;
			sourceTree = "<group>";
		};
		CF00D152299416BC00505702 /* Fonts */ = {
			isa = PBXGroup;
			children = (
				CF00D15D29941ECB00505702 /* NotoSans-Bold.ttf */,
				CF00D15E29941ECB00505702 /* NotoSans-Medium.ttf */,
				CF00D15B29941DF700505702 /* NotoSans-Regular.ttf */,
			);
			path = Fonts;
			sourceTree = "<group>";
		};
		CF00D158299417F400505702 /* Combines */ = {
			isa = PBXGroup;
			children = (
				CFE09340299007E400F197F0 /* Publisher+FlatMapTranforming.swift */,
			);
			path = Combines;
			sourceTree = "<group>";
		};
		CF00D161299423E300505702 /* SwiftUI */ = {
			isa = PBXGroup;
			children = (
				CF00D162299423FB00505702 /* View+EdgeCornerRadius.swift */,
				CFC709DF2996051800B64216 /* View+Progress.swift */,
				CFD83DCF29974E4E00B9A6BB /* Navigation+Extension.swift */,
			);
			path = SwiftUI;
			sourceTree = "<group>";
		};
		CF00D1672994E08A00505702 /* CustomTextField */ = {
			isa = PBXGroup;
			children = (
				CF745A582998E5D8008177E5 /* Styles */,
				CF00D1682994E0A700505702 /* TextField+ErrorMessage.swift */,
			);
			path = CustomTextField;
			sourceTree = "<group>";
		};
		CF00D16D2994FC3600505702 /* SwiftStdlib */ = {
			isa = PBXGroup;
			children = (
				CF00D16E2994FC9E00505702 /* String+Validation.swift */,
			);
			path = SwiftStdlib;
			sourceTree = "<group>";
		};
		CF0E8843298D4E09000DAE4A /* Frameworks */ = {
			isa = PBXGroup;
			children = (
				FAB5BA5AC93BBFAA68677C79 /* Pods_Noljanolja.framework */,
				264F630FC4DDFC0E9074F9D2 /* Pods_Noljanolja_NoljanoljaUITests.framework */,
				AD0295CC3C0D04548A9867CB /* Pods_NoljanoljaTests.framework */,
			);
			name = Frameworks;
			sourceTree = "<group>";
		};
		CF14F22C298C05CC00BC2066 /* Main */ = {
			isa = PBXGroup;
			children = (
				CFE0A392299E90AD00E904B0 /* Models */,
				CF1550202993B5C90053E86D /* CustomTabBar */,
				CF2FB262299E25D200756553 /* MainView.swift */,
				CF2FB263299E25D200756553 /* MainViewModel.swift */,
			);
			path = Main;
			sourceTree = "<group>";
		};
		CF14F23B298C309600BC2066 /* BuildTools */ = {
			isa = PBXGroup;
			children = (
				CF14F23F298C313A00BC2066 /* Scripts */,
				CF14F23C298C30B600BC2066 /* Package.swift */,
			);
			path = BuildTools;
			sourceTree = "<group>";
		};
		CF14F23F298C313A00BC2066 /* Scripts */ = {
			isa = PBXGroup;
			children = (
				CF14F242298C31C200BC2066 /* .swiftformat */,
				CF14F241298C31C200BC2066 /* swiftgen.yml */,
			);
			path = Scripts;
			sourceTree = "<group>";
		};
		CF14F25B298CE68600BC2066 /* Configs */ = {
			isa = PBXGroup;
			children = (
				CF14F264298CF4C300BC2066 /* App */,
				CF14F25C298CE68600BC2066 /* Firebases */,
			);
			path = Configs;
			sourceTree = "<group>";
		};
		CF14F25C298CE68600BC2066 /* Firebases */ = {
			isa = PBXGroup;
			children = (
				CF14F25D298CE68600BC2066 /* GoogleService-Info.plist */,
			);
			path = Firebases;
			sourceTree = "<group>";
		};
		CF14F264298CF4C300BC2066 /* App */ = {
			isa = PBXGroup;
			children = (
				CF14F265298CF4E700BC2066 /* AppConfigs.swift */,
			);
			path = App;
			sourceTree = "<group>";
		};
		CF15500D299396260053E86D /* Views */ = {
			isa = PBXGroup;
			children = (
				CFDCA377299644E7003C2C77 /* ButtonStyle */,
				CFC709E12996211E00B64216 /* ProgressView */,
				CF00D1672994E08A00505702 /* CustomTextField */,
				CF15500E299397F70053E86D /* CustomTabLayout */,
			);
			path = Views;
			sourceTree = "<group>";
		};
		CF15500E299397F70053E86D /* CustomTabLayout */ = {
			isa = PBXGroup;
			children = (
				CF15500F29939A350053E86D /* TabLayout.swift */,
			);
			path = CustomTabLayout;
			sourceTree = "<group>";
		};
		CF15501A2993B5640053E86D /* ResetPassword */ = {
			isa = PBXGroup;
			children = (
				CF1550162993B55F0053E86D /* ForgotPasswordView.swift */,
				CF1550172993B55F0053E86D /* ForgotPasswordViewModel.swift */,
			);
			path = ResetPassword;
			sourceTree = "<group>";
		};
		CF1550202993B5C90053E86D /* CustomTabBar */ = {
			isa = PBXGroup;
			children = (
				CF1550212993B5C90053E86D /* TabBarView.swift */,
				CF1550222993B5C90053E86D /* TabBarItem.swift */,
			);
			path = CustomTabBar;
			sourceTree = "<group>";
		};
		CF174707299CB662001B93E8 /* Terms */ = {
			isa = PBXGroup;
			children = (
				CFD83DC02996810D00B9A6BB /* Models */,
				CFC709EE29962F8500B64216 /* Views */,
				CF174714299CB72C001B93E8 /* TermsView.swift */,
				CF174715299CB72C001B93E8 /* TermsViewModel.swift */,
			);
			path = Terms;
			sourceTree = "<group>";
		};
		CF174718299CBC9F001B93E8 /* TermDetail */ = {
			isa = PBXGroup;
			children = (
				CF174719299CBCB1001B93E8 /* TermDetailView.swift */,
				CF17471A299CBCB1001B93E8 /* TermDetailViewModel.swift */,
			);
			path = TermDetail;
			sourceTree = "<group>";
		};
		CF17471D299CBFD2001B93E8 /* EmailVerification */ = {
			isa = PBXGroup;
			children = (
				CF17471E299CBFDE001B93E8 /* EmailVerificationView.swift */,
				CF17471F299CBFDE001B93E8 /* EmailVerificationViewModel.swift */,
			);
			path = EmailVerification;
			sourceTree = "<group>";
		};
		CF3282EB299E3746006A459B /* UIKit */ = {
			isa = PBXGroup;
			children = (
				CF3282EC299E3758006A459B /* UIApplication+Extension.swift */,
			);
			path = UIKit;
			sourceTree = "<group>";
		};
		CF6ABC0A29935C2D00D78213 /* Auth */ = {
			isa = PBXGroup;
			children = (
				CFE0A38D299E79DD00E904B0 /* AuthPopup */,
				CF6ABC1929935D4800D78213 /* Auth */,
				CFD83DCA29973A3200B9A6BB /* AuthNavigation */,
				CF17471D299CBFD2001B93E8 /* EmailVerification */,
				CF15501A2993B5640053E86D /* ResetPassword */,
				CF6ABC1029935C2D00D78213 /* SignIn */,
				CF6ABC0B29935C2D00D78213 /* SignUp */,
				CFC709E429962CB300B64216 /* SignUpNavigation */,
				CF174718299CBC9F001B93E8 /* TermDetail */,
				CF174707299CB662001B93E8 /* Terms */,
			);
			path = Auth;
			sourceTree = "<group>";
		};
		CF6ABC0B29935C2D00D78213 /* SignUp */ = {
			isa = PBXGroup;
			children = (
				CF6ABC0D29935C2D00D78213 /* SignUpView.swift */,
				CF6ABC0C29935C2D00D78213 /* SignUpViewModel.swift */,
			);
			path = SignUp;
			sourceTree = "<group>";
		};
		CF6ABC1029935C2D00D78213 /* SignIn */ = {
			isa = PBXGroup;
			children = (
				CF6ABC1129935C2D00D78213 /* SignInView.swift */,
				CF6ABC1229935C2D00D78213 /* SignInViewModel.swift */,
			);
			path = SignIn;
			sourceTree = "<group>";
		};
		CF6ABC1929935D4800D78213 /* Auth */ = {
			isa = PBXGroup;
			children = (
				CF6ABC0F29935C2D00D78213 /* AuthView.swift */,
				CF6ABC0E29935C2D00D78213 /* AuthViewModel.swift */,
			);
			path = Auth;
			sourceTree = "<group>";
		};
		CF6ABC1A29935D5800D78213 /* Root */ = {
			isa = PBXGroup;
			children = (
				CF6ABC1D29935D7B00D78213 /* RootView.swift */,
				CF6ABC1E29935D7B00D78213 /* RootViewModel.swift */,
			);
			path = Root;
			sourceTree = "<group>";
		};
		CF745A582998E5D8008177E5 /* Styles */ = {
			isa = PBXGroup;
			children = (
				CF745A592998E5EA008177E5 /* FullSizeTappableTextFieldStyle.swift */,
				CF745A5B2998E5F2008177E5 /* AuthTextFieldStyle.swift */,
			);
			path = Styles;
			sourceTree = "<group>";
		};
		CFC5AC5629A603800028BEC4 /* MyPage */ = {
			isa = PBXGroup;
			children = (
				CFC5AC5C29A604510028BEC4 /* Views */,
				CFC5AC5729A603A10028BEC4 /* MyPageView.swift */,
				CFC5AC5829A603A10028BEC4 /* MyPageViewModel.swift */,
			);
			path = MyPage;
			sourceTree = "<group>";
		};
		CFC5AC5C29A604510028BEC4 /* Views */ = {
			isa = PBXGroup;
			children = (
				CFC5AC5D29A604600028BEC4 /* MyPageItemView.swift */,
			);
			path = Views;
			sourceTree = "<group>";
		};
		CFC709E12996211E00B64216 /* ProgressView */ = {
			isa = PBXGroup;
			children = (
				CF00D1722995457600505702 /* ProgressHUDView.swift */,
				CFC709E22996276C00B64216 /* RoundedLinearProgressViewStyle.swift */,
			);
			path = ProgressView;
			sourceTree = "<group>";
		};
		CFC709E429962CB300B64216 /* SignUpNavigation */ = {
			isa = PBXGroup;
			children = (
				CFD83DC32996A06B00B9A6BB /* Models */,
				CFD83DBD29967A0D00B9A6BB /* Views */,
				CFC709E529962CD100B64216 /* SignUpNavigationView.swift */,
				CFC709E629962CD100B64216 /* SignUpNavigationViewModel.swift */,
			);
			path = SignUpNavigation;
			sourceTree = "<group>";
		};
		CFC709EE29962F8500B64216 /* Views */ = {
			isa = PBXGroup;
			children = (
				CFC709EF29962F9200B64216 /* TermItemView.swift */,
			);
			path = Views;
			sourceTree = "<group>";
		};
		CFD83DBD29967A0D00B9A6BB /* Views */ = {
			isa = PBXGroup;
			children = (
				CFD83DBE29967A2E00B9A6BB /* SignUpStepView.swift */,
			);
			path = Views;
			sourceTree = "<group>";
		};
		CFD83DC02996810D00B9A6BB /* Models */ = {
			isa = PBXGroup;
			children = (
				CFD83DC12996812B00B9A6BB /* TermItemType.swift */,
			);
			path = Models;
			sourceTree = "<group>";
		};
		CFD83DC32996A06B00B9A6BB /* Models */ = {
			isa = PBXGroup;
			children = (
				CFD83DC42996A07700B9A6BB /* SignUpStep.swift */,
			);
			path = Models;
			sourceTree = "<group>";
		};
		CFD83DCA29973A3200B9A6BB /* AuthNavigation */ = {
			isa = PBXGroup;
			children = (
				CFD83DCB29973A5F00B9A6BB /* AuthNavigationView.swift */,
				CFD83DCC29973A5F00B9A6BB /* AuthNavigationViewModel.swift */,
			);
			path = AuthNavigation;
			sourceTree = "<group>";
		};
		CFDCA377299644E7003C2C77 /* ButtonStyle */ = {
			isa = PBXGroup;
			children = (
				CFDCA37829964501003C2C77 /* ButtonStyle.swift */,
			);
			path = ButtonStyle;
			sourceTree = "<group>";
		};
		CFE09252298DF67D00F197F0 /* Auth */ = {
			isa = PBXGroup;
			children = (
				CFE09264298EB92D00F197F0 /* AppleAuthAPI.swift */,
				CFE0925E298EACF200F197F0 /* GoogleAuthAPI.swift */,
				CFE0925C298DFDCB00F197F0 /* KakaoAuthAPI.swift */,
				CFE09253298DF69600F197F0 /* NaverAuthAPI.swift */,
				CFE0926A298FE73000F197F0 /* CloudFunctionAuthAPI.swift */,
				CFE48BC2299207DA0062C903 /* AuthStore.swift */,
				CFE09262298EB69700F197F0 /* FirebaseUser+Combine.swift */,
				CF43BF72299274D900FD3180 /* FirebaseAuth+Combine.swift */,
			);
			path = Auth;
			sourceTree = "<group>";
		};
		CFE09258298DF79300F197F0 /* Commons */ = {
			isa = PBXGroup;
			children = (
				CF15500D299396260053E86D /* Views */,
				CFE0933F299007C600F197F0 /* Extensions */,
				CFE09259298DF7A000F197F0 /* Loggers */,
			);
			path = Commons;
			sourceTree = "<group>";
		};
		CFE09259298DF7A000F197F0 /* Loggers */ = {
			isa = PBXGroup;
			children = (
				CFE0925A298DF7AF00F197F0 /* Logger+SwiftyBeaver.swift */,
			);
			path = Loggers;
			sourceTree = "<group>";
		};
		CFE0933F299007C600F197F0 /* Extensions */ = {
			isa = PBXGroup;
			children = (
				CF3282EB299E3746006A459B /* UIKit */,
				CF00D16D2994FC3600505702 /* SwiftStdlib */,
				CF00D161299423E300505702 /* SwiftUI */,
				CF00D158299417F400505702 /* Combines */,
			);
			path = Extensions;
			sourceTree = "<group>";
		};
		CFE0A38D299E79DD00E904B0 /* AuthPopup */ = {
			isa = PBXGroup;
			children = (
				CFE0A38E299E79EF00E904B0 /* AuthPopupView.swift */,
				CFE0A38F299E79EF00E904B0 /* AuthPopupViewModel.swift */,
			);
			path = AuthPopup;
			sourceTree = "<group>";
		};
		CFE0A392299E90AD00E904B0 /* Models */ = {
			isa = PBXGroup;
			children = (
				CFE0A393299E90BA00E904B0 /* MainNavigationType.swift */,
			);
			path = Models;
			sourceTree = "<group>";
		};
		CFE9786D2998869E00A50083 /* Launch */ = {
			isa = PBXGroup;
			children = (
				CFE978702998876B00A50083 /* Launch Screen.storyboard */,
			);
			path = Launch;
			sourceTree = "<group>";
		};
		CFFD7075298AB9FF00D4F5A2 = {
			isa = PBXGroup;
			children = (
				CFFD7080298AB9FF00D4F5A2 /* Noljanolja */,
				CFFD7091298ABA0100D4F5A2 /* NoljanoljaTests */,
				CFFD709B298ABA0100D4F5A2 /* NoljanoljaUITests */,
				CFFD707F298AB9FF00D4F5A2 /* Products */,
				CF0E8843298D4E09000DAE4A /* Frameworks */,
				7EDA28669CED10C0C42B836E /* Pods */,
			);
			sourceTree = "<group>";
		};
		CFFD707F298AB9FF00D4F5A2 /* Products */ = {
			isa = PBXGroup;
			children = (
				CFFD707E298AB9FF00D4F5A2 /* Noljanolja.app */,
				CFFD708E298ABA0100D4F5A2 /* NoljanoljaTests.xctest */,
				CFFD7098298ABA0100D4F5A2 /* NoljanoljaUITests.xctest */,
			);
			name = Products;
			sourceTree = "<group>";
		};
		CFFD7080298AB9FF00D4F5A2 /* Noljanolja */ = {
			isa = PBXGroup;
			children = (
				CFE09269298FC6DB00F197F0 /* Noljanolja.entitlements */,
				CF14F23B298C309600BC2066 /* BuildTools */,
				CF14F25B298CE68600BC2066 /* Configs */,
				CFFD70AB298AC19400D4F5A2 /* Sources */,
				CFFD70AC298AC19F00D4F5A2 /* Resources */,
				CFFD7087298ABA0100D4F5A2 /* Preview Content */,
			);
			path = Noljanolja;
			sourceTree = "<group>";
		};
		CFFD7087298ABA0100D4F5A2 /* Preview Content */ = {
			isa = PBXGroup;
			children = (
				CFFD7088298ABA0100D4F5A2 /* Preview Assets.xcassets */,
			);
			path = "Preview Content";
			sourceTree = "<group>";
		};
		CFFD7091298ABA0100D4F5A2 /* NoljanoljaTests */ = {
			isa = PBXGroup;
			children = (
				CFFD7092298ABA0100D4F5A2 /* NoljanoljaTests.swift */,
			);
			path = NoljanoljaTests;
			sourceTree = "<group>";
		};
		CFFD709B298ABA0100D4F5A2 /* NoljanoljaUITests */ = {
			isa = PBXGroup;
			children = (
				CFFD709C298ABA0100D4F5A2 /* NoljanoljaUITests.swift */,
				CFFD709E298ABA0100D4F5A2 /* NoljanoljaUITestsLaunchTests.swift */,
			);
			path = NoljanoljaUITests;
			sourceTree = "<group>";
		};
		CFFD70AB298AC19400D4F5A2 /* Sources */ = {
			isa = PBXGroup;
			children = (
				CFE09258298DF79300F197F0 /* Commons */,
				CFFD70B4298AC42800D4F5A2 /* Application */,
				CFFD70AF298AC21000D4F5A2 /* Services */,
			);
			path = Sources;
			sourceTree = "<group>";
		};
		CFFD70AC298AC19F00D4F5A2 /* Resources */ = {
			isa = PBXGroup;
			children = (
				CFFD70B1298AC34200D4F5A2 /* Generated */,
				CFFD70B0298AC33C00D4F5A2 /* Sources */,
			);
			path = Resources;
			sourceTree = "<group>";
		};
		CFFD70AD298AC1B400D4F5A2 /* Models */ = {
			isa = PBXGroup;
			children = (
				CFFD70D6298ACA8700D4F5A2 /* HomeModel.swift */,
				CFE0933D298FFC5B00F197F0 /* AuthError.swift */,
			);
			path = Models;
			sourceTree = "<group>";
		};
		CFFD70AE298AC1CE00D4F5A2 /* Services */ = {
			isa = PBXGroup;
			children = (
				CF14F267298CF87E00BC2066 /* AuthServices.swift */,
			);
			path = Services;
			sourceTree = "<group>";
		};
		CFFD70AF298AC21000D4F5A2 /* Services */ = {
			isa = PBXGroup;
			children = (
				CFFD70CD298AC5FD00D4F5A2 /* APIs */,
				CFFD70AD298AC1B400D4F5A2 /* Models */,
				CFFD70B7298AC55600D4F5A2 /* Network */,
				CFFD70AE298AC1CE00D4F5A2 /* Services */,
			);
			path = Services;
			sourceTree = "<group>";
		};
		CFFD70B0298AC33C00D4F5A2 /* Sources */ = {
			isa = PBXGroup;
			children = (
				CF00D152299416BC00505702 /* Fonts */,
				CFFD718C298AD38C00D4F5A2 /* ColorAssets.xcassets */,
				CFFD7085298ABA0100D4F5A2 /* ImageAssets.xcassets */,
				CF00D150299407EB00505702 /* Localizable.strings */,
			);
			path = Sources;
			sourceTree = "<group>";
		};
		CFFD70B1298AC34200D4F5A2 /* Generated */ = {
			isa = PBXGroup;
			children = (
				CF14F247298C331C00BC2066 /* ColorAssets.swift */,
				CF14F245298C331C00BC2066 /* ImageAssets.swift */,
				CF14F246298C331C00BC2066 /* Localizable.swift */,
				CF00D1562994174600505702 /* FontAssets.swift */,
			);
			path = Generated;
			sourceTree = "<group>";
		};
		CFFD70B4298AC42800D4F5A2 /* Application */ = {
			isa = PBXGroup;
			children = (
				CFFD70B6298AC43B00D4F5A2 /* App */,
				CFFD70B5298AC43200D4F5A2 /* Screens */,
			);
			path = Application;
			sourceTree = "<group>";
		};
		CFFD70B5298AC43200D4F5A2 /* Screens */ = {
			isa = PBXGroup;
			children = (
				CFC5AC5629A603800028BEC4 /* MyPage */,
				CFE9786D2998869E00A50083 /* Launch */,
				CF6ABC1A29935D5800D78213 /* Root */,
				CF6ABC0A29935C2D00D78213 /* Auth */,
				CF14F22C298C05CC00BC2066 /* Main */,
			);
			path = Screens;
			sourceTree = "<group>";
		};
		CFFD70B6298AC43B00D4F5A2 /* App */ = {
			isa = PBXGroup;
			children = (
				CF14F25A298CE46100BC2066 /* Info.plist */,
				CFFD7081298AB9FF00D4F5A2 /* NoljanoljaApp.swift */,
			);
			path = App;
			sourceTree = "<group>";
		};
		CFFD70B7298AC55600D4F5A2 /* Network */ = {
			isa = PBXGroup;
			children = (
				CFFD70D1298AC87800D4F5A2 /* Configs */,
				CFFD70C1298AC5F800D4F5A2 /* API */,
				CFFD70B8298AC5F800D4F5A2 /* Plugins */,
				CFFD70BD298AC5F800D4F5A2 /* Targets */,
			);
			path = Network;
			sourceTree = "<group>";
		};
		CFFD70B8298AC5F800D4F5A2 /* Plugins */ = {
			isa = PBXGroup;
			children = (
				CFFD70B9298AC5F800D4F5A2 /* NetworkLoggerPluggin.swift */,
				CFFD70BA298AC5F800D4F5A2 /* RequestTimeoutPlugin.swift */,
				CFFD70BB298AC5F800D4F5A2 /* AuthPluggin.swift */,
				CFFD70BC298AC5F800D4F5A2 /* DisableLocalCachePlugin.swift */,
			);
			path = Plugins;
			sourceTree = "<group>";
		};
		CFFD70BD298AC5F800D4F5A2 /* Targets */ = {
			isa = PBXGroup;
			children = (
				CFFD70BE298AC5F800D4F5A2 /* BaseAuthTargetType.swift */,
				CFFD70D8298ACAF600D4F5A2 /* BaseTargetType.swift */,
				CFFD70BF298AC5F800D4F5A2 /* TargetType+RawTarget.swift */,
				CFFD70C0298AC5F800D4F5A2 /* TargetType+Default.swift */,
			);
			path = Targets;
			sourceTree = "<group>";
		};
		CFFD70C1298AC5F800D4F5A2 /* API */ = {
			isa = PBXGroup;
			children = (
				CFFD70C2298AC5F800D4F5A2 /* ApiProvider.swift */,
				CFFD70C3298AC5F800D4F5A2 /* Api.swift */,
			);
			path = API;
			sourceTree = "<group>";
		};
		CFFD70CD298AC5FD00D4F5A2 /* APIs */ = {
			isa = PBXGroup;
			children = (
				CFFD70D4298AC92500D4F5A2 /* HomeAPI.swift */,
				CFE09252298DF67D00F197F0 /* Auth */,
			);
			path = APIs;
			sourceTree = "<group>";
		};
		CFFD70D1298AC87800D4F5A2 /* Configs */ = {
			isa = PBXGroup;
			children = (
				CFFD70D2298AC89000D4F5A2 /* NetworkConfigs.swift */,
			);
			path = Configs;
			sourceTree = "<group>";
		};
/* End PBXGroup section */

/* Begin PBXNativeTarget section */
		CFFD707D298AB9FF00D4F5A2 /* Noljanolja */ = {
			isa = PBXNativeTarget;
			buildConfigurationList = CFFD70A2298ABA0100D4F5A2 /* Build configuration list for PBXNativeTarget "Noljanolja" */;
			buildPhases = (
				BEC4C7E6D3B93AE685205DFD /* [CP] Check Pods Manifest.lock */,
				CF14F240298C317E00BC2066 /* SwiftGen */,
				CF14F23E298C30EB00BC2066 /* SwiftFormat */,
				CFFD707A298AB9FF00D4F5A2 /* Sources */,
				CFFD707B298AB9FF00D4F5A2 /* Frameworks */,
				CFFD707C298AB9FF00D4F5A2 /* Resources */,
				51F25C28F75DE5BDD1BEDF70 /* [CP] Embed Pods Frameworks */,
				CF0E8846298D4E50000DAE4A /* Crashlytics */,
			);
			buildRules = (
			);
			dependencies = (
			);
			name = Noljanolja;
			packageProductDependencies = (
				CFFD70CF298AC7A900D4F5A2 /* CombineMoya */,
				CF14F24C298CC11700BC2066 /* FirebaseAnalytics */,
				CF14F24E298CC11700BC2066 /* FirebaseAuthCombine-Community */,
				CF0E8844298D4E09000DAE4A /* FirebaseCrashlytics */,
				CFE9D2DC298D66F700D936DA /* GoogleSignIn */,
				CFE9D2DF298D6C1500D936DA /* KakaoSDKAuth */,
				CFE9D2E1298D6C1500D936DA /* KakaoSDKUser */,
				CFE09256298DF78700F197F0 /* SwiftyBeaver */,
				CFE0926C298FE75500F197F0 /* FirebaseFunctionsCombine-Community */,
				CFE09271298FEACD00F197F0 /* SwifterSwift */,
				CFE48BC0299206830062C903 /* KeychainAccess */,
				CF6ABC222993618000D78213 /* Introspect */,
				CF88ABCC299F2E7400D8AB67 /* SwiftUINavigation */,
			);
			productName = Noljanolja;
			productReference = CFFD707E298AB9FF00D4F5A2 /* Noljanolja.app */;
			productType = "com.apple.product-type.application";
		};
		CFFD708D298ABA0100D4F5A2 /* NoljanoljaTests */ = {
			isa = PBXNativeTarget;
			buildConfigurationList = CFFD70A5298ABA0100D4F5A2 /* Build configuration list for PBXNativeTarget "NoljanoljaTests" */;
			buildPhases = (
				E6DDCA06F15064E6E7F40ABF /* [CP] Check Pods Manifest.lock */,
				CFFD708A298ABA0100D4F5A2 /* Sources */,
				CFFD708B298ABA0100D4F5A2 /* Frameworks */,
				CFFD708C298ABA0100D4F5A2 /* Resources */,
			);
			buildRules = (
			);
			dependencies = (
				CFFD7090298ABA0100D4F5A2 /* PBXTargetDependency */,
			);
			name = NoljanoljaTests;
			productName = NoljanoljaTests;
			productReference = CFFD708E298ABA0100D4F5A2 /* NoljanoljaTests.xctest */;
			productType = "com.apple.product-type.bundle.unit-test";
		};
		CFFD7097298ABA0100D4F5A2 /* NoljanoljaUITests */ = {
			isa = PBXNativeTarget;
			buildConfigurationList = CFFD70A8298ABA0100D4F5A2 /* Build configuration list for PBXNativeTarget "NoljanoljaUITests" */;
			buildPhases = (
				7A342D1BD644929A68C3046B /* [CP] Check Pods Manifest.lock */,
				CFFD7094298ABA0100D4F5A2 /* Sources */,
				CFFD7095298ABA0100D4F5A2 /* Frameworks */,
				CFFD7096298ABA0100D4F5A2 /* Resources */,
				27934394C515CB0DC1EB374F /* [CP] Embed Pods Frameworks */,
			);
			buildRules = (
			);
			dependencies = (
				CFFD709A298ABA0100D4F5A2 /* PBXTargetDependency */,
			);
			name = NoljanoljaUITests;
			productName = NoljanoljaUITests;
			productReference = CFFD7098298ABA0100D4F5A2 /* NoljanoljaUITests.xctest */;
			productType = "com.apple.product-type.bundle.ui-testing";
		};
/* End PBXNativeTarget section */

/* Begin PBXProject section */
		CFFD7076298AB9FF00D4F5A2 /* Project object */ = {
			isa = PBXProject;
			attributes = {
				BuildIndependentTargetsInParallel = 1;
				LastSwiftUpdateCheck = 1420;
				LastUpgradeCheck = 1420;
				TargetAttributes = {
					CFFD707D298AB9FF00D4F5A2 = {
						CreatedOnToolsVersion = 14.2;
					};
					CFFD708D298ABA0100D4F5A2 = {
						CreatedOnToolsVersion = 14.2;
						TestTargetID = CFFD707D298AB9FF00D4F5A2;
					};
					CFFD7097298ABA0100D4F5A2 = {
						CreatedOnToolsVersion = 14.2;
						TestTargetID = CFFD707D298AB9FF00D4F5A2;
					};
				};
			};
			buildConfigurationList = CFFD7079298AB9FF00D4F5A2 /* Build configuration list for PBXProject "Noljanolja" */;
			compatibilityVersion = "Xcode 14.0";
			developmentRegion = en;
			hasScannedForEncodings = 0;
			knownRegions = (
				en,
				Base,
				ko,
			);
			mainGroup = CFFD7075298AB9FF00D4F5A2;
			packageReferences = (
				CFFD70CE298AC7A900D4F5A2 /* XCRemoteSwiftPackageReference "Moya" */,
				CF14F24B298CC11600BC2066 /* XCRemoteSwiftPackageReference "firebase-ios-sdk" */,
				CFE9D2DB298D66F700D936DA /* XCRemoteSwiftPackageReference "GoogleSignIn-iOS" */,
				CFE9D2DE298D6C1500D936DA /* XCRemoteSwiftPackageReference "kakao-ios-sdk" */,
				CFE09255298DF78700F197F0 /* XCRemoteSwiftPackageReference "SwiftyBeaver" */,
				CFE09270298FEACD00F197F0 /* XCRemoteSwiftPackageReference "SwifterSwift" */,
				CFE48BBF299206830062C903 /* XCRemoteSwiftPackageReference "KeychainAccess" */,
				CF6ABC212993617F00D78213 /* XCRemoteSwiftPackageReference "SwiftUI-Introspect" */,
				CF88ABCB299F2E7400D8AB67 /* XCRemoteSwiftPackageReference "swiftui-navigation" */,
			);
			productRefGroup = CFFD707F298AB9FF00D4F5A2 /* Products */;
			projectDirPath = "";
			projectRoot = "";
			targets = (
				CFFD707D298AB9FF00D4F5A2 /* Noljanolja */,
				CFFD708D298ABA0100D4F5A2 /* NoljanoljaTests */,
				CFFD7097298ABA0100D4F5A2 /* NoljanoljaUITests */,
			);
		};
/* End PBXProject section */

/* Begin PBXResourcesBuildPhase section */
		CFFD707C298AB9FF00D4F5A2 /* Resources */ = {
			isa = PBXResourcesBuildPhase;
			buildActionMask = 2147483647;
			files = (
				CF00D15C29941DF700505702 /* NotoSans-Regular.ttf in Resources */,
				CFFD7089298ABA0100D4F5A2 /* Preview Assets.xcassets in Resources */,
				CF00D14E299407EB00505702 /* Localizable.strings in Resources */,
				CFFD718D298AD38C00D4F5A2 /* ColorAssets.xcassets in Resources */,
				CFE978712998876B00A50083 /* Launch Screen.storyboard in Resources */,
				CFFD7086298ABA0100D4F5A2 /* ImageAssets.xcassets in Resources */,
				CF14F25E298CE68600BC2066 /* GoogleService-Info.plist in Resources */,
				CF00D1602994208200505702 /* NotoSans-Bold.ttf in Resources */,
				CF00D15F2994208000505702 /* NotoSans-Medium.ttf in Resources */,
			);
			runOnlyForDeploymentPostprocessing = 0;
		};
		CFFD708C298ABA0100D4F5A2 /* Resources */ = {
			isa = PBXResourcesBuildPhase;
			buildActionMask = 2147483647;
			files = (
			);
			runOnlyForDeploymentPostprocessing = 0;
		};
		CFFD7096298ABA0100D4F5A2 /* Resources */ = {
			isa = PBXResourcesBuildPhase;
			buildActionMask = 2147483647;
			files = (
			);
			runOnlyForDeploymentPostprocessing = 0;
		};
/* End PBXResourcesBuildPhase section */

/* Begin PBXShellScriptBuildPhase section */
		27934394C515CB0DC1EB374F /* [CP] Embed Pods Frameworks */ = {
			isa = PBXShellScriptBuildPhase;
			buildActionMask = 2147483647;
			files = (
			);
			inputFileListPaths = (
				"${PODS_ROOT}/Target Support Files/Pods-Noljanolja-NoljanoljaUITests/Pods-Noljanolja-NoljanoljaUITests-frameworks-${CONFIGURATION}-input-files.xcfilelist",
			);
			name = "[CP] Embed Pods Frameworks";
			outputFileListPaths = (
				"${PODS_ROOT}/Target Support Files/Pods-Noljanolja-NoljanoljaUITests/Pods-Noljanolja-NoljanoljaUITests-frameworks-${CONFIGURATION}-output-files.xcfilelist",
			);
			runOnlyForDeploymentPostprocessing = 0;
			shellPath = /bin/sh;
			shellScript = "\"${PODS_ROOT}/Target Support Files/Pods-Noljanolja-NoljanoljaUITests/Pods-Noljanolja-NoljanoljaUITests-frameworks.sh\"\n";
			showEnvVarsInLog = 0;
		};
		51F25C28F75DE5BDD1BEDF70 /* [CP] Embed Pods Frameworks */ = {
			isa = PBXShellScriptBuildPhase;
			buildActionMask = 2147483647;
			files = (
			);
			inputFileListPaths = (
				"${PODS_ROOT}/Target Support Files/Pods-Noljanolja/Pods-Noljanolja-frameworks-${CONFIGURATION}-input-files.xcfilelist",
			);
			name = "[CP] Embed Pods Frameworks";
			outputFileListPaths = (
				"${PODS_ROOT}/Target Support Files/Pods-Noljanolja/Pods-Noljanolja-frameworks-${CONFIGURATION}-output-files.xcfilelist",
			);
			runOnlyForDeploymentPostprocessing = 0;
			shellPath = /bin/sh;
			shellScript = "\"${PODS_ROOT}/Target Support Files/Pods-Noljanolja/Pods-Noljanolja-frameworks.sh\"\n";
			showEnvVarsInLog = 0;
		};
		7A342D1BD644929A68C3046B /* [CP] Check Pods Manifest.lock */ = {
			isa = PBXShellScriptBuildPhase;
			buildActionMask = 2147483647;
			files = (
			);
			inputFileListPaths = (
			);
			inputPaths = (
				"${PODS_PODFILE_DIR_PATH}/Podfile.lock",
				"${PODS_ROOT}/Manifest.lock",
			);
			name = "[CP] Check Pods Manifest.lock";
			outputFileListPaths = (
			);
			outputPaths = (
				"$(DERIVED_FILE_DIR)/Pods-Noljanolja-NoljanoljaUITests-checkManifestLockResult.txt",
			);
			runOnlyForDeploymentPostprocessing = 0;
			shellPath = /bin/sh;
			shellScript = "diff \"${PODS_PODFILE_DIR_PATH}/Podfile.lock\" \"${PODS_ROOT}/Manifest.lock\" > /dev/null\nif [ $? != 0 ] ; then\n    # print error to STDERR\n    echo \"error: The sandbox is not in sync with the Podfile.lock. Run 'pod install' or update your CocoaPods installation.\" >&2\n    exit 1\nfi\n# This output is used by Xcode 'outputs' to avoid re-running this script phase.\necho \"SUCCESS\" > \"${SCRIPT_OUTPUT_FILE_0}\"\n";
			showEnvVarsInLog = 0;
		};
		BEC4C7E6D3B93AE685205DFD /* [CP] Check Pods Manifest.lock */ = {
			isa = PBXShellScriptBuildPhase;
			buildActionMask = 2147483647;
			files = (
			);
			inputFileListPaths = (
			);
			inputPaths = (
				"${PODS_PODFILE_DIR_PATH}/Podfile.lock",
				"${PODS_ROOT}/Manifest.lock",
			);
			name = "[CP] Check Pods Manifest.lock";
			outputFileListPaths = (
			);
			outputPaths = (
				"$(DERIVED_FILE_DIR)/Pods-Noljanolja-checkManifestLockResult.txt",
			);
			runOnlyForDeploymentPostprocessing = 0;
			shellPath = /bin/sh;
			shellScript = "diff \"${PODS_PODFILE_DIR_PATH}/Podfile.lock\" \"${PODS_ROOT}/Manifest.lock\" > /dev/null\nif [ $? != 0 ] ; then\n    # print error to STDERR\n    echo \"error: The sandbox is not in sync with the Podfile.lock. Run 'pod install' or update your CocoaPods installation.\" >&2\n    exit 1\nfi\n# This output is used by Xcode 'outputs' to avoid re-running this script phase.\necho \"SUCCESS\" > \"${SCRIPT_OUTPUT_FILE_0}\"\n";
			showEnvVarsInLog = 0;
		};
		CF0E8846298D4E50000DAE4A /* Crashlytics */ = {
			isa = PBXShellScriptBuildPhase;
			buildActionMask = 2147483647;
			files = (
			);
			inputFileListPaths = (
			);
			inputPaths = (
				"${DWARF_DSYM_FOLDER_PATH}/${DWARF_DSYM_FILE_NAME}/Contents/Resources/DWARF/${TARGET_NAME}",
				"$(SRCROOT)/$(BUILT_PRODUCTS_DIR)/$(INFOPLIST_PATH)",
			);
			name = Crashlytics;
			outputFileListPaths = (
			);
			outputPaths = (
			);
			runOnlyForDeploymentPostprocessing = 0;
			shellPath = /bin/sh;
			shellScript = "\"${BUILD_DIR%/Build/*}/SourcePackages/checkouts/firebase-ios-sdk/Crashlytics/run\"\n";
		};
		CF14F23E298C30EB00BC2066 /* SwiftFormat */ = {
			isa = PBXShellScriptBuildPhase;
			buildActionMask = 2147483647;
			files = (
			);
			inputFileListPaths = (
			);
			inputPaths = (
			);
			name = SwiftFormat;
			outputFileListPaths = (
			);
			outputPaths = (
			);
			runOnlyForDeploymentPostprocessing = 0;
			shellPath = /bin/sh;
			shellScript = "cd Noljanolja/BuildTools\nSDKROOT=(xcrun --sdk macosx --show-sdk-path)\nswift run -c release swiftformat \"$SRCROOT\" --config \"$SRCROOT/Noljanolja/BuildTools/Scripts/.swiftformat\"\n";
		};
		CF14F240298C317E00BC2066 /* SwiftGen */ = {
			isa = PBXShellScriptBuildPhase;
			buildActionMask = 2147483647;
			files = (
			);
			inputFileListPaths = (
			);
			inputPaths = (
			);
			name = SwiftGen;
			outputFileListPaths = (
			);
			outputPaths = (
			);
			runOnlyForDeploymentPostprocessing = 0;
			shellPath = /bin/sh;
			shellScript = "cd Noljanolja/BuildTools\nSDKROOT=(xcrun --sdk macosx --show-sdk-path)\nswift run -c release swiftgen config run --config \"$SRCROOT/Noljanolja/BuildTools/Scripts/swiftgen.yml\"\n";
		};
		E6DDCA06F15064E6E7F40ABF /* [CP] Check Pods Manifest.lock */ = {
			isa = PBXShellScriptBuildPhase;
			buildActionMask = 2147483647;
			files = (
			);
			inputFileListPaths = (
			);
			inputPaths = (
				"${PODS_PODFILE_DIR_PATH}/Podfile.lock",
				"${PODS_ROOT}/Manifest.lock",
			);
			name = "[CP] Check Pods Manifest.lock";
			outputFileListPaths = (
			);
			outputPaths = (
				"$(DERIVED_FILE_DIR)/Pods-NoljanoljaTests-checkManifestLockResult.txt",
			);
			runOnlyForDeploymentPostprocessing = 0;
			shellPath = /bin/sh;
			shellScript = "diff \"${PODS_PODFILE_DIR_PATH}/Podfile.lock\" \"${PODS_ROOT}/Manifest.lock\" > /dev/null\nif [ $? != 0 ] ; then\n    # print error to STDERR\n    echo \"error: The sandbox is not in sync with the Podfile.lock. Run 'pod install' or update your CocoaPods installation.\" >&2\n    exit 1\nfi\n# This output is used by Xcode 'outputs' to avoid re-running this script phase.\necho \"SUCCESS\" > \"${SCRIPT_OUTPUT_FILE_0}\"\n";
			showEnvVarsInLog = 0;
		};
/* End PBXShellScriptBuildPhase section */

/* Begin PBXSourcesBuildPhase section */
		CFFD707A298AB9FF00D4F5A2 /* Sources */ = {
			isa = PBXSourcesBuildPhase;
			buildActionMask = 2147483647;
			files = (
				CF00D163299423FB00505702 /* View+EdgeCornerRadius.swift in Sources */,
				CFD83DD029974E4E00B9A6BB /* Navigation+Extension.swift in Sources */,
				CF43BF73299274D900FD3180 /* FirebaseAuth+Combine.swift in Sources */,
				CFFD70C5298AC5F800D4F5A2 /* RequestTimeoutPlugin.swift in Sources */,
				CF1550232993B5C90053E86D /* TabBarView.swift in Sources */,
				CFD83DBF29967A2E00B9A6BB /* SignUpStepView.swift in Sources */,
				CF1550182993B55F0053E86D /* ForgotPasswordView.swift in Sources */,
				CFD83DC52996A07700B9A6BB /* SignUpStep.swift in Sources */,
				CFE0925F298EACF200F197F0 /* GoogleAuthAPI.swift in Sources */,
				CFC709E729962CD100B64216 /* SignUpNavigationView.swift in Sources */,
				CF6ABC1329935C2D00D78213 /* SignUpViewModel.swift in Sources */,
				CFFD70D3298AC89000D4F5A2 /* NetworkConfigs.swift in Sources */,
				CF14F249298C331C00BC2066 /* Localizable.swift in Sources */,
				CF6ABC1629935C2D00D78213 /* AuthView.swift in Sources */,
				CF14F268298CF87E00BC2066 /* AuthServices.swift in Sources */,
				CF6ABC1829935C2D00D78213 /* SignInViewModel.swift in Sources */,
				CFFD70C9298AC5F800D4F5A2 /* TargetType+RawTarget.swift in Sources */,
				CFFD70C8298AC5F800D4F5A2 /* BaseAuthTargetType.swift in Sources */,
				CFFD70D9298ACAF600D4F5A2 /* BaseTargetType.swift in Sources */,
				CF2FB265299E25D300756553 /* MainViewModel.swift in Sources */,
				CF174717299CB72C001B93E8 /* TermsViewModel.swift in Sources */,
				CF00D1732995457600505702 /* ProgressHUDView.swift in Sources */,
				CF17471B299CBCB1001B93E8 /* TermDetailView.swift in Sources */,
				CF6ABC1529935C2D00D78213 /* AuthViewModel.swift in Sources */,
				CFE0A391299E79EF00E904B0 /* AuthPopupViewModel.swift in Sources */,
				CFC709E02996051800B64216 /* View+Progress.swift in Sources */,
				CF6ABC1729935C2D00D78213 /* SignInView.swift in Sources */,
				CFC5AC5929A603A10028BEC4 /* MyPageView.swift in Sources */,
				CF1550242993B5C90053E86D /* TabBarItem.swift in Sources */,
				CF3282ED299E3758006A459B /* UIApplication+Extension.swift in Sources */,
				CF00D1572994174600505702 /* FontAssets.swift in Sources */,
				CF745A5C2998E5F2008177E5 /* AuthTextFieldStyle.swift in Sources */,
				CFC5AC5E29A604600028BEC4 /* MyPageItemView.swift in Sources */,
				CFFD70C6298AC5F800D4F5A2 /* AuthPluggin.swift in Sources */,
				CF15501029939A350053E86D /* TabLayout.swift in Sources */,
				CFE0926B298FE73000F197F0 /* CloudFunctionAuthAPI.swift in Sources */,
				CFFD70CC298AC5F800D4F5A2 /* Api.swift in Sources */,
				CF2FB264299E25D200756553 /* MainView.swift in Sources */,
				CF14F24A298C331D00BC2066 /* ColorAssets.swift in Sources */,
				CFE09341299007E400F197F0 /* Publisher+FlatMapTranforming.swift in Sources */,
				CFFD70D5298AC92500D4F5A2 /* HomeAPI.swift in Sources */,
				CFE09254298DF69600F197F0 /* NaverAuthAPI.swift in Sources */,
				CF6ABC2029935D7B00D78213 /* RootViewModel.swift in Sources */,
				CF14F266298CF4E700BC2066 /* AppConfigs.swift in Sources */,
				CFC709E829962CD100B64216 /* SignUpNavigationViewModel.swift in Sources */,
				CFD83DC22996812B00B9A6BB /* TermItemType.swift in Sources */,
				CF174721299CBFDE001B93E8 /* EmailVerificationViewModel.swift in Sources */,
				CFFD7082298AB9FF00D4F5A2 /* NoljanoljaApp.swift in Sources */,
				CF6ABC1429935C2D00D78213 /* SignUpView.swift in Sources */,
				CF00D1692994E0A700505702 /* TextField+ErrorMessage.swift in Sources */,
				CF745A5A2998E5EA008177E5 /* FullSizeTappableTextFieldStyle.swift in Sources */,
				CFFD70C7298AC5F800D4F5A2 /* DisableLocalCachePlugin.swift in Sources */,
				CFDCA37929964501003C2C77 /* ButtonStyle.swift in Sources */,
				CFC709E32996276C00B64216 /* RoundedLinearProgressViewStyle.swift in Sources */,
				CF00D16F2994FC9E00505702 /* String+Validation.swift in Sources */,
				CFD83DCD29973A5F00B9A6BB /* AuthNavigationView.swift in Sources */,
				CFE48BC3299207DA0062C903 /* AuthStore.swift in Sources */,
				CFD83DCE29973A5F00B9A6BB /* AuthNavigationViewModel.swift in Sources */,
				CFE0A390299E79EF00E904B0 /* AuthPopupView.swift in Sources */,
				CFFD70CB298AC5F800D4F5A2 /* ApiProvider.swift in Sources */,
				CF6ABC1F29935D7B00D78213 /* RootView.swift in Sources */,
				CF174716299CB72C001B93E8 /* TermsView.swift in Sources */,
				CFC709F029962F9200B64216 /* TermItemView.swift in Sources */,
				CFE0933E298FFC5B00F197F0 /* AuthError.swift in Sources */,
				CFC5AC5A29A603A10028BEC4 /* MyPageViewModel.swift in Sources */,
				CFE0925B298DF7AF00F197F0 /* Logger+SwiftyBeaver.swift in Sources */,
				CFE09265298EB92D00F197F0 /* AppleAuthAPI.swift in Sources */,
				CFFD70C4298AC5F800D4F5A2 /* NetworkLoggerPluggin.swift in Sources */,
				CFE0925D298DFDCB00F197F0 /* KakaoAuthAPI.swift in Sources */,
				CFFD70CA298AC5F800D4F5A2 /* TargetType+Default.swift in Sources */,
				CF17471C299CBCB1001B93E8 /* TermDetailViewModel.swift in Sources */,
				CF14F248298C331C00BC2066 /* ImageAssets.swift in Sources */,
				CF174720299CBFDE001B93E8 /* EmailVerificationView.swift in Sources */,
				CFE09263298EB69700F197F0 /* FirebaseUser+Combine.swift in Sources */,
				CFFD70D7298ACA8700D4F5A2 /* HomeModel.swift in Sources */,
				CFE0A394299E90BA00E904B0 /* MainNavigationType.swift in Sources */,
				CF1550192993B55F0053E86D /* ForgotPasswordViewModel.swift in Sources */,
			);
			runOnlyForDeploymentPostprocessing = 0;
		};
		CFFD708A298ABA0100D4F5A2 /* Sources */ = {
			isa = PBXSourcesBuildPhase;
			buildActionMask = 2147483647;
			files = (
				CFFD7093298ABA0100D4F5A2 /* NoljanoljaTests.swift in Sources */,
			);
			runOnlyForDeploymentPostprocessing = 0;
		};
		CFFD7094298ABA0100D4F5A2 /* Sources */ = {
			isa = PBXSourcesBuildPhase;
			buildActionMask = 2147483647;
			files = (
				CFFD709F298ABA0100D4F5A2 /* NoljanoljaUITestsLaunchTests.swift in Sources */,
				CFFD709D298ABA0100D4F5A2 /* NoljanoljaUITests.swift in Sources */,
			);
			runOnlyForDeploymentPostprocessing = 0;
		};
/* End PBXSourcesBuildPhase section */

/* Begin PBXTargetDependency section */
		CFFD7090298ABA0100D4F5A2 /* PBXTargetDependency */ = {
			isa = PBXTargetDependency;
			target = CFFD707D298AB9FF00D4F5A2 /* Noljanolja */;
			targetProxy = CFFD708F298ABA0100D4F5A2 /* PBXContainerItemProxy */;
		};
		CFFD709A298ABA0100D4F5A2 /* PBXTargetDependency */ = {
			isa = PBXTargetDependency;
			target = CFFD707D298AB9FF00D4F5A2 /* Noljanolja */;
			targetProxy = CFFD7099298ABA0100D4F5A2 /* PBXContainerItemProxy */;
		};
/* End PBXTargetDependency section */

/* Begin PBXVariantGroup section */
		CF00D150299407EB00505702 /* Localizable.strings */ = {
			isa = PBXVariantGroup;
			children = (
				CF00D14F299407EB00505702 /* en */,
				CF00D151299407EF00505702 /* ko */,
			);
			name = Localizable.strings;
			sourceTree = "<group>";
		};
/* End PBXVariantGroup section */

/* Begin XCBuildConfiguration section */
		CFFD70A0298ABA0100D4F5A2 /* Debug */ = {
			isa = XCBuildConfiguration;
			buildSettings = {
				ALWAYS_SEARCH_USER_PATHS = NO;
				CLANG_ANALYZER_NONNULL = YES;
				CLANG_ANALYZER_NUMBER_OBJECT_CONVERSION = YES_AGGRESSIVE;
				CLANG_CXX_LANGUAGE_STANDARD = "gnu++20";
				CLANG_ENABLE_MODULES = YES;
				CLANG_ENABLE_OBJC_ARC = YES;
				CLANG_ENABLE_OBJC_WEAK = YES;
				CLANG_WARN_BLOCK_CAPTURE_AUTORELEASING = YES;
				CLANG_WARN_BOOL_CONVERSION = YES;
				CLANG_WARN_COMMA = YES;
				CLANG_WARN_CONSTANT_CONVERSION = YES;
				CLANG_WARN_DEPRECATED_OBJC_IMPLEMENTATIONS = YES;
				CLANG_WARN_DIRECT_OBJC_ISA_USAGE = YES_ERROR;
				CLANG_WARN_DOCUMENTATION_COMMENTS = YES;
				CLANG_WARN_EMPTY_BODY = YES;
				CLANG_WARN_ENUM_CONVERSION = YES;
				CLANG_WARN_INFINITE_RECURSION = YES;
				CLANG_WARN_INT_CONVERSION = YES;
				CLANG_WARN_NON_LITERAL_NULL_CONVERSION = YES;
				CLANG_WARN_OBJC_IMPLICIT_RETAIN_SELF = YES;
				CLANG_WARN_OBJC_LITERAL_CONVERSION = YES;
				CLANG_WARN_OBJC_ROOT_CLASS = YES_ERROR;
				CLANG_WARN_QUOTED_INCLUDE_IN_FRAMEWORK_HEADER = YES;
				CLANG_WARN_RANGE_LOOP_ANALYSIS = YES;
				CLANG_WARN_STRICT_PROTOTYPES = YES;
				CLANG_WARN_SUSPICIOUS_MOVE = YES;
				CLANG_WARN_UNGUARDED_AVAILABILITY = YES_AGGRESSIVE;
				CLANG_WARN_UNREACHABLE_CODE = YES;
				CLANG_WARN__DUPLICATE_METHOD_MATCH = YES;
				COPY_PHASE_STRIP = NO;
				DEBUG_INFORMATION_FORMAT = "dwarf-with-dsym";
				ENABLE_STRICT_OBJC_MSGSEND = YES;
				ENABLE_TESTABILITY = YES;
				GCC_C_LANGUAGE_STANDARD = gnu11;
				GCC_DYNAMIC_NO_PIC = NO;
				GCC_NO_COMMON_BLOCKS = YES;
				GCC_OPTIMIZATION_LEVEL = 0;
				GCC_PREPROCESSOR_DEFINITIONS = (
					"DEBUG=1",
					"$(inherited)",
				);
				GCC_WARN_64_TO_32_BIT_CONVERSION = YES;
				GCC_WARN_ABOUT_RETURN_TYPE = YES_ERROR;
				GCC_WARN_UNDECLARED_SELECTOR = YES;
				GCC_WARN_UNINITIALIZED_AUTOS = YES_AGGRESSIVE;
				GCC_WARN_UNUSED_FUNCTION = YES;
				GCC_WARN_UNUSED_VARIABLE = YES;
				IPHONEOS_DEPLOYMENT_TARGET = 14.0;
				MTL_ENABLE_DEBUG_INFO = INCLUDE_SOURCE;
				MTL_FAST_MATH = YES;
				ONLY_ACTIVE_ARCH = YES;
				SDKROOT = iphoneos;
				SWIFT_ACTIVE_COMPILATION_CONDITIONS = DEBUG;
				SWIFT_OPTIMIZATION_LEVEL = "-Onone";
			};
			name = Debug;
		};
		CFFD70A1298ABA0100D4F5A2 /* Release */ = {
			isa = XCBuildConfiguration;
			buildSettings = {
				ALWAYS_SEARCH_USER_PATHS = NO;
				CLANG_ANALYZER_NONNULL = YES;
				CLANG_ANALYZER_NUMBER_OBJECT_CONVERSION = YES_AGGRESSIVE;
				CLANG_CXX_LANGUAGE_STANDARD = "gnu++20";
				CLANG_ENABLE_MODULES = YES;
				CLANG_ENABLE_OBJC_ARC = YES;
				CLANG_ENABLE_OBJC_WEAK = YES;
				CLANG_WARN_BLOCK_CAPTURE_AUTORELEASING = YES;
				CLANG_WARN_BOOL_CONVERSION = YES;
				CLANG_WARN_COMMA = YES;
				CLANG_WARN_CONSTANT_CONVERSION = YES;
				CLANG_WARN_DEPRECATED_OBJC_IMPLEMENTATIONS = YES;
				CLANG_WARN_DIRECT_OBJC_ISA_USAGE = YES_ERROR;
				CLANG_WARN_DOCUMENTATION_COMMENTS = YES;
				CLANG_WARN_EMPTY_BODY = YES;
				CLANG_WARN_ENUM_CONVERSION = YES;
				CLANG_WARN_INFINITE_RECURSION = YES;
				CLANG_WARN_INT_CONVERSION = YES;
				CLANG_WARN_NON_LITERAL_NULL_CONVERSION = YES;
				CLANG_WARN_OBJC_IMPLICIT_RETAIN_SELF = YES;
				CLANG_WARN_OBJC_LITERAL_CONVERSION = YES;
				CLANG_WARN_OBJC_ROOT_CLASS = YES_ERROR;
				CLANG_WARN_QUOTED_INCLUDE_IN_FRAMEWORK_HEADER = YES;
				CLANG_WARN_RANGE_LOOP_ANALYSIS = YES;
				CLANG_WARN_STRICT_PROTOTYPES = YES;
				CLANG_WARN_SUSPICIOUS_MOVE = YES;
				CLANG_WARN_UNGUARDED_AVAILABILITY = YES_AGGRESSIVE;
				CLANG_WARN_UNREACHABLE_CODE = YES;
				CLANG_WARN__DUPLICATE_METHOD_MATCH = YES;
				COPY_PHASE_STRIP = NO;
				DEBUG_INFORMATION_FORMAT = "dwarf-with-dsym";
				ENABLE_NS_ASSERTIONS = NO;
				ENABLE_STRICT_OBJC_MSGSEND = YES;
				GCC_C_LANGUAGE_STANDARD = gnu11;
				GCC_NO_COMMON_BLOCKS = YES;
				GCC_WARN_64_TO_32_BIT_CONVERSION = YES;
				GCC_WARN_ABOUT_RETURN_TYPE = YES_ERROR;
				GCC_WARN_UNDECLARED_SELECTOR = YES;
				GCC_WARN_UNINITIALIZED_AUTOS = YES_AGGRESSIVE;
				GCC_WARN_UNUSED_FUNCTION = YES;
				GCC_WARN_UNUSED_VARIABLE = YES;
				IPHONEOS_DEPLOYMENT_TARGET = 14.0;
				MTL_ENABLE_DEBUG_INFO = NO;
				MTL_FAST_MATH = YES;
				SDKROOT = iphoneos;
				SWIFT_COMPILATION_MODE = wholemodule;
				SWIFT_OPTIMIZATION_LEVEL = "-O";
				VALIDATE_PRODUCT = YES;
			};
			name = Release;
		};
		CFFD70A3298ABA0100D4F5A2 /* Debug */ = {
			isa = XCBuildConfiguration;
			baseConfigurationReference = 67F6E05E9B2EC43CAF12E51A /* Pods-Noljanolja.debug.xcconfig */;
			buildSettings = {
				ASSETCATALOG_COMPILER_APPICON_NAME = AppIcon;
				ASSETCATALOG_COMPILER_GLOBAL_ACCENT_COLOR_NAME = AccentColor;
				CODE_SIGN_ENTITLEMENTS = Noljanolja/Noljanolja.entitlements;
				CODE_SIGN_STYLE = Automatic;
				CURRENT_PROJECT_VERSION = 1;
				DEVELOPMENT_ASSET_PATHS = "\"Noljanolja/Preview Content\"";
				ENABLE_PREVIEWS = YES;
				GENERATE_INFOPLIST_FILE = YES;
				INFOPLIST_FILE = Noljanolja/Sources/Application/App/Info.plist;
				INFOPLIST_KEY_UIApplicationSupportsIndirectInputEvents = YES;
				INFOPLIST_KEY_UILaunchScreen_Generation = YES;
				INFOPLIST_KEY_UILaunchStoryboardName = "Launch Screen.storyboard";
				INFOPLIST_KEY_UISupportedInterfaceOrientations_iPad = "UIInterfaceOrientationPortrait UIInterfaceOrientationPortraitUpsideDown UIInterfaceOrientationLandscapeLeft UIInterfaceOrientationLandscapeRight";
				INFOPLIST_KEY_UISupportedInterfaceOrientations_iPhone = "UIInterfaceOrientationPortrait UIInterfaceOrientationLandscapeLeft UIInterfaceOrientationLandscapeRight";
				LD_RUNPATH_SEARCH_PATHS = (
					"$(inherited)",
					"@executable_path/Frameworks",
				);
				MARKETING_VERSION = 1.0;
				PRODUCT_BUNDLE_IDENTIFIER = com.noljanolja.app.ios;
				PRODUCT_NAME = "$(TARGET_NAME)";
				SWIFT_EMIT_LOC_STRINGS = YES;
				SWIFT_VERSION = 5.0;
				TARGETED_DEVICE_FAMILY = "1,2";
			};
			name = Debug;
		};
		CFFD70A4298ABA0100D4F5A2 /* Release */ = {
			isa = XCBuildConfiguration;
			baseConfigurationReference = 0DBF76FA6A01D9DCD69E6220 /* Pods-Noljanolja.release.xcconfig */;
			buildSettings = {
				ASSETCATALOG_COMPILER_APPICON_NAME = AppIcon;
				ASSETCATALOG_COMPILER_GLOBAL_ACCENT_COLOR_NAME = AccentColor;
				CODE_SIGN_ENTITLEMENTS = Noljanolja/Noljanolja.entitlements;
				CODE_SIGN_STYLE = Automatic;
				CURRENT_PROJECT_VERSION = 1;
				DEVELOPMENT_ASSET_PATHS = "\"Noljanolja/Preview Content\"";
				ENABLE_PREVIEWS = YES;
				GENERATE_INFOPLIST_FILE = YES;
				INFOPLIST_FILE = Noljanolja/Sources/Application/App/Info.plist;
				INFOPLIST_KEY_UIApplicationSupportsIndirectInputEvents = YES;
				INFOPLIST_KEY_UILaunchScreen_Generation = YES;
				INFOPLIST_KEY_UILaunchStoryboardName = "Launch Screen.storyboard";
				INFOPLIST_KEY_UISupportedInterfaceOrientations_iPad = "UIInterfaceOrientationPortrait UIInterfaceOrientationPortraitUpsideDown UIInterfaceOrientationLandscapeLeft UIInterfaceOrientationLandscapeRight";
				INFOPLIST_KEY_UISupportedInterfaceOrientations_iPhone = "UIInterfaceOrientationPortrait UIInterfaceOrientationLandscapeLeft UIInterfaceOrientationLandscapeRight";
				LD_RUNPATH_SEARCH_PATHS = (
					"$(inherited)",
					"@executable_path/Frameworks",
				);
				MARKETING_VERSION = 1.0;
				PRODUCT_BUNDLE_IDENTIFIER = com.noljanolja.app.ios;
				PRODUCT_NAME = "$(TARGET_NAME)";
				SWIFT_EMIT_LOC_STRINGS = YES;
				SWIFT_VERSION = 5.0;
				TARGETED_DEVICE_FAMILY = "1,2";
			};
			name = Release;
		};
		CFFD70A6298ABA0100D4F5A2 /* Debug */ = {
			isa = XCBuildConfiguration;
			baseConfigurationReference = 73EF59F50B2CC10F71D05CCA /* Pods-NoljanoljaTests.debug.xcconfig */;
			buildSettings = {
				ALWAYS_EMBED_SWIFT_STANDARD_LIBRARIES = YES;
				BUNDLE_LOADER = "$(TEST_HOST)";
				CODE_SIGN_STYLE = Automatic;
				CURRENT_PROJECT_VERSION = 1;
				GENERATE_INFOPLIST_FILE = YES;
				IPHONEOS_DEPLOYMENT_TARGET = 16.2;
				MARKETING_VERSION = 1.0;
				PRODUCT_BUNDLE_IDENTIFIER = com.NoljanoljaTests;
				PRODUCT_NAME = "$(TARGET_NAME)";
				SWIFT_EMIT_LOC_STRINGS = NO;
				SWIFT_VERSION = 5.0;
				TARGETED_DEVICE_FAMILY = "1,2";
				TEST_HOST = "$(BUILT_PRODUCTS_DIR)/Noljanolja.app/$(BUNDLE_EXECUTABLE_FOLDER_PATH)/Noljanolja";
			};
			name = Debug;
		};
		CFFD70A7298ABA0100D4F5A2 /* Release */ = {
			isa = XCBuildConfiguration;
			baseConfigurationReference = F53231636127B61B7E5B0B97 /* Pods-NoljanoljaTests.release.xcconfig */;
			buildSettings = {
				ALWAYS_EMBED_SWIFT_STANDARD_LIBRARIES = YES;
				BUNDLE_LOADER = "$(TEST_HOST)";
				CODE_SIGN_STYLE = Automatic;
				CURRENT_PROJECT_VERSION = 1;
				GENERATE_INFOPLIST_FILE = YES;
				IPHONEOS_DEPLOYMENT_TARGET = 16.2;
				MARKETING_VERSION = 1.0;
				PRODUCT_BUNDLE_IDENTIFIER = com.NoljanoljaTests;
				PRODUCT_NAME = "$(TARGET_NAME)";
				SWIFT_EMIT_LOC_STRINGS = NO;
				SWIFT_VERSION = 5.0;
				TARGETED_DEVICE_FAMILY = "1,2";
				TEST_HOST = "$(BUILT_PRODUCTS_DIR)/Noljanolja.app/$(BUNDLE_EXECUTABLE_FOLDER_PATH)/Noljanolja";
			};
			name = Release;
		};
		CFFD70A9298ABA0100D4F5A2 /* Debug */ = {
			isa = XCBuildConfiguration;
			baseConfigurationReference = 9437E8407EBB11681966323A /* Pods-Noljanolja-NoljanoljaUITests.debug.xcconfig */;
			buildSettings = {
				ALWAYS_EMBED_SWIFT_STANDARD_LIBRARIES = YES;
				CODE_SIGN_STYLE = Automatic;
				CURRENT_PROJECT_VERSION = 1;
				GENERATE_INFOPLIST_FILE = YES;
				MARKETING_VERSION = 1.0;
				PRODUCT_BUNDLE_IDENTIFIER = com.NoljanoljaUITests;
				PRODUCT_NAME = "$(TARGET_NAME)";
				SWIFT_EMIT_LOC_STRINGS = NO;
				SWIFT_VERSION = 5.0;
				TARGETED_DEVICE_FAMILY = "1,2";
				TEST_TARGET_NAME = Noljanolja;
			};
			name = Debug;
		};
		CFFD70AA298ABA0100D4F5A2 /* Release */ = {
			isa = XCBuildConfiguration;
			baseConfigurationReference = 216373F9231F3C6A300BE8C9 /* Pods-Noljanolja-NoljanoljaUITests.release.xcconfig */;
			buildSettings = {
				ALWAYS_EMBED_SWIFT_STANDARD_LIBRARIES = YES;
				CODE_SIGN_STYLE = Automatic;
				CURRENT_PROJECT_VERSION = 1;
				GENERATE_INFOPLIST_FILE = YES;
				MARKETING_VERSION = 1.0;
				PRODUCT_BUNDLE_IDENTIFIER = com.NoljanoljaUITests;
				PRODUCT_NAME = "$(TARGET_NAME)";
				SWIFT_EMIT_LOC_STRINGS = NO;
				SWIFT_VERSION = 5.0;
				TARGETED_DEVICE_FAMILY = "1,2";
				TEST_TARGET_NAME = Noljanolja;
			};
			name = Release;
		};
/* End XCBuildConfiguration section */

/* Begin XCConfigurationList section */
		CFFD7079298AB9FF00D4F5A2 /* Build configuration list for PBXProject "Noljanolja" */ = {
			isa = XCConfigurationList;
			buildConfigurations = (
				CFFD70A0298ABA0100D4F5A2 /* Debug */,
				CFFD70A1298ABA0100D4F5A2 /* Release */,
			);
			defaultConfigurationIsVisible = 0;
			defaultConfigurationName = Release;
		};
		CFFD70A2298ABA0100D4F5A2 /* Build configuration list for PBXNativeTarget "Noljanolja" */ = {
			isa = XCConfigurationList;
			buildConfigurations = (
				CFFD70A3298ABA0100D4F5A2 /* Debug */,
				CFFD70A4298ABA0100D4F5A2 /* Release */,
			);
			defaultConfigurationIsVisible = 0;
			defaultConfigurationName = Release;
		};
		CFFD70A5298ABA0100D4F5A2 /* Build configuration list for PBXNativeTarget "NoljanoljaTests" */ = {
			isa = XCConfigurationList;
			buildConfigurations = (
				CFFD70A6298ABA0100D4F5A2 /* Debug */,
				CFFD70A7298ABA0100D4F5A2 /* Release */,
			);
			defaultConfigurationIsVisible = 0;
			defaultConfigurationName = Release;
		};
		CFFD70A8298ABA0100D4F5A2 /* Build configuration list for PBXNativeTarget "NoljanoljaUITests" */ = {
			isa = XCConfigurationList;
			buildConfigurations = (
				CFFD70A9298ABA0100D4F5A2 /* Debug */,
				CFFD70AA298ABA0100D4F5A2 /* Release */,
			);
			defaultConfigurationIsVisible = 0;
			defaultConfigurationName = Release;
		};
/* End XCConfigurationList section */

/* Begin XCRemoteSwiftPackageReference section */
		CF14F24B298CC11600BC2066 /* XCRemoteSwiftPackageReference "firebase-ios-sdk" */ = {
			isa = XCRemoteSwiftPackageReference;
			repositoryURL = "https://github.com/firebase/firebase-ios-sdk";
			requirement = {
				kind = exactVersion;
				version = 10.4.0;
			};
		};
		CF6ABC212993617F00D78213 /* XCRemoteSwiftPackageReference "SwiftUI-Introspect" */ = {
			isa = XCRemoteSwiftPackageReference;
			repositoryURL = "https://github.com/siteline/SwiftUI-Introspect";
			requirement = {
				kind = exactVersion;
				version = 0.1.4;
			};
		};
		CF88ABCB299F2E7400D8AB67 /* XCRemoteSwiftPackageReference "swiftui-navigation" */ = {
			isa = XCRemoteSwiftPackageReference;
			repositoryURL = "https://github.com/pointfreeco/swiftui-navigation";
			requirement = {
				kind = exactVersion;
				version = 0.6.1;
			};
		};
		CFE09255298DF78700F197F0 /* XCRemoteSwiftPackageReference "SwiftyBeaver" */ = {
			isa = XCRemoteSwiftPackageReference;
			repositoryURL = "https://github.com/SwiftyBeaver/SwiftyBeaver.git";
			requirement = {
				kind = exactVersion;
				version = 1.9.6;
			};
		};
		CFE09270298FEACD00F197F0 /* XCRemoteSwiftPackageReference "SwifterSwift" */ = {
			isa = XCRemoteSwiftPackageReference;
			repositoryURL = "https://github.com/SwifterSwift/SwifterSwift";
			requirement = {
				kind = exactVersion;
				version = 5.3.0;
			};
		};
		CFE48BBF299206830062C903 /* XCRemoteSwiftPackageReference "KeychainAccess" */ = {
			isa = XCRemoteSwiftPackageReference;
			repositoryURL = "https://github.com/kishikawakatsumi/KeychainAccess";
			requirement = {
				kind = exactVersion;
				version = 4.2.2;
			};
		};
		CFE9D2DB298D66F700D936DA /* XCRemoteSwiftPackageReference "GoogleSignIn-iOS" */ = {
			isa = XCRemoteSwiftPackageReference;
			repositoryURL = "https://github.com/google/GoogleSignIn-iOS";
			requirement = {
				kind = exactVersion;
				version = 7.0.0;
			};
		};
		CFE9D2DE298D6C1500D936DA /* XCRemoteSwiftPackageReference "kakao-ios-sdk" */ = {
			isa = XCRemoteSwiftPackageReference;
			repositoryURL = "https://github.com/kakao/kakao-ios-sdk.git";
			requirement = {
				kind = exactVersion;
				version = 2.13.1;
			};
		};
		CFFD70CE298AC7A900D4F5A2 /* XCRemoteSwiftPackageReference "Moya" */ = {
			isa = XCRemoteSwiftPackageReference;
			repositoryURL = "https://github.com/Moya/Moya";
			requirement = {
				kind = exactVersion;
				version = 15.0.3;
			};
		};
/* End XCRemoteSwiftPackageReference section */

/* Begin XCSwiftPackageProductDependency section */
		CF0E8844298D4E09000DAE4A /* FirebaseCrashlytics */ = {
			isa = XCSwiftPackageProductDependency;
			package = CF14F24B298CC11600BC2066 /* XCRemoteSwiftPackageReference "firebase-ios-sdk" */;
			productName = FirebaseCrashlytics;
		};
		CF14F24C298CC11700BC2066 /* FirebaseAnalytics */ = {
			isa = XCSwiftPackageProductDependency;
			package = CF14F24B298CC11600BC2066 /* XCRemoteSwiftPackageReference "firebase-ios-sdk" */;
			productName = FirebaseAnalytics;
		};
		CF14F24E298CC11700BC2066 /* FirebaseAuthCombine-Community */ = {
			isa = XCSwiftPackageProductDependency;
			package = CF14F24B298CC11600BC2066 /* XCRemoteSwiftPackageReference "firebase-ios-sdk" */;
			productName = "FirebaseAuthCombine-Community";
		};
		CF6ABC222993618000D78213 /* Introspect */ = {
			isa = XCSwiftPackageProductDependency;
			package = CF6ABC212993617F00D78213 /* XCRemoteSwiftPackageReference "SwiftUI-Introspect" */;
			productName = Introspect;
		};
		CF88ABCC299F2E7400D8AB67 /* SwiftUINavigation */ = {
			isa = XCSwiftPackageProductDependency;
			package = CF88ABCB299F2E7400D8AB67 /* XCRemoteSwiftPackageReference "swiftui-navigation" */;
			productName = SwiftUINavigation;
		};
		CFE09256298DF78700F197F0 /* SwiftyBeaver */ = {
			isa = XCSwiftPackageProductDependency;
			package = CFE09255298DF78700F197F0 /* XCRemoteSwiftPackageReference "SwiftyBeaver" */;
			productName = SwiftyBeaver;
		};
		CFE0926C298FE75500F197F0 /* FirebaseFunctionsCombine-Community */ = {
			isa = XCSwiftPackageProductDependency;
			package = CF14F24B298CC11600BC2066 /* XCRemoteSwiftPackageReference "firebase-ios-sdk" */;
			productName = "FirebaseFunctionsCombine-Community";
		};
		CFE09271298FEACD00F197F0 /* SwifterSwift */ = {
			isa = XCSwiftPackageProductDependency;
			package = CFE09270298FEACD00F197F0 /* XCRemoteSwiftPackageReference "SwifterSwift" */;
			productName = SwifterSwift;
		};
		CFE48BC0299206830062C903 /* KeychainAccess */ = {
			isa = XCSwiftPackageProductDependency;
			package = CFE48BBF299206830062C903 /* XCRemoteSwiftPackageReference "KeychainAccess" */;
			productName = KeychainAccess;
		};
		CFE9D2DC298D66F700D936DA /* GoogleSignIn */ = {
			isa = XCSwiftPackageProductDependency;
			package = CFE9D2DB298D66F700D936DA /* XCRemoteSwiftPackageReference "GoogleSignIn-iOS" */;
			productName = GoogleSignIn;
		};
		CFE9D2DF298D6C1500D936DA /* KakaoSDKAuth */ = {
			isa = XCSwiftPackageProductDependency;
			package = CFE9D2DE298D6C1500D936DA /* XCRemoteSwiftPackageReference "kakao-ios-sdk" */;
			productName = KakaoSDKAuth;
		};
		CFE9D2E1298D6C1500D936DA /* KakaoSDKUser */ = {
			isa = XCSwiftPackageProductDependency;
			package = CFE9D2DE298D6C1500D936DA /* XCRemoteSwiftPackageReference "kakao-ios-sdk" */;
			productName = KakaoSDKUser;
		};
		CFFD70CF298AC7A900D4F5A2 /* CombineMoya */ = {
			isa = XCSwiftPackageProductDependency;
			package = CFFD70CE298AC7A900D4F5A2 /* XCRemoteSwiftPackageReference "Moya" */;
			productName = CombineMoya;
		};
/* End XCSwiftPackageProductDependency section */
	};
	rootObject = CFFD7076298AB9FF00D4F5A2 /* Project object */;
}
